
Microsoft Visual Studio Solution File, Format Version 12.00
# Visual Studio 15
VisualStudioVersion = 15.0.27130.2020
MinimumVisualStudioVersion = 10.0.40219.1
Project("{F184B08F-C81C-45F6-A57F-5ABD9991F28F}") = "Risk-Assessment", "Risk-Assessment\Risk-Assessment.vbproj", "{FF943679-611F-453C-8195-3D7382DC2A60}"
EndProject
Project("{F184B08F-C81C-45F6-A57F-5ABD9991F28F}") = "47-dotnet_Microsoft.VisualBasic", "..\..\GCModeller\src\runtime\sciBASIC#\Microsoft.VisualBasic.Core\47-dotnet_Microsoft.VisualBasic.vbproj", "{FECCE1FD-E1D4-49E3-A668-60BB5E7AED99}"
EndProject
Project("{2150E333-8FDC-42A3-9474-1A3956D46DE8}") = "runtime", "runtime", "{52E6E729-A69C-4BA1-B8AC-2E14C0BD321E}"
EndProject
Project("{F184B08F-C81C-45F6-A57F-5ABD9991F28F}") = "test", "test\test.vbproj", "{EC06056B-0EC6-482E-8B8C-7CEC873E17C6}"
EndProject
Project("{F184B08F-C81C-45F6-A57F-5ABD9991F28F}") = "47_dotnet_ms-vb_data.framework", "..\..\GCModeller\src\runtime\sciBASIC#\Data\DataFrame\47_dotnet_ms-vb_data.framework.vbproj", "{7283C179-F852-4EAD-8D8F-B82EF2CBD7DB}"
EndProject
Project("{F184B08F-C81C-45F6-A57F-5ABD9991F28F}") = "math-core", "..\..\GCModeller\src\runtime\sciBASIC#\Data_science\Mathematica\Math\Math\math-core.vbproj", "{E3367B88-5D0C-495A-8273-331656D4B5AA}"
EndProject
Project("{F184B08F-C81C-45F6-A57F-5ABD9991F28F}") = "Plots", "..\..\GCModeller\src\runtime\sciBASIC#\Data_science\Mathematica\Plot\Plots\Plots.vbproj", "{17F8E821-0A01-4975-9CAA-AC95251226D5}"
EndProject
Project("{F184B08F-C81C-45F6-A57F-5ABD9991F28F}") = "MIME-htmls", "..\..\GCModeller\src\runtime\sciBASIC#\mime\text%html\MIME-htmls.vbproj", "{2DD4BE80-DDC3-4767-94A7-10F1C3395716}"
EndProject
Project("{F184B08F-C81C-45F6-A57F-5ABD9991F28F}") = "Microsoft.VisualBasic.Imaging", "..\..\GCModeller\src\runtime\sciBASIC#\gr\Microsoft.VisualBasic.Imaging\Microsoft.VisualBasic.Imaging.vbproj", "{85E71B4B-9276-4EC8-AADC-C849205F1EA8}"
EndProject
Project("{2150E333-8FDC-42A3-9474-1A3956D46DE8}") = "vb", "vb", "{8BFEEE2F-6AE5-49E3-81B6-9AD60EEB9933}"
EndProject
Project("{2150E333-8FDC-42A3-9474-1A3956D46DE8}") = "R", "R", "{25D35D18-979E-4FFB-853B-BFFBE15D9819}"
EndProject
Project("{F184B08F-C81C-45F6-A57F-5ABD9991F28F}") = "RDotNET", "..\..\GCModeller\src\R.Bioconductor\RDotNET\RDotNET.vbproj", "{21C35138-455B-4833-9756-B2629F972A22}"
EndProject
Project("{F184B08F-C81C-45F6-A57F-5ABD9991F28F}") = "RDotNET.Extensions.VisualBasic", "..\..\GCModeller\src\R.Bioconductor\RDotNET.Extensions.VisualBasic\RDotNET.Extensions.VisualBasic.vbproj", "{AB6E71B0-1BE2-4418-AB4B-91D5554CF5A1}"
EndProject
Project("{F184B08F-C81C-45F6-A57F-5ABD9991F28F}") = "RDotNET.Extensions.Bioinformatics", "..\..\GCModeller\src\R.Bioconductor\RDotNet.Extensions.Bioinformatics\RDotNET.Extensions.Bioinformatics.vbproj", "{485965CD-DA31-4517-86F6-94DFD28379C1}"
EndProject
Project("{F184B08F-C81C-45F6-A57F-5ABD9991F28F}") = "DataFittings", "..\..\GCModeller\src\runtime\sciBASIC#\Data_science\Mathematica\Math\DataFittings\DataFittings.vbproj", "{FC125B0D-1942-496F-B502-9C0EB80E35B6}"
EndProject
Global
	GlobalSection(SolutionConfigurationPlatforms) = preSolution
		Biodeep_UNIX_x64|Any CPU = Biodeep_UNIX_x64|Any CPU
		Biodeep_UNIX_x64|x64 = Biodeep_UNIX_x64|x64
		Biodeep_UNIX_x64|x86 = Biodeep_UNIX_x64|x86
		Biodeep|Any CPU = Biodeep|Any CPU
		Biodeep|x64 = Biodeep|x64
		Biodeep|x86 = Biodeep|x86
		Debug|Any CPU = Debug|Any CPU
		Debug|x64 = Debug|x64
		Debug|x86 = Debug|x86
		DEMO|Any CPU = DEMO|Any CPU
		DEMO|x64 = DEMO|x64
		DEMO|x86 = DEMO|x86
		docs|Any CPU = docs|Any CPU
		docs|x64 = docs|x64
		docs|x86 = docs|x86
		GCModeller(Release_X64)|Any CPU = GCModeller(Release_X64)|Any CPU
		GCModeller(Release_X64)|x64 = GCModeller(Release_X64)|x64
		GCModeller(Release_X64)|x86 = GCModeller(Release_X64)|x86
		GCModeller(UNIX-Release_X64)|Any CPU = GCModeller(UNIX-Release_X64)|Any CPU
		GCModeller(UNIX-Release_X64)|x64 = GCModeller(UNIX-Release_X64)|x64
		GCModeller(UNIX-Release_X64)|x86 = GCModeller(UNIX-Release_X64)|x86
		installer_x64|Any CPU = installer_x64|Any CPU
		installer_x64|x64 = installer_x64|x64
		installer_x64|x86 = installer_x64|x86
		mysqli_X64_release|Any CPU = mysqli_X64_release|Any CPU
		mysqli_X64_release|x64 = mysqli_X64_release|x64
		mysqli_X64_release|x86 = mysqli_X64_release|x86
		Publish|Any CPU = Publish|Any CPU
		Publish|x64 = Publish|x64
		Publish|x86 = Publish|x86
		Release|Any CPU = Release|Any CPU
		Release|x64 = Release|x64
		Release|x86 = Release|x86
		sciBASIC.NET-test-release|Any CPU = sciBASIC.NET-test-release|Any CPU
		sciBASIC.NET-test-release|x64 = sciBASIC.NET-test-release|x64
		sciBASIC.NET-test-release|x86 = sciBASIC.NET-test-release|x86
		Surveillance-of-infectious-diseases|Any CPU = Surveillance-of-infectious-diseases|Any CPU
		Surveillance-of-infectious-diseases|x64 = Surveillance-of-infectious-diseases|x64
		Surveillance-of-infectious-diseases|x86 = Surveillance-of-infectious-diseases|x86
		Yilia-Release_x64|Any CPU = Yilia-Release_x64|Any CPU
		Yilia-Release_x64|x64 = Yilia-Release_x64|x64
		Yilia-Release_x64|x86 = Yilia-Release_x64|x86
	EndGlobalSection
	GlobalSection(ProjectConfigurationPlatforms) = postSolution
		{FF943679-611F-453C-8195-3D7382DC2A60}.Biodeep_UNIX_x64|Any CPU.ActiveCfg = Biodeep|Any CPU
		{FF943679-611F-453C-8195-3D7382DC2A60}.Biodeep_UNIX_x64|Any CPU.Build.0 = Biodeep|Any CPU
		{FF943679-611F-453C-8195-3D7382DC2A60}.Biodeep_UNIX_x64|x64.ActiveCfg = Biodeep|x64
		{FF943679-611F-453C-8195-3D7382DC2A60}.Biodeep_UNIX_x64|x64.Build.0 = Biodeep|x64
		{FF943679-611F-453C-8195-3D7382DC2A60}.Biodeep_UNIX_x64|x86.ActiveCfg = Biodeep|Any CPU
		{FF943679-611F-453C-8195-3D7382DC2A60}.Biodeep_UNIX_x64|x86.Build.0 = Biodeep|Any CPU
		{FF943679-611F-453C-8195-3D7382DC2A60}.Biodeep|Any CPU.ActiveCfg = Biodeep|Any CPU
		{FF943679-611F-453C-8195-3D7382DC2A60}.Biodeep|Any CPU.Build.0 = Biodeep|Any CPU
		{FF943679-611F-453C-8195-3D7382DC2A60}.Biodeep|x64.ActiveCfg = Biodeep|x64
		{FF943679-611F-453C-8195-3D7382DC2A60}.Biodeep|x64.Build.0 = Biodeep|x64
		{FF943679-611F-453C-8195-3D7382DC2A60}.Biodeep|x86.ActiveCfg = Biodeep|Any CPU
		{FF943679-611F-453C-8195-3D7382DC2A60}.Biodeep|x86.Build.0 = Biodeep|Any CPU
		{FF943679-611F-453C-8195-3D7382DC2A60}.Debug|Any CPU.ActiveCfg = Debug|Any CPU
		{FF943679-611F-453C-8195-3D7382DC2A60}.Debug|Any CPU.Build.0 = Debug|Any CPU
		{FF943679-611F-453C-8195-3D7382DC2A60}.Debug|x64.ActiveCfg = Debug|x64
		{FF943679-611F-453C-8195-3D7382DC2A60}.Debug|x64.Build.0 = Debug|x64
		{FF943679-611F-453C-8195-3D7382DC2A60}.Debug|x86.ActiveCfg = Debug|Any CPU
		{FF943679-611F-453C-8195-3D7382DC2A60}.Debug|x86.Build.0 = Debug|Any CPU
		{FF943679-611F-453C-8195-3D7382DC2A60}.DEMO|Any CPU.ActiveCfg = Debug|Any CPU
		{FF943679-611F-453C-8195-3D7382DC2A60}.DEMO|Any CPU.Build.0 = Debug|Any CPU
		{FF943679-611F-453C-8195-3D7382DC2A60}.DEMO|x64.ActiveCfg = Debug|x64
		{FF943679-611F-453C-8195-3D7382DC2A60}.DEMO|x64.Build.0 = Debug|x64
		{FF943679-611F-453C-8195-3D7382DC2A60}.DEMO|x86.ActiveCfg = Debug|Any CPU
		{FF943679-611F-453C-8195-3D7382DC2A60}.DEMO|x86.Build.0 = Debug|Any CPU
		{FF943679-611F-453C-8195-3D7382DC2A60}.docs|Any CPU.ActiveCfg = Debug|Any CPU
		{FF943679-611F-453C-8195-3D7382DC2A60}.docs|Any CPU.Build.0 = Debug|Any CPU
		{FF943679-611F-453C-8195-3D7382DC2A60}.docs|x64.ActiveCfg = Debug|x64
		{FF943679-611F-453C-8195-3D7382DC2A60}.docs|x64.Build.0 = Debug|x64
		{FF943679-611F-453C-8195-3D7382DC2A60}.docs|x86.ActiveCfg = Debug|Any CPU
		{FF943679-611F-453C-8195-3D7382DC2A60}.docs|x86.Build.0 = Debug|Any CPU
		{FF943679-611F-453C-8195-3D7382DC2A60}.GCModeller(Release_X64)|Any CPU.ActiveCfg = Release|Any CPU
		{FF943679-611F-453C-8195-3D7382DC2A60}.GCModeller(Release_X64)|Any CPU.Build.0 = Release|Any CPU
		{FF943679-611F-453C-8195-3D7382DC2A60}.GCModeller(Release_X64)|x64.ActiveCfg = Release|x64
		{FF943679-611F-453C-8195-3D7382DC2A60}.GCModeller(Release_X64)|x64.Build.0 = Release|x64
		{FF943679-611F-453C-8195-3D7382DC2A60}.GCModeller(Release_X64)|x86.ActiveCfg = Release|Any CPU
		{FF943679-611F-453C-8195-3D7382DC2A60}.GCModeller(Release_X64)|x86.Build.0 = Release|Any CPU
		{FF943679-611F-453C-8195-3D7382DC2A60}.GCModeller(UNIX-Release_X64)|Any CPU.ActiveCfg = Release|Any CPU
		{FF943679-611F-453C-8195-3D7382DC2A60}.GCModeller(UNIX-Release_X64)|Any CPU.Build.0 = Release|Any CPU
		{FF943679-611F-453C-8195-3D7382DC2A60}.GCModeller(UNIX-Release_X64)|x64.ActiveCfg = Release|x64
		{FF943679-611F-453C-8195-3D7382DC2A60}.GCModeller(UNIX-Release_X64)|x64.Build.0 = Release|x64
		{FF943679-611F-453C-8195-3D7382DC2A60}.GCModeller(UNIX-Release_X64)|x86.ActiveCfg = Release|Any CPU
		{FF943679-611F-453C-8195-3D7382DC2A60}.GCModeller(UNIX-Release_X64)|x86.Build.0 = Release|Any CPU
		{FF943679-611F-453C-8195-3D7382DC2A60}.installer_x64|Any CPU.ActiveCfg = Biodeep|Any CPU
		{FF943679-611F-453C-8195-3D7382DC2A60}.installer_x64|Any CPU.Build.0 = Biodeep|Any CPU
		{FF943679-611F-453C-8195-3D7382DC2A60}.installer_x64|x64.ActiveCfg = Biodeep|x64
		{FF943679-611F-453C-8195-3D7382DC2A60}.installer_x64|x64.Build.0 = Biodeep|x64
		{FF943679-611F-453C-8195-3D7382DC2A60}.installer_x64|x86.ActiveCfg = Biodeep|Any CPU
		{FF943679-611F-453C-8195-3D7382DC2A60}.installer_x64|x86.Build.0 = Biodeep|Any CPU
		{FF943679-611F-453C-8195-3D7382DC2A60}.mysqli_X64_release|Any CPU.ActiveCfg = Biodeep|Any CPU
		{FF943679-611F-453C-8195-3D7382DC2A60}.mysqli_X64_release|Any CPU.Build.0 = Biodeep|Any CPU
		{FF943679-611F-453C-8195-3D7382DC2A60}.mysqli_X64_release|x64.ActiveCfg = Biodeep|x64
		{FF943679-611F-453C-8195-3D7382DC2A60}.mysqli_X64_release|x64.Build.0 = Biodeep|x64
		{FF943679-611F-453C-8195-3D7382DC2A60}.mysqli_X64_release|x86.ActiveCfg = Biodeep|Any CPU
		{FF943679-611F-453C-8195-3D7382DC2A60}.mysqli_X64_release|x86.Build.0 = Biodeep|Any CPU
		{FF943679-611F-453C-8195-3D7382DC2A60}.Publish|Any CPU.ActiveCfg = Biodeep|Any CPU
		{FF943679-611F-453C-8195-3D7382DC2A60}.Publish|Any CPU.Build.0 = Biodeep|Any CPU
		{FF943679-611F-453C-8195-3D7382DC2A60}.Publish|x64.ActiveCfg = Biodeep|x64
		{FF943679-611F-453C-8195-3D7382DC2A60}.Publish|x64.Build.0 = Biodeep|x64
		{FF943679-611F-453C-8195-3D7382DC2A60}.Publish|x86.ActiveCfg = Biodeep|Any CPU
		{FF943679-611F-453C-8195-3D7382DC2A60}.Publish|x86.Build.0 = Biodeep|Any CPU
		{FF943679-611F-453C-8195-3D7382DC2A60}.Release|Any CPU.ActiveCfg = Release|Any CPU
		{FF943679-611F-453C-8195-3D7382DC2A60}.Release|Any CPU.Build.0 = Release|Any CPU
		{FF943679-611F-453C-8195-3D7382DC2A60}.Release|x64.ActiveCfg = Release|x64
		{FF943679-611F-453C-8195-3D7382DC2A60}.Release|x64.Build.0 = Release|x64
		{FF943679-611F-453C-8195-3D7382DC2A60}.Release|x86.ActiveCfg = Release|Any CPU
		{FF943679-611F-453C-8195-3D7382DC2A60}.Release|x86.Build.0 = Release|Any CPU
		{FF943679-611F-453C-8195-3D7382DC2A60}.sciBASIC.NET-test-release|Any CPU.ActiveCfg = Biodeep|Any CPU
		{FF943679-611F-453C-8195-3D7382DC2A60}.sciBASIC.NET-test-release|Any CPU.Build.0 = Biodeep|Any CPU
		{FF943679-611F-453C-8195-3D7382DC2A60}.sciBASIC.NET-test-release|x64.ActiveCfg = Biodeep|x64
		{FF943679-611F-453C-8195-3D7382DC2A60}.sciBASIC.NET-test-release|x64.Build.0 = Biodeep|x64
		{FF943679-611F-453C-8195-3D7382DC2A60}.sciBASIC.NET-test-release|x86.ActiveCfg = Biodeep|Any CPU
		{FF943679-611F-453C-8195-3D7382DC2A60}.sciBASIC.NET-test-release|x86.Build.0 = Biodeep|Any CPU
		{FF943679-611F-453C-8195-3D7382DC2A60}.Surveillance-of-infectious-diseases|Any CPU.ActiveCfg = Biodeep|Any CPU
		{FF943679-611F-453C-8195-3D7382DC2A60}.Surveillance-of-infectious-diseases|Any CPU.Build.0 = Biodeep|Any CPU
		{FF943679-611F-453C-8195-3D7382DC2A60}.Surveillance-of-infectious-diseases|x64.ActiveCfg = Biodeep|x64
		{FF943679-611F-453C-8195-3D7382DC2A60}.Surveillance-of-infectious-diseases|x64.Build.0 = Biodeep|x64
		{FF943679-611F-453C-8195-3D7382DC2A60}.Surveillance-of-infectious-diseases|x86.ActiveCfg = Biodeep|Any CPU
		{FF943679-611F-453C-8195-3D7382DC2A60}.Surveillance-of-infectious-diseases|x86.Build.0 = Biodeep|Any CPU
		{FF943679-611F-453C-8195-3D7382DC2A60}.Yilia-Release_x64|Any CPU.ActiveCfg = Release|Any CPU
		{FF943679-611F-453C-8195-3D7382DC2A60}.Yilia-Release_x64|Any CPU.Build.0 = Release|Any CPU
		{FF943679-611F-453C-8195-3D7382DC2A60}.Yilia-Release_x64|x64.ActiveCfg = Release|x64
		{FF943679-611F-453C-8195-3D7382DC2A60}.Yilia-Release_x64|x64.Build.0 = Release|x64
		{FF943679-611F-453C-8195-3D7382DC2A60}.Yilia-Release_x64|x86.ActiveCfg = Release|Any CPU
		{FF943679-611F-453C-8195-3D7382DC2A60}.Yilia-Release_x64|x86.Build.0 = Release|Any CPU
		{FECCE1FD-E1D4-49E3-A668-60BB5E7AED99}.Biodeep_UNIX_x64|Any CPU.ActiveCfg = Biodeep_UNIX_x64|Any CPU
		{FECCE1FD-E1D4-49E3-A668-60BB5E7AED99}.Biodeep_UNIX_x64|Any CPU.Build.0 = Biodeep_UNIX_x64|Any CPU
		{FECCE1FD-E1D4-49E3-A668-60BB5E7AED99}.Biodeep_UNIX_x64|x64.ActiveCfg = Biodeep_UNIX_x64|x64
		{FECCE1FD-E1D4-49E3-A668-60BB5E7AED99}.Biodeep_UNIX_x64|x64.Build.0 = Biodeep_UNIX_x64|x64
		{FECCE1FD-E1D4-49E3-A668-60BB5E7AED99}.Biodeep_UNIX_x64|x86.ActiveCfg = Biodeep_UNIX_x64|x86
		{FECCE1FD-E1D4-49E3-A668-60BB5E7AED99}.Biodeep_UNIX_x64|x86.Build.0 = Biodeep_UNIX_x64|x86
		{FECCE1FD-E1D4-49E3-A668-60BB5E7AED99}.Biodeep|Any CPU.ActiveCfg = Biodeep|Any CPU
		{FECCE1FD-E1D4-49E3-A668-60BB5E7AED99}.Biodeep|Any CPU.Build.0 = Biodeep|Any CPU
		{FECCE1FD-E1D4-49E3-A668-60BB5E7AED99}.Biodeep|x64.ActiveCfg = Biodeep|x64
		{FECCE1FD-E1D4-49E3-A668-60BB5E7AED99}.Biodeep|x64.Build.0 = Biodeep|x64
		{FECCE1FD-E1D4-49E3-A668-60BB5E7AED99}.Biodeep|x86.ActiveCfg = Biodeep|x86
		{FECCE1FD-E1D4-49E3-A668-60BB5E7AED99}.Biodeep|x86.Build.0 = Biodeep|x86
		{FECCE1FD-E1D4-49E3-A668-60BB5E7AED99}.Debug|Any CPU.ActiveCfg = Debug|Any CPU
		{FECCE1FD-E1D4-49E3-A668-60BB5E7AED99}.Debug|Any CPU.Build.0 = Debug|Any CPU
		{FECCE1FD-E1D4-49E3-A668-60BB5E7AED99}.Debug|x64.ActiveCfg = Debug|x64
		{FECCE1FD-E1D4-49E3-A668-60BB5E7AED99}.Debug|x64.Build.0 = Debug|x64
		{FECCE1FD-E1D4-49E3-A668-60BB5E7AED99}.Debug|x86.ActiveCfg = Debug|x86
		{FECCE1FD-E1D4-49E3-A668-60BB5E7AED99}.Debug|x86.Build.0 = Debug|x86
		{FECCE1FD-E1D4-49E3-A668-60BB5E7AED99}.DEMO|Any CPU.ActiveCfg = DEMO|Any CPU
		{FECCE1FD-E1D4-49E3-A668-60BB5E7AED99}.DEMO|Any CPU.Build.0 = DEMO|Any CPU
		{FECCE1FD-E1D4-49E3-A668-60BB5E7AED99}.DEMO|x64.ActiveCfg = DEMO|x64
		{FECCE1FD-E1D4-49E3-A668-60BB5E7AED99}.DEMO|x64.Build.0 = DEMO|x64
		{FECCE1FD-E1D4-49E3-A668-60BB5E7AED99}.DEMO|x86.ActiveCfg = DEMO|x86
		{FECCE1FD-E1D4-49E3-A668-60BB5E7AED99}.DEMO|x86.Build.0 = DEMO|x86
		{FECCE1FD-E1D4-49E3-A668-60BB5E7AED99}.docs|Any CPU.ActiveCfg = docs|Any CPU
		{FECCE1FD-E1D4-49E3-A668-60BB5E7AED99}.docs|Any CPU.Build.0 = docs|Any CPU
		{FECCE1FD-E1D4-49E3-A668-60BB5E7AED99}.docs|x64.ActiveCfg = docs|x64
		{FECCE1FD-E1D4-49E3-A668-60BB5E7AED99}.docs|x64.Build.0 = docs|x64
		{FECCE1FD-E1D4-49E3-A668-60BB5E7AED99}.docs|x86.ActiveCfg = docs|x86
		{FECCE1FD-E1D4-49E3-A668-60BB5E7AED99}.docs|x86.Build.0 = docs|x86
		{FECCE1FD-E1D4-49E3-A668-60BB5E7AED99}.GCModeller(Release_X64)|Any CPU.ActiveCfg = GCModeller(Release_X64)|Any CPU
		{FECCE1FD-E1D4-49E3-A668-60BB5E7AED99}.GCModeller(Release_X64)|Any CPU.Build.0 = GCModeller(Release_X64)|Any CPU
		{FECCE1FD-E1D4-49E3-A668-60BB5E7AED99}.GCModeller(Release_X64)|x64.ActiveCfg = GCModeller(Release_X64)|x64
		{FECCE1FD-E1D4-49E3-A668-60BB5E7AED99}.GCModeller(Release_X64)|x64.Build.0 = GCModeller(Release_X64)|x64
		{FECCE1FD-E1D4-49E3-A668-60BB5E7AED99}.GCModeller(Release_X64)|x86.ActiveCfg = GCModeller(Release_X64)|x86
		{FECCE1FD-E1D4-49E3-A668-60BB5E7AED99}.GCModeller(Release_X64)|x86.Build.0 = GCModeller(Release_X64)|x86
		{FECCE1FD-E1D4-49E3-A668-60BB5E7AED99}.GCModeller(UNIX-Release_X64)|Any CPU.ActiveCfg = GCModeller(UNIX-Release_X64)|Any CPU
		{FECCE1FD-E1D4-49E3-A668-60BB5E7AED99}.GCModeller(UNIX-Release_X64)|Any CPU.Build.0 = GCModeller(UNIX-Release_X64)|Any CPU
		{FECCE1FD-E1D4-49E3-A668-60BB5E7AED99}.GCModeller(UNIX-Release_X64)|x64.ActiveCfg = GCModeller(UNIX-Release_X64)|x64
		{FECCE1FD-E1D4-49E3-A668-60BB5E7AED99}.GCModeller(UNIX-Release_X64)|x64.Build.0 = GCModeller(UNIX-Release_X64)|x64
		{FECCE1FD-E1D4-49E3-A668-60BB5E7AED99}.GCModeller(UNIX-Release_X64)|x86.ActiveCfg = GCModeller(UNIX-Release_X64)|x86
		{FECCE1FD-E1D4-49E3-A668-60BB5E7AED99}.GCModeller(UNIX-Release_X64)|x86.Build.0 = GCModeller(UNIX-Release_X64)|x86
		{FECCE1FD-E1D4-49E3-A668-60BB5E7AED99}.installer_x64|Any CPU.ActiveCfg = installer_x64|Any CPU
		{FECCE1FD-E1D4-49E3-A668-60BB5E7AED99}.installer_x64|Any CPU.Build.0 = installer_x64|Any CPU
		{FECCE1FD-E1D4-49E3-A668-60BB5E7AED99}.installer_x64|x64.ActiveCfg = installer_x64|x64
		{FECCE1FD-E1D4-49E3-A668-60BB5E7AED99}.installer_x64|x64.Build.0 = installer_x64|x64
		{FECCE1FD-E1D4-49E3-A668-60BB5E7AED99}.installer_x64|x86.ActiveCfg = installer_x64|x86
		{FECCE1FD-E1D4-49E3-A668-60BB5E7AED99}.installer_x64|x86.Build.0 = installer_x64|x86
		{FECCE1FD-E1D4-49E3-A668-60BB5E7AED99}.mysqli_X64_release|Any CPU.ActiveCfg = mysqli_X64_release|Any CPU
		{FECCE1FD-E1D4-49E3-A668-60BB5E7AED99}.mysqli_X64_release|Any CPU.Build.0 = mysqli_X64_release|Any CPU
		{FECCE1FD-E1D4-49E3-A668-60BB5E7AED99}.mysqli_X64_release|x64.ActiveCfg = mysqli_X64_release|x64
		{FECCE1FD-E1D4-49E3-A668-60BB5E7AED99}.mysqli_X64_release|x64.Build.0 = mysqli_X64_release|x64
		{FECCE1FD-E1D4-49E3-A668-60BB5E7AED99}.mysqli_X64_release|x86.ActiveCfg = mysqli_X64_release|x86
		{FECCE1FD-E1D4-49E3-A668-60BB5E7AED99}.mysqli_X64_release|x86.Build.0 = mysqli_X64_release|x86
		{FECCE1FD-E1D4-49E3-A668-60BB5E7AED99}.Publish|Any CPU.ActiveCfg = Publish|Any CPU
		{FECCE1FD-E1D4-49E3-A668-60BB5E7AED99}.Publish|Any CPU.Build.0 = Publish|Any CPU
		{FECCE1FD-E1D4-49E3-A668-60BB5E7AED99}.Publish|x64.ActiveCfg = Publish|x64
		{FECCE1FD-E1D4-49E3-A668-60BB5E7AED99}.Publish|x64.Build.0 = Publish|x64
		{FECCE1FD-E1D4-49E3-A668-60BB5E7AED99}.Publish|x86.ActiveCfg = Publish|x86
		{FECCE1FD-E1D4-49E3-A668-60BB5E7AED99}.Publish|x86.Build.0 = Publish|x86
		{FECCE1FD-E1D4-49E3-A668-60BB5E7AED99}.Release|Any CPU.ActiveCfg = Release|Any CPU
		{FECCE1FD-E1D4-49E3-A668-60BB5E7AED99}.Release|Any CPU.Build.0 = Release|Any CPU
		{FECCE1FD-E1D4-49E3-A668-60BB5E7AED99}.Release|x64.ActiveCfg = Release|x64
		{FECCE1FD-E1D4-49E3-A668-60BB5E7AED99}.Release|x64.Build.0 = Release|x64
		{FECCE1FD-E1D4-49E3-A668-60BB5E7AED99}.Release|x86.ActiveCfg = Release|x86
		{FECCE1FD-E1D4-49E3-A668-60BB5E7AED99}.Release|x86.Build.0 = Release|x86
		{FECCE1FD-E1D4-49E3-A668-60BB5E7AED99}.sciBASIC.NET-test-release|Any CPU.ActiveCfg = sciBASIC.NET-test-release|Any CPU
		{FECCE1FD-E1D4-49E3-A668-60BB5E7AED99}.sciBASIC.NET-test-release|Any CPU.Build.0 = sciBASIC.NET-test-release|Any CPU
		{FECCE1FD-E1D4-49E3-A668-60BB5E7AED99}.sciBASIC.NET-test-release|x64.ActiveCfg = sciBASIC.NET-test-release|x64
		{FECCE1FD-E1D4-49E3-A668-60BB5E7AED99}.sciBASIC.NET-test-release|x64.Build.0 = sciBASIC.NET-test-release|x64
		{FECCE1FD-E1D4-49E3-A668-60BB5E7AED99}.sciBASIC.NET-test-release|x86.ActiveCfg = sciBASIC.NET-test-release|x86
		{FECCE1FD-E1D4-49E3-A668-60BB5E7AED99}.sciBASIC.NET-test-release|x86.Build.0 = sciBASIC.NET-test-release|x86
		{FECCE1FD-E1D4-49E3-A668-60BB5E7AED99}.Surveillance-of-infectious-diseases|Any CPU.ActiveCfg = Surveillance-of-infectious-diseases|Any CPU
		{FECCE1FD-E1D4-49E3-A668-60BB5E7AED99}.Surveillance-of-infectious-diseases|Any CPU.Build.0 = Surveillance-of-infectious-diseases|Any CPU
		{FECCE1FD-E1D4-49E3-A668-60BB5E7AED99}.Surveillance-of-infectious-diseases|x64.ActiveCfg = Surveillance-of-infectious-diseases|x64
		{FECCE1FD-E1D4-49E3-A668-60BB5E7AED99}.Surveillance-of-infectious-diseases|x64.Build.0 = Surveillance-of-infectious-diseases|x64
		{FECCE1FD-E1D4-49E3-A668-60BB5E7AED99}.Surveillance-of-infectious-diseases|x86.ActiveCfg = Surveillance-of-infectious-diseases|x86
		{FECCE1FD-E1D4-49E3-A668-60BB5E7AED99}.Surveillance-of-infectious-diseases|x86.Build.0 = Surveillance-of-infectious-diseases|x86
		{FECCE1FD-E1D4-49E3-A668-60BB5E7AED99}.Yilia-Release_x64|Any CPU.ActiveCfg = Yilia-Release_x64|Any CPU
		{FECCE1FD-E1D4-49E3-A668-60BB5E7AED99}.Yilia-Release_x64|Any CPU.Build.0 = Yilia-Release_x64|Any CPU
		{FECCE1FD-E1D4-49E3-A668-60BB5E7AED99}.Yilia-Release_x64|x64.ActiveCfg = Yilia-Release_x64|x64
		{FECCE1FD-E1D4-49E3-A668-60BB5E7AED99}.Yilia-Release_x64|x64.Build.0 = Yilia-Release_x64|x64
		{FECCE1FD-E1D4-49E3-A668-60BB5E7AED99}.Yilia-Release_x64|x86.ActiveCfg = Yilia-Release_x64|x86
		{FECCE1FD-E1D4-49E3-A668-60BB5E7AED99}.Yilia-Release_x64|x86.Build.0 = Yilia-Release_x64|x86
		{EC06056B-0EC6-482E-8B8C-7CEC873E17C6}.Biodeep_UNIX_x64|Any CPU.ActiveCfg = Release|Any CPU
		{EC06056B-0EC6-482E-8B8C-7CEC873E17C6}.Biodeep_UNIX_x64|Any CPU.Build.0 = Release|Any CPU
		{EC06056B-0EC6-482E-8B8C-7CEC873E17C6}.Biodeep_UNIX_x64|x64.ActiveCfg = Release|Any CPU
		{EC06056B-0EC6-482E-8B8C-7CEC873E17C6}.Biodeep_UNIX_x64|x64.Build.0 = Release|Any CPU
		{EC06056B-0EC6-482E-8B8C-7CEC873E17C6}.Biodeep_UNIX_x64|x86.ActiveCfg = Release|Any CPU
		{EC06056B-0EC6-482E-8B8C-7CEC873E17C6}.Biodeep_UNIX_x64|x86.Build.0 = Release|Any CPU
		{EC06056B-0EC6-482E-8B8C-7CEC873E17C6}.Biodeep|Any CPU.ActiveCfg = Release|Any CPU
		{EC06056B-0EC6-482E-8B8C-7CEC873E17C6}.Biodeep|Any CPU.Build.0 = Release|Any CPU
		{EC06056B-0EC6-482E-8B8C-7CEC873E17C6}.Biodeep|x64.ActiveCfg = Release|Any CPU
		{EC06056B-0EC6-482E-8B8C-7CEC873E17C6}.Biodeep|x64.Build.0 = Release|Any CPU
		{EC06056B-0EC6-482E-8B8C-7CEC873E17C6}.Biodeep|x86.ActiveCfg = Release|Any CPU
		{EC06056B-0EC6-482E-8B8C-7CEC873E17C6}.Biodeep|x86.Build.0 = Release|Any CPU
		{EC06056B-0EC6-482E-8B8C-7CEC873E17C6}.Debug|Any CPU.ActiveCfg = Debug|Any CPU
		{EC06056B-0EC6-482E-8B8C-7CEC873E17C6}.Debug|Any CPU.Build.0 = Debug|Any CPU
		{EC06056B-0EC6-482E-8B8C-7CEC873E17C6}.Debug|x64.ActiveCfg = Debug|Any CPU
		{EC06056B-0EC6-482E-8B8C-7CEC873E17C6}.Debug|x64.Build.0 = Debug|Any CPU
		{EC06056B-0EC6-482E-8B8C-7CEC873E17C6}.Debug|x86.ActiveCfg = Debug|Any CPU
		{EC06056B-0EC6-482E-8B8C-7CEC873E17C6}.Debug|x86.Build.0 = Debug|Any CPU
		{EC06056B-0EC6-482E-8B8C-7CEC873E17C6}.DEMO|Any CPU.ActiveCfg = Debug|Any CPU
		{EC06056B-0EC6-482E-8B8C-7CEC873E17C6}.DEMO|Any CPU.Build.0 = Debug|Any CPU
		{EC06056B-0EC6-482E-8B8C-7CEC873E17C6}.DEMO|x64.ActiveCfg = Debug|Any CPU
		{EC06056B-0EC6-482E-8B8C-7CEC873E17C6}.DEMO|x64.Build.0 = Debug|Any CPU
		{EC06056B-0EC6-482E-8B8C-7CEC873E17C6}.DEMO|x86.ActiveCfg = Debug|Any CPU
		{EC06056B-0EC6-482E-8B8C-7CEC873E17C6}.DEMO|x86.Build.0 = Debug|Any CPU
		{EC06056B-0EC6-482E-8B8C-7CEC873E17C6}.docs|Any CPU.ActiveCfg = Debug|Any CPU
		{EC06056B-0EC6-482E-8B8C-7CEC873E17C6}.docs|Any CPU.Build.0 = Debug|Any CPU
		{EC06056B-0EC6-482E-8B8C-7CEC873E17C6}.docs|x64.ActiveCfg = Debug|Any CPU
		{EC06056B-0EC6-482E-8B8C-7CEC873E17C6}.docs|x64.Build.0 = Debug|Any CPU
		{EC06056B-0EC6-482E-8B8C-7CEC873E17C6}.docs|x86.ActiveCfg = Debug|Any CPU
		{EC06056B-0EC6-482E-8B8C-7CEC873E17C6}.docs|x86.Build.0 = Debug|Any CPU
		{EC06056B-0EC6-482E-8B8C-7CEC873E17C6}.GCModeller(Release_X64)|Any CPU.ActiveCfg = Release|Any CPU
		{EC06056B-0EC6-482E-8B8C-7CEC873E17C6}.GCModeller(Release_X64)|Any CPU.Build.0 = Release|Any CPU
		{EC06056B-0EC6-482E-8B8C-7CEC873E17C6}.GCModeller(Release_X64)|x64.ActiveCfg = Release|Any CPU
		{EC06056B-0EC6-482E-8B8C-7CEC873E17C6}.GCModeller(Release_X64)|x64.Build.0 = Release|Any CPU
		{EC06056B-0EC6-482E-8B8C-7CEC873E17C6}.GCModeller(Release_X64)|x86.ActiveCfg = Release|Any CPU
		{EC06056B-0EC6-482E-8B8C-7CEC873E17C6}.GCModeller(Release_X64)|x86.Build.0 = Release|Any CPU
		{EC06056B-0EC6-482E-8B8C-7CEC873E17C6}.GCModeller(UNIX-Release_X64)|Any CPU.ActiveCfg = Release|Any CPU
		{EC06056B-0EC6-482E-8B8C-7CEC873E17C6}.GCModeller(UNIX-Release_X64)|Any CPU.Build.0 = Release|Any CPU
		{EC06056B-0EC6-482E-8B8C-7CEC873E17C6}.GCModeller(UNIX-Release_X64)|x64.ActiveCfg = Release|Any CPU
		{EC06056B-0EC6-482E-8B8C-7CEC873E17C6}.GCModeller(UNIX-Release_X64)|x64.Build.0 = Release|Any CPU
		{EC06056B-0EC6-482E-8B8C-7CEC873E17C6}.GCModeller(UNIX-Release_X64)|x86.ActiveCfg = Release|Any CPU
		{EC06056B-0EC6-482E-8B8C-7CEC873E17C6}.GCModeller(UNIX-Release_X64)|x86.Build.0 = Release|Any CPU
		{EC06056B-0EC6-482E-8B8C-7CEC873E17C6}.installer_x64|Any CPU.ActiveCfg = Release|Any CPU
		{EC06056B-0EC6-482E-8B8C-7CEC873E17C6}.installer_x64|Any CPU.Build.0 = Release|Any CPU
		{EC06056B-0EC6-482E-8B8C-7CEC873E17C6}.installer_x64|x64.ActiveCfg = Release|Any CPU
		{EC06056B-0EC6-482E-8B8C-7CEC873E17C6}.installer_x64|x64.Build.0 = Release|Any CPU
		{EC06056B-0EC6-482E-8B8C-7CEC873E17C6}.installer_x64|x86.ActiveCfg = Release|Any CPU
		{EC06056B-0EC6-482E-8B8C-7CEC873E17C6}.installer_x64|x86.Build.0 = Release|Any CPU
		{EC06056B-0EC6-482E-8B8C-7CEC873E17C6}.mysqli_X64_release|Any CPU.ActiveCfg = Release|Any CPU
		{EC06056B-0EC6-482E-8B8C-7CEC873E17C6}.mysqli_X64_release|Any CPU.Build.0 = Release|Any CPU
		{EC06056B-0EC6-482E-8B8C-7CEC873E17C6}.mysqli_X64_release|x64.ActiveCfg = Release|Any CPU
		{EC06056B-0EC6-482E-8B8C-7CEC873E17C6}.mysqli_X64_release|x64.Build.0 = Release|Any CPU
		{EC06056B-0EC6-482E-8B8C-7CEC873E17C6}.mysqli_X64_release|x86.ActiveCfg = Release|Any CPU
		{EC06056B-0EC6-482E-8B8C-7CEC873E17C6}.mysqli_X64_release|x86.Build.0 = Release|Any CPU
		{EC06056B-0EC6-482E-8B8C-7CEC873E17C6}.Publish|Any CPU.ActiveCfg = Release|Any CPU
		{EC06056B-0EC6-482E-8B8C-7CEC873E17C6}.Publish|Any CPU.Build.0 = Release|Any CPU
		{EC06056B-0EC6-482E-8B8C-7CEC873E17C6}.Publish|x64.ActiveCfg = Release|Any CPU
		{EC06056B-0EC6-482E-8B8C-7CEC873E17C6}.Publish|x64.Build.0 = Release|Any CPU
		{EC06056B-0EC6-482E-8B8C-7CEC873E17C6}.Publish|x86.ActiveCfg = Release|Any CPU
		{EC06056B-0EC6-482E-8B8C-7CEC873E17C6}.Publish|x86.Build.0 = Release|Any CPU
		{EC06056B-0EC6-482E-8B8C-7CEC873E17C6}.Release|Any CPU.ActiveCfg = Release|Any CPU
		{EC06056B-0EC6-482E-8B8C-7CEC873E17C6}.Release|Any CPU.Build.0 = Release|Any CPU
		{EC06056B-0EC6-482E-8B8C-7CEC873E17C6}.Release|x64.ActiveCfg = Release|Any CPU
		{EC06056B-0EC6-482E-8B8C-7CEC873E17C6}.Release|x64.Build.0 = Release|Any CPU
		{EC06056B-0EC6-482E-8B8C-7CEC873E17C6}.Release|x86.ActiveCfg = Release|Any CPU
		{EC06056B-0EC6-482E-8B8C-7CEC873E17C6}.Release|x86.Build.0 = Release|Any CPU
		{EC06056B-0EC6-482E-8B8C-7CEC873E17C6}.sciBASIC.NET-test-release|Any CPU.ActiveCfg = Release|Any CPU
		{EC06056B-0EC6-482E-8B8C-7CEC873E17C6}.sciBASIC.NET-test-release|Any CPU.Build.0 = Release|Any CPU
		{EC06056B-0EC6-482E-8B8C-7CEC873E17C6}.sciBASIC.NET-test-release|x64.ActiveCfg = Release|Any CPU
		{EC06056B-0EC6-482E-8B8C-7CEC873E17C6}.sciBASIC.NET-test-release|x64.Build.0 = Release|Any CPU
		{EC06056B-0EC6-482E-8B8C-7CEC873E17C6}.sciBASIC.NET-test-release|x86.ActiveCfg = Release|Any CPU
		{EC06056B-0EC6-482E-8B8C-7CEC873E17C6}.sciBASIC.NET-test-release|x86.Build.0 = Release|Any CPU
		{EC06056B-0EC6-482E-8B8C-7CEC873E17C6}.Surveillance-of-infectious-diseases|Any CPU.ActiveCfg = Release|Any CPU
		{EC06056B-0EC6-482E-8B8C-7CEC873E17C6}.Surveillance-of-infectious-diseases|Any CPU.Build.0 = Release|Any CPU
		{EC06056B-0EC6-482E-8B8C-7CEC873E17C6}.Surveillance-of-infectious-diseases|x64.ActiveCfg = Release|Any CPU
		{EC06056B-0EC6-482E-8B8C-7CEC873E17C6}.Surveillance-of-infectious-diseases|x64.Build.0 = Release|Any CPU
		{EC06056B-0EC6-482E-8B8C-7CEC873E17C6}.Surveillance-of-infectious-diseases|x86.ActiveCfg = Release|Any CPU
		{EC06056B-0EC6-482E-8B8C-7CEC873E17C6}.Surveillance-of-infectious-diseases|x86.Build.0 = Release|Any CPU
		{EC06056B-0EC6-482E-8B8C-7CEC873E17C6}.Yilia-Release_x64|Any CPU.ActiveCfg = Release|Any CPU
		{EC06056B-0EC6-482E-8B8C-7CEC873E17C6}.Yilia-Release_x64|Any CPU.Build.0 = Release|Any CPU
		{EC06056B-0EC6-482E-8B8C-7CEC873E17C6}.Yilia-Release_x64|x64.ActiveCfg = Release|Any CPU
		{EC06056B-0EC6-482E-8B8C-7CEC873E17C6}.Yilia-Release_x64|x64.Build.0 = Release|Any CPU
		{EC06056B-0EC6-482E-8B8C-7CEC873E17C6}.Yilia-Release_x64|x86.ActiveCfg = Release|Any CPU
		{EC06056B-0EC6-482E-8B8C-7CEC873E17C6}.Yilia-Release_x64|x86.Build.0 = Release|Any CPU
		{7283C179-F852-4EAD-8D8F-B82EF2CBD7DB}.Biodeep_UNIX_x64|Any CPU.ActiveCfg = Biodeep_UNIX_x64|Any CPU
		{7283C179-F852-4EAD-8D8F-B82EF2CBD7DB}.Biodeep_UNIX_x64|Any CPU.Build.0 = Biodeep_UNIX_x64|Any CPU
		{7283C179-F852-4EAD-8D8F-B82EF2CBD7DB}.Biodeep_UNIX_x64|x64.ActiveCfg = Biodeep_UNIX_x64|x64
		{7283C179-F852-4EAD-8D8F-B82EF2CBD7DB}.Biodeep_UNIX_x64|x64.Build.0 = Biodeep_UNIX_x64|x64
		{7283C179-F852-4EAD-8D8F-B82EF2CBD7DB}.Biodeep_UNIX_x64|x86.ActiveCfg = Biodeep_UNIX_x64|x86
		{7283C179-F852-4EAD-8D8F-B82EF2CBD7DB}.Biodeep_UNIX_x64|x86.Build.0 = Biodeep_UNIX_x64|x86
		{7283C179-F852-4EAD-8D8F-B82EF2CBD7DB}.Biodeep|Any CPU.ActiveCfg = Biodeep|Any CPU
		{7283C179-F852-4EAD-8D8F-B82EF2CBD7DB}.Biodeep|Any CPU.Build.0 = Biodeep|Any CPU
		{7283C179-F852-4EAD-8D8F-B82EF2CBD7DB}.Biodeep|x64.ActiveCfg = Biodeep|x64
		{7283C179-F852-4EAD-8D8F-B82EF2CBD7DB}.Biodeep|x64.Build.0 = Biodeep|x64
		{7283C179-F852-4EAD-8D8F-B82EF2CBD7DB}.Biodeep|x86.ActiveCfg = Biodeep|x86
		{7283C179-F852-4EAD-8D8F-B82EF2CBD7DB}.Biodeep|x86.Build.0 = Biodeep|x86
		{7283C179-F852-4EAD-8D8F-B82EF2CBD7DB}.Debug|Any CPU.ActiveCfg = Debug|Any CPU
		{7283C179-F852-4EAD-8D8F-B82EF2CBD7DB}.Debug|Any CPU.Build.0 = Debug|Any CPU
		{7283C179-F852-4EAD-8D8F-B82EF2CBD7DB}.Debug|x64.ActiveCfg = Debug|x64
		{7283C179-F852-4EAD-8D8F-B82EF2CBD7DB}.Debug|x64.Build.0 = Debug|x64
		{7283C179-F852-4EAD-8D8F-B82EF2CBD7DB}.Debug|x86.ActiveCfg = Debug|x86
		{7283C179-F852-4EAD-8D8F-B82EF2CBD7DB}.Debug|x86.Build.0 = Debug|x86
		{7283C179-F852-4EAD-8D8F-B82EF2CBD7DB}.DEMO|Any CPU.ActiveCfg = Debug|Any CPU
		{7283C179-F852-4EAD-8D8F-B82EF2CBD7DB}.DEMO|Any CPU.Build.0 = Debug|Any CPU
		{7283C179-F852-4EAD-8D8F-B82EF2CBD7DB}.DEMO|x64.ActiveCfg = Debug|x64
		{7283C179-F852-4EAD-8D8F-B82EF2CBD7DB}.DEMO|x64.Build.0 = Debug|x64
		{7283C179-F852-4EAD-8D8F-B82EF2CBD7DB}.DEMO|x86.ActiveCfg = Debug|x86
		{7283C179-F852-4EAD-8D8F-B82EF2CBD7DB}.DEMO|x86.Build.0 = Debug|x86
		{7283C179-F852-4EAD-8D8F-B82EF2CBD7DB}.docs|Any CPU.ActiveCfg = docs|Any CPU
		{7283C179-F852-4EAD-8D8F-B82EF2CBD7DB}.docs|Any CPU.Build.0 = docs|Any CPU
		{7283C179-F852-4EAD-8D8F-B82EF2CBD7DB}.docs|x64.ActiveCfg = docs|x64
		{7283C179-F852-4EAD-8D8F-B82EF2CBD7DB}.docs|x64.Build.0 = docs|x64
		{7283C179-F852-4EAD-8D8F-B82EF2CBD7DB}.docs|x86.ActiveCfg = docs|x86
		{7283C179-F852-4EAD-8D8F-B82EF2CBD7DB}.docs|x86.Build.0 = docs|x86
		{7283C179-F852-4EAD-8D8F-B82EF2CBD7DB}.GCModeller(Release_X64)|Any CPU.ActiveCfg = GCModeller(Release_X64)|Any CPU
		{7283C179-F852-4EAD-8D8F-B82EF2CBD7DB}.GCModeller(Release_X64)|Any CPU.Build.0 = GCModeller(Release_X64)|Any CPU
		{7283C179-F852-4EAD-8D8F-B82EF2CBD7DB}.GCModeller(Release_X64)|x64.ActiveCfg = GCModeller(Release_X64)|x64
		{7283C179-F852-4EAD-8D8F-B82EF2CBD7DB}.GCModeller(Release_X64)|x64.Build.0 = GCModeller(Release_X64)|x64
		{7283C179-F852-4EAD-8D8F-B82EF2CBD7DB}.GCModeller(Release_X64)|x86.ActiveCfg = GCModeller(Release_X64)|x86
		{7283C179-F852-4EAD-8D8F-B82EF2CBD7DB}.GCModeller(Release_X64)|x86.Build.0 = GCModeller(Release_X64)|x86
		{7283C179-F852-4EAD-8D8F-B82EF2CBD7DB}.GCModeller(UNIX-Release_X64)|Any CPU.ActiveCfg = GCModeller(UNIX-Release_X64)|Any CPU
		{7283C179-F852-4EAD-8D8F-B82EF2CBD7DB}.GCModeller(UNIX-Release_X64)|Any CPU.Build.0 = GCModeller(UNIX-Release_X64)|Any CPU
		{7283C179-F852-4EAD-8D8F-B82EF2CBD7DB}.GCModeller(UNIX-Release_X64)|x64.ActiveCfg = GCModeller(UNIX-Release_X64)|x64
		{7283C179-F852-4EAD-8D8F-B82EF2CBD7DB}.GCModeller(UNIX-Release_X64)|x64.Build.0 = GCModeller(UNIX-Release_X64)|x64
		{7283C179-F852-4EAD-8D8F-B82EF2CBD7DB}.GCModeller(UNIX-Release_X64)|x86.ActiveCfg = GCModeller(UNIX-Release_X64)|x86
		{7283C179-F852-4EAD-8D8F-B82EF2CBD7DB}.GCModeller(UNIX-Release_X64)|x86.Build.0 = GCModeller(UNIX-Release_X64)|x86
		{7283C179-F852-4EAD-8D8F-B82EF2CBD7DB}.installer_x64|Any CPU.ActiveCfg = installer_x64|Any CPU
		{7283C179-F852-4EAD-8D8F-B82EF2CBD7DB}.installer_x64|Any CPU.Build.0 = installer_x64|Any CPU
		{7283C179-F852-4EAD-8D8F-B82EF2CBD7DB}.installer_x64|x64.ActiveCfg = installer_x64|x64
		{7283C179-F852-4EAD-8D8F-B82EF2CBD7DB}.installer_x64|x64.Build.0 = installer_x64|x64
		{7283C179-F852-4EAD-8D8F-B82EF2CBD7DB}.installer_x64|x86.ActiveCfg = installer_x64|x86
		{7283C179-F852-4EAD-8D8F-B82EF2CBD7DB}.installer_x64|x86.Build.0 = installer_x64|x86
		{7283C179-F852-4EAD-8D8F-B82EF2CBD7DB}.mysqli_X64_release|Any CPU.ActiveCfg = Biodeep_UNIX_x64|Any CPU
		{7283C179-F852-4EAD-8D8F-B82EF2CBD7DB}.mysqli_X64_release|Any CPU.Build.0 = Biodeep_UNIX_x64|Any CPU
		{7283C179-F852-4EAD-8D8F-B82EF2CBD7DB}.mysqli_X64_release|x64.ActiveCfg = Biodeep_UNIX_x64|x64
		{7283C179-F852-4EAD-8D8F-B82EF2CBD7DB}.mysqli_X64_release|x64.Build.0 = Biodeep_UNIX_x64|x64
		{7283C179-F852-4EAD-8D8F-B82EF2CBD7DB}.mysqli_X64_release|x86.ActiveCfg = Biodeep_UNIX_x64|x86
		{7283C179-F852-4EAD-8D8F-B82EF2CBD7DB}.mysqli_X64_release|x86.Build.0 = Biodeep_UNIX_x64|x86
		{7283C179-F852-4EAD-8D8F-B82EF2CBD7DB}.Publish|Any CPU.ActiveCfg = Publish|Any CPU
		{7283C179-F852-4EAD-8D8F-B82EF2CBD7DB}.Publish|Any CPU.Build.0 = Publish|Any CPU
		{7283C179-F852-4EAD-8D8F-B82EF2CBD7DB}.Publish|x64.ActiveCfg = Publish|x64
		{7283C179-F852-4EAD-8D8F-B82EF2CBD7DB}.Publish|x64.Build.0 = Publish|x64
		{7283C179-F852-4EAD-8D8F-B82EF2CBD7DB}.Publish|x86.ActiveCfg = Publish|x86
		{7283C179-F852-4EAD-8D8F-B82EF2CBD7DB}.Publish|x86.Build.0 = Publish|x86
		{7283C179-F852-4EAD-8D8F-B82EF2CBD7DB}.Release|Any CPU.ActiveCfg = Release|Any CPU
		{7283C179-F852-4EAD-8D8F-B82EF2CBD7DB}.Release|Any CPU.Build.0 = Release|Any CPU
		{7283C179-F852-4EAD-8D8F-B82EF2CBD7DB}.Release|x64.ActiveCfg = Release|x64
		{7283C179-F852-4EAD-8D8F-B82EF2CBD7DB}.Release|x64.Build.0 = Release|x64
		{7283C179-F852-4EAD-8D8F-B82EF2CBD7DB}.Release|x86.ActiveCfg = Release|x86
		{7283C179-F852-4EAD-8D8F-B82EF2CBD7DB}.Release|x86.Build.0 = Release|x86
		{7283C179-F852-4EAD-8D8F-B82EF2CBD7DB}.sciBASIC.NET-test-release|Any CPU.ActiveCfg = Surveillance-of-infectious-diseases|Any CPU
		{7283C179-F852-4EAD-8D8F-B82EF2CBD7DB}.sciBASIC.NET-test-release|Any CPU.Build.0 = Surveillance-of-infectious-diseases|Any CPU
		{7283C179-F852-4EAD-8D8F-B82EF2CBD7DB}.sciBASIC.NET-test-release|x64.ActiveCfg = Surveillance-of-infectious-diseases|x64
		{7283C179-F852-4EAD-8D8F-B82EF2CBD7DB}.sciBASIC.NET-test-release|x64.Build.0 = Surveillance-of-infectious-diseases|x64
		{7283C179-F852-4EAD-8D8F-B82EF2CBD7DB}.sciBASIC.NET-test-release|x86.ActiveCfg = Surveillance-of-infectious-diseases|x86
		{7283C179-F852-4EAD-8D8F-B82EF2CBD7DB}.sciBASIC.NET-test-release|x86.Build.0 = Surveillance-of-infectious-diseases|x86
		{7283C179-F852-4EAD-8D8F-B82EF2CBD7DB}.Surveillance-of-infectious-diseases|Any CPU.ActiveCfg = Surveillance-of-infectious-diseases|Any CPU
		{7283C179-F852-4EAD-8D8F-B82EF2CBD7DB}.Surveillance-of-infectious-diseases|Any CPU.Build.0 = Surveillance-of-infectious-diseases|Any CPU
		{7283C179-F852-4EAD-8D8F-B82EF2CBD7DB}.Surveillance-of-infectious-diseases|x64.ActiveCfg = Surveillance-of-infectious-diseases|x64
		{7283C179-F852-4EAD-8D8F-B82EF2CBD7DB}.Surveillance-of-infectious-diseases|x64.Build.0 = Surveillance-of-infectious-diseases|x64
		{7283C179-F852-4EAD-8D8F-B82EF2CBD7DB}.Surveillance-of-infectious-diseases|x86.ActiveCfg = Surveillance-of-infectious-diseases|x86
		{7283C179-F852-4EAD-8D8F-B82EF2CBD7DB}.Surveillance-of-infectious-diseases|x86.Build.0 = Surveillance-of-infectious-diseases|x86
		{7283C179-F852-4EAD-8D8F-B82EF2CBD7DB}.Yilia-Release_x64|Any CPU.ActiveCfg = Release|Any CPU
		{7283C179-F852-4EAD-8D8F-B82EF2CBD7DB}.Yilia-Release_x64|Any CPU.Build.0 = Release|Any CPU
		{7283C179-F852-4EAD-8D8F-B82EF2CBD7DB}.Yilia-Release_x64|x64.ActiveCfg = Release|x64
		{7283C179-F852-4EAD-8D8F-B82EF2CBD7DB}.Yilia-Release_x64|x64.Build.0 = Release|x64
		{7283C179-F852-4EAD-8D8F-B82EF2CBD7DB}.Yilia-Release_x64|x86.ActiveCfg = Release|x86
		{7283C179-F852-4EAD-8D8F-B82EF2CBD7DB}.Yilia-Release_x64|x86.Build.0 = Release|x86
		{E3367B88-5D0C-495A-8273-331656D4B5AA}.Biodeep_UNIX_x64|Any CPU.ActiveCfg = Biodeep_UNIX_x64|Any CPU
		{E3367B88-5D0C-495A-8273-331656D4B5AA}.Biodeep_UNIX_x64|Any CPU.Build.0 = Biodeep_UNIX_x64|Any CPU
		{E3367B88-5D0C-495A-8273-331656D4B5AA}.Biodeep_UNIX_x64|x64.ActiveCfg = Biodeep_UNIX_x64|x64
		{E3367B88-5D0C-495A-8273-331656D4B5AA}.Biodeep_UNIX_x64|x64.Build.0 = Biodeep_UNIX_x64|x64
		{E3367B88-5D0C-495A-8273-331656D4B5AA}.Biodeep_UNIX_x64|x86.ActiveCfg = Biodeep_UNIX_x64|x86
		{E3367B88-5D0C-495A-8273-331656D4B5AA}.Biodeep_UNIX_x64|x86.Build.0 = Biodeep_UNIX_x64|x86
		{E3367B88-5D0C-495A-8273-331656D4B5AA}.Biodeep|Any CPU.ActiveCfg = Biodeep|Any CPU
		{E3367B88-5D0C-495A-8273-331656D4B5AA}.Biodeep|Any CPU.Build.0 = Biodeep|Any CPU
		{E3367B88-5D0C-495A-8273-331656D4B5AA}.Biodeep|x64.ActiveCfg = Biodeep|x64
		{E3367B88-5D0C-495A-8273-331656D4B5AA}.Biodeep|x64.Build.0 = Biodeep|x64
		{E3367B88-5D0C-495A-8273-331656D4B5AA}.Biodeep|x86.ActiveCfg = Biodeep|x86
		{E3367B88-5D0C-495A-8273-331656D4B5AA}.Biodeep|x86.Build.0 = Biodeep|x86
		{E3367B88-5D0C-495A-8273-331656D4B5AA}.Debug|Any CPU.ActiveCfg = Debug|Any CPU
		{E3367B88-5D0C-495A-8273-331656D4B5AA}.Debug|Any CPU.Build.0 = Debug|Any CPU
		{E3367B88-5D0C-495A-8273-331656D4B5AA}.Debug|x64.ActiveCfg = Debug|x64
		{E3367B88-5D0C-495A-8273-331656D4B5AA}.Debug|x64.Build.0 = Debug|x64
		{E3367B88-5D0C-495A-8273-331656D4B5AA}.Debug|x86.ActiveCfg = Debug|x86
		{E3367B88-5D0C-495A-8273-331656D4B5AA}.Debug|x86.Build.0 = Debug|x86
		{E3367B88-5D0C-495A-8273-331656D4B5AA}.DEMO|Any CPU.ActiveCfg = Debug|Any CPU
		{E3367B88-5D0C-495A-8273-331656D4B5AA}.DEMO|Any CPU.Build.0 = Debug|Any CPU
		{E3367B88-5D0C-495A-8273-331656D4B5AA}.DEMO|x64.ActiveCfg = Debug|x64
		{E3367B88-5D0C-495A-8273-331656D4B5AA}.DEMO|x64.Build.0 = Debug|x64
		{E3367B88-5D0C-495A-8273-331656D4B5AA}.DEMO|x86.ActiveCfg = Debug|x86
		{E3367B88-5D0C-495A-8273-331656D4B5AA}.DEMO|x86.Build.0 = Debug|x86
		{E3367B88-5D0C-495A-8273-331656D4B5AA}.docs|Any CPU.ActiveCfg = docs|Any CPU
		{E3367B88-5D0C-495A-8273-331656D4B5AA}.docs|Any CPU.Build.0 = docs|Any CPU
		{E3367B88-5D0C-495A-8273-331656D4B5AA}.docs|x64.ActiveCfg = docs|x64
		{E3367B88-5D0C-495A-8273-331656D4B5AA}.docs|x64.Build.0 = docs|x64
		{E3367B88-5D0C-495A-8273-331656D4B5AA}.docs|x86.ActiveCfg = docs|x86
		{E3367B88-5D0C-495A-8273-331656D4B5AA}.docs|x86.Build.0 = docs|x86
		{E3367B88-5D0C-495A-8273-331656D4B5AA}.GCModeller(Release_X64)|Any CPU.ActiveCfg = GCModeller(Release_X64)|Any CPU
		{E3367B88-5D0C-495A-8273-331656D4B5AA}.GCModeller(Release_X64)|Any CPU.Build.0 = GCModeller(Release_X64)|Any CPU
		{E3367B88-5D0C-495A-8273-331656D4B5AA}.GCModeller(Release_X64)|x64.ActiveCfg = GCModeller(Release_X64)|x64
		{E3367B88-5D0C-495A-8273-331656D4B5AA}.GCModeller(Release_X64)|x64.Build.0 = GCModeller(Release_X64)|x64
		{E3367B88-5D0C-495A-8273-331656D4B5AA}.GCModeller(Release_X64)|x86.ActiveCfg = GCModeller(Release_X64)|x86
		{E3367B88-5D0C-495A-8273-331656D4B5AA}.GCModeller(Release_X64)|x86.Build.0 = GCModeller(Release_X64)|x86
		{E3367B88-5D0C-495A-8273-331656D4B5AA}.GCModeller(UNIX-Release_X64)|Any CPU.ActiveCfg = GCModeller(UNIX-Release_X64)|Any CPU
		{E3367B88-5D0C-495A-8273-331656D4B5AA}.GCModeller(UNIX-Release_X64)|Any CPU.Build.0 = GCModeller(UNIX-Release_X64)|Any CPU
		{E3367B88-5D0C-495A-8273-331656D4B5AA}.GCModeller(UNIX-Release_X64)|x64.ActiveCfg = GCModeller(UNIX-Release_X64)|x64
		{E3367B88-5D0C-495A-8273-331656D4B5AA}.GCModeller(UNIX-Release_X64)|x64.Build.0 = GCModeller(UNIX-Release_X64)|x64
		{E3367B88-5D0C-495A-8273-331656D4B5AA}.GCModeller(UNIX-Release_X64)|x86.ActiveCfg = GCModeller(UNIX-Release_X64)|x86
		{E3367B88-5D0C-495A-8273-331656D4B5AA}.GCModeller(UNIX-Release_X64)|x86.Build.0 = GCModeller(UNIX-Release_X64)|x86
		{E3367B88-5D0C-495A-8273-331656D4B5AA}.installer_x64|Any CPU.ActiveCfg = installer_x64|Any CPU
		{E3367B88-5D0C-495A-8273-331656D4B5AA}.installer_x64|Any CPU.Build.0 = installer_x64|Any CPU
		{E3367B88-5D0C-495A-8273-331656D4B5AA}.installer_x64|x64.ActiveCfg = installer_x64|x64
		{E3367B88-5D0C-495A-8273-331656D4B5AA}.installer_x64|x64.Build.0 = installer_x64|x64
		{E3367B88-5D0C-495A-8273-331656D4B5AA}.installer_x64|x86.ActiveCfg = installer_x64|x86
		{E3367B88-5D0C-495A-8273-331656D4B5AA}.installer_x64|x86.Build.0 = installer_x64|x86
		{E3367B88-5D0C-495A-8273-331656D4B5AA}.mysqli_X64_release|Any CPU.ActiveCfg = Biodeep_UNIX_x64|Any CPU
		{E3367B88-5D0C-495A-8273-331656D4B5AA}.mysqli_X64_release|Any CPU.Build.0 = Biodeep_UNIX_x64|Any CPU
		{E3367B88-5D0C-495A-8273-331656D4B5AA}.mysqli_X64_release|x64.ActiveCfg = Biodeep_UNIX_x64|x64
		{E3367B88-5D0C-495A-8273-331656D4B5AA}.mysqli_X64_release|x64.Build.0 = Biodeep_UNIX_x64|x64
		{E3367B88-5D0C-495A-8273-331656D4B5AA}.mysqli_X64_release|x86.ActiveCfg = Biodeep_UNIX_x64|x86
		{E3367B88-5D0C-495A-8273-331656D4B5AA}.mysqli_X64_release|x86.Build.0 = Biodeep_UNIX_x64|x86
		{E3367B88-5D0C-495A-8273-331656D4B5AA}.Publish|Any CPU.ActiveCfg = Publish|Any CPU
		{E3367B88-5D0C-495A-8273-331656D4B5AA}.Publish|Any CPU.Build.0 = Publish|Any CPU
		{E3367B88-5D0C-495A-8273-331656D4B5AA}.Publish|x64.ActiveCfg = Publish|x64
		{E3367B88-5D0C-495A-8273-331656D4B5AA}.Publish|x64.Build.0 = Publish|x64
		{E3367B88-5D0C-495A-8273-331656D4B5AA}.Publish|x86.ActiveCfg = Publish|x86
		{E3367B88-5D0C-495A-8273-331656D4B5AA}.Publish|x86.Build.0 = Publish|x86
		{E3367B88-5D0C-495A-8273-331656D4B5AA}.Release|Any CPU.ActiveCfg = Release|Any CPU
		{E3367B88-5D0C-495A-8273-331656D4B5AA}.Release|Any CPU.Build.0 = Release|Any CPU
		{E3367B88-5D0C-495A-8273-331656D4B5AA}.Release|x64.ActiveCfg = Release|x64
		{E3367B88-5D0C-495A-8273-331656D4B5AA}.Release|x64.Build.0 = Release|x64
		{E3367B88-5D0C-495A-8273-331656D4B5AA}.Release|x86.ActiveCfg = Release|x86
		{E3367B88-5D0C-495A-8273-331656D4B5AA}.Release|x86.Build.0 = Release|x86
		{E3367B88-5D0C-495A-8273-331656D4B5AA}.sciBASIC.NET-test-release|Any CPU.ActiveCfg = Surveillance-of-infectious-diseases|Any CPU
		{E3367B88-5D0C-495A-8273-331656D4B5AA}.sciBASIC.NET-test-release|Any CPU.Build.0 = Surveillance-of-infectious-diseases|Any CPU
		{E3367B88-5D0C-495A-8273-331656D4B5AA}.sciBASIC.NET-test-release|x64.ActiveCfg = Surveillance-of-infectious-diseases|x64
		{E3367B88-5D0C-495A-8273-331656D4B5AA}.sciBASIC.NET-test-release|x64.Build.0 = Surveillance-of-infectious-diseases|x64
		{E3367B88-5D0C-495A-8273-331656D4B5AA}.sciBASIC.NET-test-release|x86.ActiveCfg = Surveillance-of-infectious-diseases|x86
		{E3367B88-5D0C-495A-8273-331656D4B5AA}.sciBASIC.NET-test-release|x86.Build.0 = Surveillance-of-infectious-diseases|x86
		{E3367B88-5D0C-495A-8273-331656D4B5AA}.Surveillance-of-infectious-diseases|Any CPU.ActiveCfg = Surveillance-of-infectious-diseases|Any CPU
		{E3367B88-5D0C-495A-8273-331656D4B5AA}.Surveillance-of-infectious-diseases|Any CPU.Build.0 = Surveillance-of-infectious-diseases|Any CPU
		{E3367B88-5D0C-495A-8273-331656D4B5AA}.Surveillance-of-infectious-diseases|x64.ActiveCfg = Surveillance-of-infectious-diseases|x64
		{E3367B88-5D0C-495A-8273-331656D4B5AA}.Surveillance-of-infectious-diseases|x64.Build.0 = Surveillance-of-infectious-diseases|x64
		{E3367B88-5D0C-495A-8273-331656D4B5AA}.Surveillance-of-infectious-diseases|x86.ActiveCfg = Surveillance-of-infectious-diseases|x86
		{E3367B88-5D0C-495A-8273-331656D4B5AA}.Surveillance-of-infectious-diseases|x86.Build.0 = Surveillance-of-infectious-diseases|x86
		{E3367B88-5D0C-495A-8273-331656D4B5AA}.Yilia-Release_x64|Any CPU.ActiveCfg = Release|Any CPU
		{E3367B88-5D0C-495A-8273-331656D4B5AA}.Yilia-Release_x64|Any CPU.Build.0 = Release|Any CPU
		{E3367B88-5D0C-495A-8273-331656D4B5AA}.Yilia-Release_x64|x64.ActiveCfg = Release|x64
		{E3367B88-5D0C-495A-8273-331656D4B5AA}.Yilia-Release_x64|x64.Build.0 = Release|x64
		{E3367B88-5D0C-495A-8273-331656D4B5AA}.Yilia-Release_x64|x86.ActiveCfg = Release|x86
		{E3367B88-5D0C-495A-8273-331656D4B5AA}.Yilia-Release_x64|x86.Build.0 = Release|x86
		{17F8E821-0A01-4975-9CAA-AC95251226D5}.Biodeep_UNIX_x64|Any CPU.ActiveCfg = Biodeep|Any CPU
		{17F8E821-0A01-4975-9CAA-AC95251226D5}.Biodeep_UNIX_x64|Any CPU.Build.0 = Biodeep|Any CPU
		{17F8E821-0A01-4975-9CAA-AC95251226D5}.Biodeep_UNIX_x64|x64.ActiveCfg = Biodeep|x64
		{17F8E821-0A01-4975-9CAA-AC95251226D5}.Biodeep_UNIX_x64|x64.Build.0 = Biodeep|x64
		{17F8E821-0A01-4975-9CAA-AC95251226D5}.Biodeep_UNIX_x64|x86.ActiveCfg = Biodeep|x86
		{17F8E821-0A01-4975-9CAA-AC95251226D5}.Biodeep_UNIX_x64|x86.Build.0 = Biodeep|x86
		{17F8E821-0A01-4975-9CAA-AC95251226D5}.Biodeep|Any CPU.ActiveCfg = Biodeep|Any CPU
		{17F8E821-0A01-4975-9CAA-AC95251226D5}.Biodeep|Any CPU.Build.0 = Biodeep|Any CPU
		{17F8E821-0A01-4975-9CAA-AC95251226D5}.Biodeep|x64.ActiveCfg = Biodeep|x64
		{17F8E821-0A01-4975-9CAA-AC95251226D5}.Biodeep|x64.Build.0 = Biodeep|x64
		{17F8E821-0A01-4975-9CAA-AC95251226D5}.Biodeep|x86.ActiveCfg = Biodeep|x86
		{17F8E821-0A01-4975-9CAA-AC95251226D5}.Biodeep|x86.Build.0 = Biodeep|x86
		{17F8E821-0A01-4975-9CAA-AC95251226D5}.Debug|Any CPU.ActiveCfg = Debug|Any CPU
		{17F8E821-0A01-4975-9CAA-AC95251226D5}.Debug|Any CPU.Build.0 = Debug|Any CPU
		{17F8E821-0A01-4975-9CAA-AC95251226D5}.Debug|x64.ActiveCfg = Debug|x64
		{17F8E821-0A01-4975-9CAA-AC95251226D5}.Debug|x64.Build.0 = Debug|x64
		{17F8E821-0A01-4975-9CAA-AC95251226D5}.Debug|x86.ActiveCfg = Debug|x86
		{17F8E821-0A01-4975-9CAA-AC95251226D5}.Debug|x86.Build.0 = Debug|x86
		{17F8E821-0A01-4975-9CAA-AC95251226D5}.DEMO|Any CPU.ActiveCfg = Debug|Any CPU
		{17F8E821-0A01-4975-9CAA-AC95251226D5}.DEMO|Any CPU.Build.0 = Debug|Any CPU
		{17F8E821-0A01-4975-9CAA-AC95251226D5}.DEMO|x64.ActiveCfg = Debug|x64
		{17F8E821-0A01-4975-9CAA-AC95251226D5}.DEMO|x64.Build.0 = Debug|x64
		{17F8E821-0A01-4975-9CAA-AC95251226D5}.DEMO|x86.ActiveCfg = Debug|x86
		{17F8E821-0A01-4975-9CAA-AC95251226D5}.DEMO|x86.Build.0 = Debug|x86
		{17F8E821-0A01-4975-9CAA-AC95251226D5}.docs|Any CPU.ActiveCfg = docs|Any CPU
		{17F8E821-0A01-4975-9CAA-AC95251226D5}.docs|Any CPU.Build.0 = docs|Any CPU
		{17F8E821-0A01-4975-9CAA-AC95251226D5}.docs|x64.ActiveCfg = docs|x64
		{17F8E821-0A01-4975-9CAA-AC95251226D5}.docs|x64.Build.0 = docs|x64
		{17F8E821-0A01-4975-9CAA-AC95251226D5}.docs|x86.ActiveCfg = docs|x86
		{17F8E821-0A01-4975-9CAA-AC95251226D5}.docs|x86.Build.0 = docs|x86
		{17F8E821-0A01-4975-9CAA-AC95251226D5}.GCModeller(Release_X64)|Any CPU.ActiveCfg = GCModeller(Release_X64)|Any CPU
		{17F8E821-0A01-4975-9CAA-AC95251226D5}.GCModeller(Release_X64)|Any CPU.Build.0 = GCModeller(Release_X64)|Any CPU
		{17F8E821-0A01-4975-9CAA-AC95251226D5}.GCModeller(Release_X64)|x64.ActiveCfg = GCModeller(Release_X64)|x64
		{17F8E821-0A01-4975-9CAA-AC95251226D5}.GCModeller(Release_X64)|x64.Build.0 = GCModeller(Release_X64)|x64
		{17F8E821-0A01-4975-9CAA-AC95251226D5}.GCModeller(Release_X64)|x86.ActiveCfg = GCModeller(Release_X64)|x86
		{17F8E821-0A01-4975-9CAA-AC95251226D5}.GCModeller(Release_X64)|x86.Build.0 = GCModeller(Release_X64)|x86
		{17F8E821-0A01-4975-9CAA-AC95251226D5}.GCModeller(UNIX-Release_X64)|Any CPU.ActiveCfg = GCModeller(UNIX-Release_X64)|Any CPU
		{17F8E821-0A01-4975-9CAA-AC95251226D5}.GCModeller(UNIX-Release_X64)|Any CPU.Build.0 = GCModeller(UNIX-Release_X64)|Any CPU
		{17F8E821-0A01-4975-9CAA-AC95251226D5}.GCModeller(UNIX-Release_X64)|x64.ActiveCfg = GCModeller(UNIX-Release_X64)|x64
		{17F8E821-0A01-4975-9CAA-AC95251226D5}.GCModeller(UNIX-Release_X64)|x64.Build.0 = GCModeller(UNIX-Release_X64)|x64
		{17F8E821-0A01-4975-9CAA-AC95251226D5}.GCModeller(UNIX-Release_X64)|x86.ActiveCfg = GCModeller(UNIX-Release_X64)|x86
		{17F8E821-0A01-4975-9CAA-AC95251226D5}.GCModeller(UNIX-Release_X64)|x86.Build.0 = GCModeller(UNIX-Release_X64)|x86
		{17F8E821-0A01-4975-9CAA-AC95251226D5}.installer_x64|Any CPU.ActiveCfg = installer_x64|Any CPU
		{17F8E821-0A01-4975-9CAA-AC95251226D5}.installer_x64|Any CPU.Build.0 = installer_x64|Any CPU
		{17F8E821-0A01-4975-9CAA-AC95251226D5}.installer_x64|x64.ActiveCfg = installer_x64|x64
		{17F8E821-0A01-4975-9CAA-AC95251226D5}.installer_x64|x64.Build.0 = installer_x64|x64
		{17F8E821-0A01-4975-9CAA-AC95251226D5}.installer_x64|x86.ActiveCfg = installer_x64|x86
		{17F8E821-0A01-4975-9CAA-AC95251226D5}.installer_x64|x86.Build.0 = installer_x64|x86
		{17F8E821-0A01-4975-9CAA-AC95251226D5}.mysqli_X64_release|Any CPU.ActiveCfg = installer_x64|Any CPU
		{17F8E821-0A01-4975-9CAA-AC95251226D5}.mysqli_X64_release|Any CPU.Build.0 = installer_x64|Any CPU
		{17F8E821-0A01-4975-9CAA-AC95251226D5}.mysqli_X64_release|x64.ActiveCfg = installer_x64|x64
		{17F8E821-0A01-4975-9CAA-AC95251226D5}.mysqli_X64_release|x64.Build.0 = installer_x64|x64
		{17F8E821-0A01-4975-9CAA-AC95251226D5}.mysqli_X64_release|x86.ActiveCfg = installer_x64|x86
		{17F8E821-0A01-4975-9CAA-AC95251226D5}.mysqli_X64_release|x86.Build.0 = installer_x64|x86
		{17F8E821-0A01-4975-9CAA-AC95251226D5}.Publish|Any CPU.ActiveCfg = Publish|Any CPU
		{17F8E821-0A01-4975-9CAA-AC95251226D5}.Publish|Any CPU.Build.0 = Publish|Any CPU
		{17F8E821-0A01-4975-9CAA-AC95251226D5}.Publish|x64.ActiveCfg = Publish|x64
		{17F8E821-0A01-4975-9CAA-AC95251226D5}.Publish|x64.Build.0 = Publish|x64
		{17F8E821-0A01-4975-9CAA-AC95251226D5}.Publish|x86.ActiveCfg = Publish|x86
		{17F8E821-0A01-4975-9CAA-AC95251226D5}.Publish|x86.Build.0 = Publish|x86
		{17F8E821-0A01-4975-9CAA-AC95251226D5}.Release|Any CPU.ActiveCfg = Release|Any CPU
		{17F8E821-0A01-4975-9CAA-AC95251226D5}.Release|Any CPU.Build.0 = Release|Any CPU
		{17F8E821-0A01-4975-9CAA-AC95251226D5}.Release|x64.ActiveCfg = Release|x64
		{17F8E821-0A01-4975-9CAA-AC95251226D5}.Release|x64.Build.0 = Release|x64
		{17F8E821-0A01-4975-9CAA-AC95251226D5}.Release|x86.ActiveCfg = Release|x86
		{17F8E821-0A01-4975-9CAA-AC95251226D5}.Release|x86.Build.0 = Release|x86
		{17F8E821-0A01-4975-9CAA-AC95251226D5}.sciBASIC.NET-test-release|Any CPU.ActiveCfg = installer_x64|Any CPU
		{17F8E821-0A01-4975-9CAA-AC95251226D5}.sciBASIC.NET-test-release|Any CPU.Build.0 = installer_x64|Any CPU
		{17F8E821-0A01-4975-9CAA-AC95251226D5}.sciBASIC.NET-test-release|x64.ActiveCfg = installer_x64|x64
		{17F8E821-0A01-4975-9CAA-AC95251226D5}.sciBASIC.NET-test-release|x64.Build.0 = installer_x64|x64
		{17F8E821-0A01-4975-9CAA-AC95251226D5}.sciBASIC.NET-test-release|x86.ActiveCfg = installer_x64|x86
		{17F8E821-0A01-4975-9CAA-AC95251226D5}.sciBASIC.NET-test-release|x86.Build.0 = installer_x64|x86
		{17F8E821-0A01-4975-9CAA-AC95251226D5}.Surveillance-of-infectious-diseases|Any CPU.ActiveCfg = installer_x64|Any CPU
		{17F8E821-0A01-4975-9CAA-AC95251226D5}.Surveillance-of-infectious-diseases|Any CPU.Build.0 = installer_x64|Any CPU
		{17F8E821-0A01-4975-9CAA-AC95251226D5}.Surveillance-of-infectious-diseases|x64.ActiveCfg = installer_x64|x64
		{17F8E821-0A01-4975-9CAA-AC95251226D5}.Surveillance-of-infectious-diseases|x64.Build.0 = installer_x64|x64
		{17F8E821-0A01-4975-9CAA-AC95251226D5}.Surveillance-of-infectious-diseases|x86.ActiveCfg = installer_x64|x86
		{17F8E821-0A01-4975-9CAA-AC95251226D5}.Surveillance-of-infectious-diseases|x86.Build.0 = installer_x64|x86
		{17F8E821-0A01-4975-9CAA-AC95251226D5}.Yilia-Release_x64|Any CPU.ActiveCfg = Release|Any CPU
		{17F8E821-0A01-4975-9CAA-AC95251226D5}.Yilia-Release_x64|Any CPU.Build.0 = Release|Any CPU
		{17F8E821-0A01-4975-9CAA-AC95251226D5}.Yilia-Release_x64|x64.ActiveCfg = Release|x64
		{17F8E821-0A01-4975-9CAA-AC95251226D5}.Yilia-Release_x64|x64.Build.0 = Release|x64
		{17F8E821-0A01-4975-9CAA-AC95251226D5}.Yilia-Release_x64|x86.ActiveCfg = Release|x86
		{17F8E821-0A01-4975-9CAA-AC95251226D5}.Yilia-Release_x64|x86.Build.0 = Release|x86
		{2DD4BE80-DDC3-4767-94A7-10F1C3395716}.Biodeep_UNIX_x64|Any CPU.ActiveCfg = Biodeep_UNIX_x64|Any CPU
		{2DD4BE80-DDC3-4767-94A7-10F1C3395716}.Biodeep_UNIX_x64|Any CPU.Build.0 = Biodeep_UNIX_x64|Any CPU
		{2DD4BE80-DDC3-4767-94A7-10F1C3395716}.Biodeep_UNIX_x64|x64.ActiveCfg = Biodeep_UNIX_x64|x64
		{2DD4BE80-DDC3-4767-94A7-10F1C3395716}.Biodeep_UNIX_x64|x64.Build.0 = Biodeep_UNIX_x64|x64
		{2DD4BE80-DDC3-4767-94A7-10F1C3395716}.Biodeep_UNIX_x64|x86.ActiveCfg = Biodeep_UNIX_x64|x86
		{2DD4BE80-DDC3-4767-94A7-10F1C3395716}.Biodeep_UNIX_x64|x86.Build.0 = Biodeep_UNIX_x64|x86
		{2DD4BE80-DDC3-4767-94A7-10F1C3395716}.Biodeep|Any CPU.ActiveCfg = Biodeep|Any CPU
		{2DD4BE80-DDC3-4767-94A7-10F1C3395716}.Biodeep|Any CPU.Build.0 = Biodeep|Any CPU
		{2DD4BE80-DDC3-4767-94A7-10F1C3395716}.Biodeep|x64.ActiveCfg = Biodeep|x64
		{2DD4BE80-DDC3-4767-94A7-10F1C3395716}.Biodeep|x64.Build.0 = Biodeep|x64
		{2DD4BE80-DDC3-4767-94A7-10F1C3395716}.Biodeep|x86.ActiveCfg = Biodeep|x86
		{2DD4BE80-DDC3-4767-94A7-10F1C3395716}.Biodeep|x86.Build.0 = Biodeep|x86
		{2DD4BE80-DDC3-4767-94A7-10F1C3395716}.Debug|Any CPU.ActiveCfg = Debug|Any CPU
		{2DD4BE80-DDC3-4767-94A7-10F1C3395716}.Debug|Any CPU.Build.0 = Debug|Any CPU
		{2DD4BE80-DDC3-4767-94A7-10F1C3395716}.Debug|x64.ActiveCfg = Debug|x64
		{2DD4BE80-DDC3-4767-94A7-10F1C3395716}.Debug|x64.Build.0 = Debug|x64
		{2DD4BE80-DDC3-4767-94A7-10F1C3395716}.Debug|x86.ActiveCfg = Debug|x86
		{2DD4BE80-DDC3-4767-94A7-10F1C3395716}.Debug|x86.Build.0 = Debug|x86
		{2DD4BE80-DDC3-4767-94A7-10F1C3395716}.DEMO|Any CPU.ActiveCfg = Debug|Any CPU
		{2DD4BE80-DDC3-4767-94A7-10F1C3395716}.DEMO|Any CPU.Build.0 = Debug|Any CPU
		{2DD4BE80-DDC3-4767-94A7-10F1C3395716}.DEMO|x64.ActiveCfg = Debug|x64
		{2DD4BE80-DDC3-4767-94A7-10F1C3395716}.DEMO|x64.Build.0 = Debug|x64
		{2DD4BE80-DDC3-4767-94A7-10F1C3395716}.DEMO|x86.ActiveCfg = Debug|x86
		{2DD4BE80-DDC3-4767-94A7-10F1C3395716}.DEMO|x86.Build.0 = Debug|x86
		{2DD4BE80-DDC3-4767-94A7-10F1C3395716}.docs|Any CPU.ActiveCfg = docs|Any CPU
		{2DD4BE80-DDC3-4767-94A7-10F1C3395716}.docs|Any CPU.Build.0 = docs|Any CPU
		{2DD4BE80-DDC3-4767-94A7-10F1C3395716}.docs|x64.ActiveCfg = docs|x64
		{2DD4BE80-DDC3-4767-94A7-10F1C3395716}.docs|x64.Build.0 = docs|x64
		{2DD4BE80-DDC3-4767-94A7-10F1C3395716}.docs|x86.ActiveCfg = docs|x86
		{2DD4BE80-DDC3-4767-94A7-10F1C3395716}.docs|x86.Build.0 = docs|x86
		{2DD4BE80-DDC3-4767-94A7-10F1C3395716}.GCModeller(Release_X64)|Any CPU.ActiveCfg = GCModeller(Release_X64)|Any CPU
		{2DD4BE80-DDC3-4767-94A7-10F1C3395716}.GCModeller(Release_X64)|Any CPU.Build.0 = GCModeller(Release_X64)|Any CPU
		{2DD4BE80-DDC3-4767-94A7-10F1C3395716}.GCModeller(Release_X64)|x64.ActiveCfg = GCModeller(Release_X64)|x64
		{2DD4BE80-DDC3-4767-94A7-10F1C3395716}.GCModeller(Release_X64)|x64.Build.0 = GCModeller(Release_X64)|x64
		{2DD4BE80-DDC3-4767-94A7-10F1C3395716}.GCModeller(Release_X64)|x86.ActiveCfg = GCModeller(Release_X64)|x86
		{2DD4BE80-DDC3-4767-94A7-10F1C3395716}.GCModeller(Release_X64)|x86.Build.0 = GCModeller(Release_X64)|x86
		{2DD4BE80-DDC3-4767-94A7-10F1C3395716}.GCModeller(UNIX-Release_X64)|Any CPU.ActiveCfg = GCModeller(UNIX-Release_X64)|Any CPU
		{2DD4BE80-DDC3-4767-94A7-10F1C3395716}.GCModeller(UNIX-Release_X64)|Any CPU.Build.0 = GCModeller(UNIX-Release_X64)|Any CPU
		{2DD4BE80-DDC3-4767-94A7-10F1C3395716}.GCModeller(UNIX-Release_X64)|x64.ActiveCfg = GCModeller(UNIX-Release_X64)|x64
		{2DD4BE80-DDC3-4767-94A7-10F1C3395716}.GCModeller(UNIX-Release_X64)|x64.Build.0 = GCModeller(UNIX-Release_X64)|x64
		{2DD4BE80-DDC3-4767-94A7-10F1C3395716}.GCModeller(UNIX-Release_X64)|x86.ActiveCfg = GCModeller(UNIX-Release_X64)|x86
		{2DD4BE80-DDC3-4767-94A7-10F1C3395716}.GCModeller(UNIX-Release_X64)|x86.Build.0 = GCModeller(UNIX-Release_X64)|x86
		{2DD4BE80-DDC3-4767-94A7-10F1C3395716}.installer_x64|Any CPU.ActiveCfg = installer_x64|Any CPU
		{2DD4BE80-DDC3-4767-94A7-10F1C3395716}.installer_x64|Any CPU.Build.0 = installer_x64|Any CPU
		{2DD4BE80-DDC3-4767-94A7-10F1C3395716}.installer_x64|x64.ActiveCfg = installer_x64|x64
		{2DD4BE80-DDC3-4767-94A7-10F1C3395716}.installer_x64|x64.Build.0 = installer_x64|x64
		{2DD4BE80-DDC3-4767-94A7-10F1C3395716}.installer_x64|x86.ActiveCfg = installer_x64|x86
		{2DD4BE80-DDC3-4767-94A7-10F1C3395716}.installer_x64|x86.Build.0 = installer_x64|x86
		{2DD4BE80-DDC3-4767-94A7-10F1C3395716}.mysqli_X64_release|Any CPU.ActiveCfg = mysqli_X64_release|Any CPU
		{2DD4BE80-DDC3-4767-94A7-10F1C3395716}.mysqli_X64_release|Any CPU.Build.0 = mysqli_X64_release|Any CPU
		{2DD4BE80-DDC3-4767-94A7-10F1C3395716}.mysqli_X64_release|x64.ActiveCfg = mysqli_X64_release|x64
		{2DD4BE80-DDC3-4767-94A7-10F1C3395716}.mysqli_X64_release|x64.Build.0 = mysqli_X64_release|x64
		{2DD4BE80-DDC3-4767-94A7-10F1C3395716}.mysqli_X64_release|x86.ActiveCfg = mysqli_X64_release|x86
		{2DD4BE80-DDC3-4767-94A7-10F1C3395716}.mysqli_X64_release|x86.Build.0 = mysqli_X64_release|x86
		{2DD4BE80-DDC3-4767-94A7-10F1C3395716}.Publish|Any CPU.ActiveCfg = Publish|Any CPU
		{2DD4BE80-DDC3-4767-94A7-10F1C3395716}.Publish|Any CPU.Build.0 = Publish|Any CPU
		{2DD4BE80-DDC3-4767-94A7-10F1C3395716}.Publish|x64.ActiveCfg = Publish|x64
		{2DD4BE80-DDC3-4767-94A7-10F1C3395716}.Publish|x64.Build.0 = Publish|x64
		{2DD4BE80-DDC3-4767-94A7-10F1C3395716}.Publish|x86.ActiveCfg = Publish|x86
		{2DD4BE80-DDC3-4767-94A7-10F1C3395716}.Publish|x86.Build.0 = Publish|x86
		{2DD4BE80-DDC3-4767-94A7-10F1C3395716}.Release|Any CPU.ActiveCfg = Release|Any CPU
		{2DD4BE80-DDC3-4767-94A7-10F1C3395716}.Release|Any CPU.Build.0 = Release|Any CPU
		{2DD4BE80-DDC3-4767-94A7-10F1C3395716}.Release|x64.ActiveCfg = Release|x64
		{2DD4BE80-DDC3-4767-94A7-10F1C3395716}.Release|x64.Build.0 = Release|x64
		{2DD4BE80-DDC3-4767-94A7-10F1C3395716}.Release|x86.ActiveCfg = Release|x86
		{2DD4BE80-DDC3-4767-94A7-10F1C3395716}.Release|x86.Build.0 = Release|x86
		{2DD4BE80-DDC3-4767-94A7-10F1C3395716}.sciBASIC.NET-test-release|Any CPU.ActiveCfg = Surveillance-of-infectious-diseases|Any CPU
		{2DD4BE80-DDC3-4767-94A7-10F1C3395716}.sciBASIC.NET-test-release|Any CPU.Build.0 = Surveillance-of-infectious-diseases|Any CPU
		{2DD4BE80-DDC3-4767-94A7-10F1C3395716}.sciBASIC.NET-test-release|x64.ActiveCfg = Surveillance-of-infectious-diseases|x64
		{2DD4BE80-DDC3-4767-94A7-10F1C3395716}.sciBASIC.NET-test-release|x64.Build.0 = Surveillance-of-infectious-diseases|x64
		{2DD4BE80-DDC3-4767-94A7-10F1C3395716}.sciBASIC.NET-test-release|x86.ActiveCfg = Surveillance-of-infectious-diseases|x86
		{2DD4BE80-DDC3-4767-94A7-10F1C3395716}.sciBASIC.NET-test-release|x86.Build.0 = Surveillance-of-infectious-diseases|x86
		{2DD4BE80-DDC3-4767-94A7-10F1C3395716}.Surveillance-of-infectious-diseases|Any CPU.ActiveCfg = Surveillance-of-infectious-diseases|Any CPU
		{2DD4BE80-DDC3-4767-94A7-10F1C3395716}.Surveillance-of-infectious-diseases|Any CPU.Build.0 = Surveillance-of-infectious-diseases|Any CPU
		{2DD4BE80-DDC3-4767-94A7-10F1C3395716}.Surveillance-of-infectious-diseases|x64.ActiveCfg = Surveillance-of-infectious-diseases|x64
		{2DD4BE80-DDC3-4767-94A7-10F1C3395716}.Surveillance-of-infectious-diseases|x64.Build.0 = Surveillance-of-infectious-diseases|x64
		{2DD4BE80-DDC3-4767-94A7-10F1C3395716}.Surveillance-of-infectious-diseases|x86.ActiveCfg = Surveillance-of-infectious-diseases|x86
		{2DD4BE80-DDC3-4767-94A7-10F1C3395716}.Surveillance-of-infectious-diseases|x86.Build.0 = Surveillance-of-infectious-diseases|x86
		{2DD4BE80-DDC3-4767-94A7-10F1C3395716}.Yilia-Release_x64|Any CPU.ActiveCfg = Yilia-Release_x64|Any CPU
		{2DD4BE80-DDC3-4767-94A7-10F1C3395716}.Yilia-Release_x64|Any CPU.Build.0 = Yilia-Release_x64|Any CPU
		{2DD4BE80-DDC3-4767-94A7-10F1C3395716}.Yilia-Release_x64|x64.ActiveCfg = Yilia-Release_x64|x64
		{2DD4BE80-DDC3-4767-94A7-10F1C3395716}.Yilia-Release_x64|x64.Build.0 = Yilia-Release_x64|x64
		{2DD4BE80-DDC3-4767-94A7-10F1C3395716}.Yilia-Release_x64|x86.ActiveCfg = Yilia-Release_x64|x86
		{2DD4BE80-DDC3-4767-94A7-10F1C3395716}.Yilia-Release_x64|x86.Build.0 = Yilia-Release_x64|x86
		{85E71B4B-9276-4EC8-AADC-C849205F1EA8}.Biodeep_UNIX_x64|Any CPU.ActiveCfg = Biodeep_UNIX_x64|Any CPU
		{85E71B4B-9276-4EC8-AADC-C849205F1EA8}.Biodeep_UNIX_x64|Any CPU.Build.0 = Biodeep_UNIX_x64|Any CPU
		{85E71B4B-9276-4EC8-AADC-C849205F1EA8}.Biodeep_UNIX_x64|x64.ActiveCfg = Biodeep_UNIX_x64|x64
		{85E71B4B-9276-4EC8-AADC-C849205F1EA8}.Biodeep_UNIX_x64|x64.Build.0 = Biodeep_UNIX_x64|x64
		{85E71B4B-9276-4EC8-AADC-C849205F1EA8}.Biodeep_UNIX_x64|x86.ActiveCfg = Biodeep_UNIX_x64|x86
		{85E71B4B-9276-4EC8-AADC-C849205F1EA8}.Biodeep_UNIX_x64|x86.Build.0 = Biodeep_UNIX_x64|x86
		{85E71B4B-9276-4EC8-AADC-C849205F1EA8}.Biodeep|Any CPU.ActiveCfg = Biodeep|Any CPU
		{85E71B4B-9276-4EC8-AADC-C849205F1EA8}.Biodeep|Any CPU.Build.0 = Biodeep|Any CPU
		{85E71B4B-9276-4EC8-AADC-C849205F1EA8}.Biodeep|x64.ActiveCfg = Biodeep|x64
		{85E71B4B-9276-4EC8-AADC-C849205F1EA8}.Biodeep|x64.Build.0 = Biodeep|x64
		{85E71B4B-9276-4EC8-AADC-C849205F1EA8}.Biodeep|x86.ActiveCfg = Biodeep|x86
		{85E71B4B-9276-4EC8-AADC-C849205F1EA8}.Biodeep|x86.Build.0 = Biodeep|x86
		{85E71B4B-9276-4EC8-AADC-C849205F1EA8}.Debug|Any CPU.ActiveCfg = Debug|Any CPU
		{85E71B4B-9276-4EC8-AADC-C849205F1EA8}.Debug|Any CPU.Build.0 = Debug|Any CPU
		{85E71B4B-9276-4EC8-AADC-C849205F1EA8}.Debug|x64.ActiveCfg = Debug|x64
		{85E71B4B-9276-4EC8-AADC-C849205F1EA8}.Debug|x64.Build.0 = Debug|x64
		{85E71B4B-9276-4EC8-AADC-C849205F1EA8}.Debug|x86.ActiveCfg = Debug|x86
		{85E71B4B-9276-4EC8-AADC-C849205F1EA8}.Debug|x86.Build.0 = Debug|x86
		{85E71B4B-9276-4EC8-AADC-C849205F1EA8}.DEMO|Any CPU.ActiveCfg = Debug|Any CPU
		{85E71B4B-9276-4EC8-AADC-C849205F1EA8}.DEMO|Any CPU.Build.0 = Debug|Any CPU
		{85E71B4B-9276-4EC8-AADC-C849205F1EA8}.DEMO|x64.ActiveCfg = Debug|x64
		{85E71B4B-9276-4EC8-AADC-C849205F1EA8}.DEMO|x64.Build.0 = Debug|x64
		{85E71B4B-9276-4EC8-AADC-C849205F1EA8}.DEMO|x86.ActiveCfg = Debug|x86
		{85E71B4B-9276-4EC8-AADC-C849205F1EA8}.DEMO|x86.Build.0 = Debug|x86
		{85E71B4B-9276-4EC8-AADC-C849205F1EA8}.docs|Any CPU.ActiveCfg = docs|Any CPU
		{85E71B4B-9276-4EC8-AADC-C849205F1EA8}.docs|Any CPU.Build.0 = docs|Any CPU
		{85E71B4B-9276-4EC8-AADC-C849205F1EA8}.docs|x64.ActiveCfg = docs|x64
		{85E71B4B-9276-4EC8-AADC-C849205F1EA8}.docs|x64.Build.0 = docs|x64
		{85E71B4B-9276-4EC8-AADC-C849205F1EA8}.docs|x86.ActiveCfg = docs|x86
		{85E71B4B-9276-4EC8-AADC-C849205F1EA8}.docs|x86.Build.0 = docs|x86
		{85E71B4B-9276-4EC8-AADC-C849205F1EA8}.GCModeller(Release_X64)|Any CPU.ActiveCfg = GCModeller(Release_X64)|Any CPU
		{85E71B4B-9276-4EC8-AADC-C849205F1EA8}.GCModeller(Release_X64)|Any CPU.Build.0 = GCModeller(Release_X64)|Any CPU
		{85E71B4B-9276-4EC8-AADC-C849205F1EA8}.GCModeller(Release_X64)|x64.ActiveCfg = GCModeller(Release_X64)|x64
		{85E71B4B-9276-4EC8-AADC-C849205F1EA8}.GCModeller(Release_X64)|x64.Build.0 = GCModeller(Release_X64)|x64
		{85E71B4B-9276-4EC8-AADC-C849205F1EA8}.GCModeller(Release_X64)|x86.ActiveCfg = GCModeller(Release_X64)|x86
		{85E71B4B-9276-4EC8-AADC-C849205F1EA8}.GCModeller(Release_X64)|x86.Build.0 = GCModeller(Release_X64)|x86
		{85E71B4B-9276-4EC8-AADC-C849205F1EA8}.GCModeller(UNIX-Release_X64)|Any CPU.ActiveCfg = GCModeller(UNIX-Release_X64)|Any CPU
		{85E71B4B-9276-4EC8-AADC-C849205F1EA8}.GCModeller(UNIX-Release_X64)|Any CPU.Build.0 = GCModeller(UNIX-Release_X64)|Any CPU
		{85E71B4B-9276-4EC8-AADC-C849205F1EA8}.GCModeller(UNIX-Release_X64)|x64.ActiveCfg = GCModeller(UNIX-Release_X64)|x64
		{85E71B4B-9276-4EC8-AADC-C849205F1EA8}.GCModeller(UNIX-Release_X64)|x64.Build.0 = GCModeller(UNIX-Release_X64)|x64
		{85E71B4B-9276-4EC8-AADC-C849205F1EA8}.GCModeller(UNIX-Release_X64)|x86.ActiveCfg = GCModeller(UNIX-Release_X64)|x86
		{85E71B4B-9276-4EC8-AADC-C849205F1EA8}.GCModeller(UNIX-Release_X64)|x86.Build.0 = GCModeller(UNIX-Release_X64)|x86
		{85E71B4B-9276-4EC8-AADC-C849205F1EA8}.installer_x64|Any CPU.ActiveCfg = installer_x64|Any CPU
		{85E71B4B-9276-4EC8-AADC-C849205F1EA8}.installer_x64|Any CPU.Build.0 = installer_x64|Any CPU
		{85E71B4B-9276-4EC8-AADC-C849205F1EA8}.installer_x64|x64.ActiveCfg = installer_x64|x64
		{85E71B4B-9276-4EC8-AADC-C849205F1EA8}.installer_x64|x64.Build.0 = installer_x64|x64
		{85E71B4B-9276-4EC8-AADC-C849205F1EA8}.installer_x64|x86.ActiveCfg = installer_x64|x86
		{85E71B4B-9276-4EC8-AADC-C849205F1EA8}.installer_x64|x86.Build.0 = installer_x64|x86
		{85E71B4B-9276-4EC8-AADC-C849205F1EA8}.mysqli_X64_release|Any CPU.ActiveCfg = Biodeep_UNIX_x64|Any CPU
		{85E71B4B-9276-4EC8-AADC-C849205F1EA8}.mysqli_X64_release|Any CPU.Build.0 = Biodeep_UNIX_x64|Any CPU
		{85E71B4B-9276-4EC8-AADC-C849205F1EA8}.mysqli_X64_release|x64.ActiveCfg = Biodeep_UNIX_x64|x64
		{85E71B4B-9276-4EC8-AADC-C849205F1EA8}.mysqli_X64_release|x64.Build.0 = Biodeep_UNIX_x64|x64
		{85E71B4B-9276-4EC8-AADC-C849205F1EA8}.mysqli_X64_release|x86.ActiveCfg = Biodeep_UNIX_x64|x86
		{85E71B4B-9276-4EC8-AADC-C849205F1EA8}.mysqli_X64_release|x86.Build.0 = Biodeep_UNIX_x64|x86
		{85E71B4B-9276-4EC8-AADC-C849205F1EA8}.Publish|Any CPU.ActiveCfg = Publish|Any CPU
		{85E71B4B-9276-4EC8-AADC-C849205F1EA8}.Publish|Any CPU.Build.0 = Publish|Any CPU
		{85E71B4B-9276-4EC8-AADC-C849205F1EA8}.Publish|x64.ActiveCfg = Publish|x64
		{85E71B4B-9276-4EC8-AADC-C849205F1EA8}.Publish|x64.Build.0 = Publish|x64
		{85E71B4B-9276-4EC8-AADC-C849205F1EA8}.Publish|x86.ActiveCfg = Publish|x86
		{85E71B4B-9276-4EC8-AADC-C849205F1EA8}.Publish|x86.Build.0 = Publish|x86
		{85E71B4B-9276-4EC8-AADC-C849205F1EA8}.Release|Any CPU.ActiveCfg = Release|Any CPU
		{85E71B4B-9276-4EC8-AADC-C849205F1EA8}.Release|Any CPU.Build.0 = Release|Any CPU
		{85E71B4B-9276-4EC8-AADC-C849205F1EA8}.Release|x64.ActiveCfg = Release|x64
		{85E71B4B-9276-4EC8-AADC-C849205F1EA8}.Release|x64.Build.0 = Release|x64
		{85E71B4B-9276-4EC8-AADC-C849205F1EA8}.Release|x86.ActiveCfg = Release|x86
		{85E71B4B-9276-4EC8-AADC-C849205F1EA8}.Release|x86.Build.0 = Release|x86
		{85E71B4B-9276-4EC8-AADC-C849205F1EA8}.sciBASIC.NET-test-release|Any CPU.ActiveCfg = Surveillance-of-infectious-diseases|Any CPU
		{85E71B4B-9276-4EC8-AADC-C849205F1EA8}.sciBASIC.NET-test-release|Any CPU.Build.0 = Surveillance-of-infectious-diseases|Any CPU
		{85E71B4B-9276-4EC8-AADC-C849205F1EA8}.sciBASIC.NET-test-release|x64.ActiveCfg = Surveillance-of-infectious-diseases|x64
		{85E71B4B-9276-4EC8-AADC-C849205F1EA8}.sciBASIC.NET-test-release|x64.Build.0 = Surveillance-of-infectious-diseases|x64
		{85E71B4B-9276-4EC8-AADC-C849205F1EA8}.sciBASIC.NET-test-release|x86.ActiveCfg = Surveillance-of-infectious-diseases|x86
		{85E71B4B-9276-4EC8-AADC-C849205F1EA8}.sciBASIC.NET-test-release|x86.Build.0 = Surveillance-of-infectious-diseases|x86
		{85E71B4B-9276-4EC8-AADC-C849205F1EA8}.Surveillance-of-infectious-diseases|Any CPU.ActiveCfg = Surveillance-of-infectious-diseases|Any CPU
		{85E71B4B-9276-4EC8-AADC-C849205F1EA8}.Surveillance-of-infectious-diseases|Any CPU.Build.0 = Surveillance-of-infectious-diseases|Any CPU
		{85E71B4B-9276-4EC8-AADC-C849205F1EA8}.Surveillance-of-infectious-diseases|x64.ActiveCfg = Surveillance-of-infectious-diseases|x64
		{85E71B4B-9276-4EC8-AADC-C849205F1EA8}.Surveillance-of-infectious-diseases|x64.Build.0 = Surveillance-of-infectious-diseases|x64
		{85E71B4B-9276-4EC8-AADC-C849205F1EA8}.Surveillance-of-infectious-diseases|x86.ActiveCfg = Surveillance-of-infectious-diseases|x86
		{85E71B4B-9276-4EC8-AADC-C849205F1EA8}.Surveillance-of-infectious-diseases|x86.Build.0 = Surveillance-of-infectious-diseases|x86
		{85E71B4B-9276-4EC8-AADC-C849205F1EA8}.Yilia-Release_x64|Any CPU.ActiveCfg = Release|Any CPU
		{85E71B4B-9276-4EC8-AADC-C849205F1EA8}.Yilia-Release_x64|Any CPU.Build.0 = Release|Any CPU
		{85E71B4B-9276-4EC8-AADC-C849205F1EA8}.Yilia-Release_x64|x64.ActiveCfg = Release|x64
		{85E71B4B-9276-4EC8-AADC-C849205F1EA8}.Yilia-Release_x64|x64.Build.0 = Release|x64
		{85E71B4B-9276-4EC8-AADC-C849205F1EA8}.Yilia-Release_x64|x86.ActiveCfg = Release|x86
		{85E71B4B-9276-4EC8-AADC-C849205F1EA8}.Yilia-Release_x64|x86.Build.0 = Release|x86
		{21C35138-455B-4833-9756-B2629F972A22}.Biodeep_UNIX_x64|Any CPU.ActiveCfg = Biodeep|Any CPU
		{21C35138-455B-4833-9756-B2629F972A22}.Biodeep_UNIX_x64|Any CPU.Build.0 = Biodeep|Any CPU
		{21C35138-455B-4833-9756-B2629F972A22}.Biodeep_UNIX_x64|x64.ActiveCfg = Biodeep|x64
		{21C35138-455B-4833-9756-B2629F972A22}.Biodeep_UNIX_x64|x64.Build.0 = Biodeep|x64
		{21C35138-455B-4833-9756-B2629F972A22}.Biodeep_UNIX_x64|x86.ActiveCfg = Biodeep|x86
		{21C35138-455B-4833-9756-B2629F972A22}.Biodeep_UNIX_x64|x86.Build.0 = Biodeep|x86
		{21C35138-455B-4833-9756-B2629F972A22}.Biodeep|Any CPU.ActiveCfg = Biodeep|Any CPU
		{21C35138-455B-4833-9756-B2629F972A22}.Biodeep|Any CPU.Build.0 = Biodeep|Any CPU
		{21C35138-455B-4833-9756-B2629F972A22}.Biodeep|x64.ActiveCfg = Biodeep|x64
		{21C35138-455B-4833-9756-B2629F972A22}.Biodeep|x64.Build.0 = Biodeep|x64
		{21C35138-455B-4833-9756-B2629F972A22}.Biodeep|x86.ActiveCfg = Biodeep|x86
		{21C35138-455B-4833-9756-B2629F972A22}.Biodeep|x86.Build.0 = Biodeep|x86
		{21C35138-455B-4833-9756-B2629F972A22}.Debug|Any CPU.ActiveCfg = Debug|Any CPU
		{21C35138-455B-4833-9756-B2629F972A22}.Debug|Any CPU.Build.0 = Debug|Any CPU
		{21C35138-455B-4833-9756-B2629F972A22}.Debug|x64.ActiveCfg = Debug|x64
		{21C35138-455B-4833-9756-B2629F972A22}.Debug|x64.Build.0 = Debug|x64
		{21C35138-455B-4833-9756-B2629F972A22}.Debug|x86.ActiveCfg = Debug|x86
		{21C35138-455B-4833-9756-B2629F972A22}.Debug|x86.Build.0 = Debug|x86
		{21C35138-455B-4833-9756-B2629F972A22}.DEMO|Any CPU.ActiveCfg = Debug|Any CPU
		{21C35138-455B-4833-9756-B2629F972A22}.DEMO|Any CPU.Build.0 = Debug|Any CPU
		{21C35138-455B-4833-9756-B2629F972A22}.DEMO|x64.ActiveCfg = Debug|x64
		{21C35138-455B-4833-9756-B2629F972A22}.DEMO|x64.Build.0 = Debug|x64
		{21C35138-455B-4833-9756-B2629F972A22}.DEMO|x86.ActiveCfg = Debug|x86
		{21C35138-455B-4833-9756-B2629F972A22}.DEMO|x86.Build.0 = Debug|x86
		{21C35138-455B-4833-9756-B2629F972A22}.docs|Any CPU.ActiveCfg = docs|Any CPU
		{21C35138-455B-4833-9756-B2629F972A22}.docs|Any CPU.Build.0 = docs|Any CPU
		{21C35138-455B-4833-9756-B2629F972A22}.docs|x64.ActiveCfg = docs|x64
		{21C35138-455B-4833-9756-B2629F972A22}.docs|x64.Build.0 = docs|x64
		{21C35138-455B-4833-9756-B2629F972A22}.docs|x86.ActiveCfg = docs|x86
		{21C35138-455B-4833-9756-B2629F972A22}.docs|x86.Build.0 = docs|x86
		{21C35138-455B-4833-9756-B2629F972A22}.GCModeller(Release_X64)|Any CPU.ActiveCfg = GCModeller(Release_X64)|Any CPU
		{21C35138-455B-4833-9756-B2629F972A22}.GCModeller(Release_X64)|Any CPU.Build.0 = GCModeller(Release_X64)|Any CPU
		{21C35138-455B-4833-9756-B2629F972A22}.GCModeller(Release_X64)|x64.ActiveCfg = GCModeller(Release_X64)|x64
		{21C35138-455B-4833-9756-B2629F972A22}.GCModeller(Release_X64)|x64.Build.0 = GCModeller(Release_X64)|x64
		{21C35138-455B-4833-9756-B2629F972A22}.GCModeller(Release_X64)|x86.ActiveCfg = GCModeller(Release_X64)|x86
		{21C35138-455B-4833-9756-B2629F972A22}.GCModeller(Release_X64)|x86.Build.0 = GCModeller(Release_X64)|x86
		{21C35138-455B-4833-9756-B2629F972A22}.GCModeller(UNIX-Release_X64)|Any CPU.ActiveCfg = GCModeller(UNIX-Release_X64)|Any CPU
		{21C35138-455B-4833-9756-B2629F972A22}.GCModeller(UNIX-Release_X64)|Any CPU.Build.0 = GCModeller(UNIX-Release_X64)|Any CPU
		{21C35138-455B-4833-9756-B2629F972A22}.GCModeller(UNIX-Release_X64)|x64.ActiveCfg = GCModeller(UNIX-Release_X64)|x64
		{21C35138-455B-4833-9756-B2629F972A22}.GCModeller(UNIX-Release_X64)|x64.Build.0 = GCModeller(UNIX-Release_X64)|x64
		{21C35138-455B-4833-9756-B2629F972A22}.GCModeller(UNIX-Release_X64)|x86.ActiveCfg = GCModeller(UNIX-Release_X64)|x86
		{21C35138-455B-4833-9756-B2629F972A22}.GCModeller(UNIX-Release_X64)|x86.Build.0 = GCModeller(UNIX-Release_X64)|x86
		{21C35138-455B-4833-9756-B2629F972A22}.installer_x64|Any CPU.ActiveCfg = GCModeller(Release_X64)|Any CPU
		{21C35138-455B-4833-9756-B2629F972A22}.installer_x64|Any CPU.Build.0 = GCModeller(Release_X64)|Any CPU
		{21C35138-455B-4833-9756-B2629F972A22}.installer_x64|x64.ActiveCfg = GCModeller(Release_X64)|x64
		{21C35138-455B-4833-9756-B2629F972A22}.installer_x64|x64.Build.0 = GCModeller(Release_X64)|x64
		{21C35138-455B-4833-9756-B2629F972A22}.installer_x64|x86.ActiveCfg = GCModeller(Release_X64)|x86
		{21C35138-455B-4833-9756-B2629F972A22}.installer_x64|x86.Build.0 = GCModeller(Release_X64)|x86
		{21C35138-455B-4833-9756-B2629F972A22}.mysqli_X64_release|Any CPU.ActiveCfg = GCModeller(Release_X64)|Any CPU
		{21C35138-455B-4833-9756-B2629F972A22}.mysqli_X64_release|Any CPU.Build.0 = GCModeller(Release_X64)|Any CPU
		{21C35138-455B-4833-9756-B2629F972A22}.mysqli_X64_release|x64.ActiveCfg = GCModeller(Release_X64)|x64
		{21C35138-455B-4833-9756-B2629F972A22}.mysqli_X64_release|x64.Build.0 = GCModeller(Release_X64)|x64
		{21C35138-455B-4833-9756-B2629F972A22}.mysqli_X64_release|x86.ActiveCfg = GCModeller(Release_X64)|x86
		{21C35138-455B-4833-9756-B2629F972A22}.mysqli_X64_release|x86.Build.0 = GCModeller(Release_X64)|x86
		{21C35138-455B-4833-9756-B2629F972A22}.Publish|Any CPU.ActiveCfg = Publish|Any CPU
		{21C35138-455B-4833-9756-B2629F972A22}.Publish|Any CPU.Build.0 = Publish|Any CPU
		{21C35138-455B-4833-9756-B2629F972A22}.Publish|x64.ActiveCfg = Publish|x64
		{21C35138-455B-4833-9756-B2629F972A22}.Publish|x64.Build.0 = Publish|x64
		{21C35138-455B-4833-9756-B2629F972A22}.Publish|x86.ActiveCfg = Publish|x86
		{21C35138-455B-4833-9756-B2629F972A22}.Publish|x86.Build.0 = Publish|x86
		{21C35138-455B-4833-9756-B2629F972A22}.Release|Any CPU.ActiveCfg = Release|Any CPU
		{21C35138-455B-4833-9756-B2629F972A22}.Release|Any CPU.Build.0 = Release|Any CPU
		{21C35138-455B-4833-9756-B2629F972A22}.Release|x64.ActiveCfg = Release|x64
		{21C35138-455B-4833-9756-B2629F972A22}.Release|x64.Build.0 = Release|x64
		{21C35138-455B-4833-9756-B2629F972A22}.Release|x86.ActiveCfg = Release|x86
		{21C35138-455B-4833-9756-B2629F972A22}.Release|x86.Build.0 = Release|x86
		{21C35138-455B-4833-9756-B2629F972A22}.sciBASIC.NET-test-release|Any CPU.ActiveCfg = GCModeller(Release_X64)|Any CPU
		{21C35138-455B-4833-9756-B2629F972A22}.sciBASIC.NET-test-release|Any CPU.Build.0 = GCModeller(Release_X64)|Any CPU
		{21C35138-455B-4833-9756-B2629F972A22}.sciBASIC.NET-test-release|x64.ActiveCfg = GCModeller(Release_X64)|x64
		{21C35138-455B-4833-9756-B2629F972A22}.sciBASIC.NET-test-release|x64.Build.0 = GCModeller(Release_X64)|x64
		{21C35138-455B-4833-9756-B2629F972A22}.sciBASIC.NET-test-release|x86.ActiveCfg = GCModeller(Release_X64)|x86
		{21C35138-455B-4833-9756-B2629F972A22}.sciBASIC.NET-test-release|x86.Build.0 = GCModeller(Release_X64)|x86
		{21C35138-455B-4833-9756-B2629F972A22}.Surveillance-of-infectious-diseases|Any CPU.ActiveCfg = GCModeller(Release_X64)|Any CPU
		{21C35138-455B-4833-9756-B2629F972A22}.Surveillance-of-infectious-diseases|Any CPU.Build.0 = GCModeller(Release_X64)|Any CPU
		{21C35138-455B-4833-9756-B2629F972A22}.Surveillance-of-infectious-diseases|x64.ActiveCfg = GCModeller(Release_X64)|x64
		{21C35138-455B-4833-9756-B2629F972A22}.Surveillance-of-infectious-diseases|x64.Build.0 = GCModeller(Release_X64)|x64
		{21C35138-455B-4833-9756-B2629F972A22}.Surveillance-of-infectious-diseases|x86.ActiveCfg = GCModeller(Release_X64)|x86
		{21C35138-455B-4833-9756-B2629F972A22}.Surveillance-of-infectious-diseases|x86.Build.0 = GCModeller(Release_X64)|x86
		{21C35138-455B-4833-9756-B2629F972A22}.Yilia-Release_x64|Any CPU.ActiveCfg = Release|Any CPU
		{21C35138-455B-4833-9756-B2629F972A22}.Yilia-Release_x64|Any CPU.Build.0 = Release|Any CPU
		{21C35138-455B-4833-9756-B2629F972A22}.Yilia-Release_x64|x64.ActiveCfg = Release|x64
		{21C35138-455B-4833-9756-B2629F972A22}.Yilia-Release_x64|x64.Build.0 = Release|x64
		{21C35138-455B-4833-9756-B2629F972A22}.Yilia-Release_x64|x86.ActiveCfg = Release|x86
		{21C35138-455B-4833-9756-B2629F972A22}.Yilia-Release_x64|x86.Build.0 = Release|x86
		{AB6E71B0-1BE2-4418-AB4B-91D5554CF5A1}.Biodeep_UNIX_x64|Any CPU.ActiveCfg = Biodeep|Any CPU
		{AB6E71B0-1BE2-4418-AB4B-91D5554CF5A1}.Biodeep_UNIX_x64|Any CPU.Build.0 = Biodeep|Any CPU
		{AB6E71B0-1BE2-4418-AB4B-91D5554CF5A1}.Biodeep_UNIX_x64|x64.ActiveCfg = Biodeep|x64
		{AB6E71B0-1BE2-4418-AB4B-91D5554CF5A1}.Biodeep_UNIX_x64|x64.Build.0 = Biodeep|x64
		{AB6E71B0-1BE2-4418-AB4B-91D5554CF5A1}.Biodeep_UNIX_x64|x86.ActiveCfg = Biodeep|x86
		{AB6E71B0-1BE2-4418-AB4B-91D5554CF5A1}.Biodeep_UNIX_x64|x86.Build.0 = Biodeep|x86
		{AB6E71B0-1BE2-4418-AB4B-91D5554CF5A1}.Biodeep|Any CPU.ActiveCfg = Biodeep|Any CPU
		{AB6E71B0-1BE2-4418-AB4B-91D5554CF5A1}.Biodeep|Any CPU.Build.0 = Biodeep|Any CPU
		{AB6E71B0-1BE2-4418-AB4B-91D5554CF5A1}.Biodeep|x64.ActiveCfg = Biodeep|x64
		{AB6E71B0-1BE2-4418-AB4B-91D5554CF5A1}.Biodeep|x64.Build.0 = Biodeep|x64
		{AB6E71B0-1BE2-4418-AB4B-91D5554CF5A1}.Biodeep|x86.ActiveCfg = Biodeep|x86
		{AB6E71B0-1BE2-4418-AB4B-91D5554CF5A1}.Biodeep|x86.Build.0 = Biodeep|x86
		{AB6E71B0-1BE2-4418-AB4B-91D5554CF5A1}.Debug|Any CPU.ActiveCfg = Debug|Any CPU
		{AB6E71B0-1BE2-4418-AB4B-91D5554CF5A1}.Debug|Any CPU.Build.0 = Debug|Any CPU
		{AB6E71B0-1BE2-4418-AB4B-91D5554CF5A1}.Debug|x64.ActiveCfg = Debug|x64
		{AB6E71B0-1BE2-4418-AB4B-91D5554CF5A1}.Debug|x64.Build.0 = Debug|x64
		{AB6E71B0-1BE2-4418-AB4B-91D5554CF5A1}.Debug|x86.ActiveCfg = Debug|x86
		{AB6E71B0-1BE2-4418-AB4B-91D5554CF5A1}.Debug|x86.Build.0 = Debug|x86
		{AB6E71B0-1BE2-4418-AB4B-91D5554CF5A1}.DEMO|Any CPU.ActiveCfg = Debug|Any CPU
		{AB6E71B0-1BE2-4418-AB4B-91D5554CF5A1}.DEMO|Any CPU.Build.0 = Debug|Any CPU
		{AB6E71B0-1BE2-4418-AB4B-91D5554CF5A1}.DEMO|x64.ActiveCfg = Debug|x64
		{AB6E71B0-1BE2-4418-AB4B-91D5554CF5A1}.DEMO|x64.Build.0 = Debug|x64
		{AB6E71B0-1BE2-4418-AB4B-91D5554CF5A1}.DEMO|x86.ActiveCfg = Debug|x86
		{AB6E71B0-1BE2-4418-AB4B-91D5554CF5A1}.DEMO|x86.Build.0 = Debug|x86
		{AB6E71B0-1BE2-4418-AB4B-91D5554CF5A1}.docs|Any CPU.ActiveCfg = docs|Any CPU
		{AB6E71B0-1BE2-4418-AB4B-91D5554CF5A1}.docs|Any CPU.Build.0 = docs|Any CPU
		{AB6E71B0-1BE2-4418-AB4B-91D5554CF5A1}.docs|x64.ActiveCfg = docs|x64
		{AB6E71B0-1BE2-4418-AB4B-91D5554CF5A1}.docs|x64.Build.0 = docs|x64
		{AB6E71B0-1BE2-4418-AB4B-91D5554CF5A1}.docs|x86.ActiveCfg = docs|x86
		{AB6E71B0-1BE2-4418-AB4B-91D5554CF5A1}.docs|x86.Build.0 = docs|x86
		{AB6E71B0-1BE2-4418-AB4B-91D5554CF5A1}.GCModeller(Release_X64)|Any CPU.ActiveCfg = GCModeller(Release_X64)|Any CPU
		{AB6E71B0-1BE2-4418-AB4B-91D5554CF5A1}.GCModeller(Release_X64)|Any CPU.Build.0 = GCModeller(Release_X64)|Any CPU
		{AB6E71B0-1BE2-4418-AB4B-91D5554CF5A1}.GCModeller(Release_X64)|x64.ActiveCfg = GCModeller(Release_X64)|x64
		{AB6E71B0-1BE2-4418-AB4B-91D5554CF5A1}.GCModeller(Release_X64)|x64.Build.0 = GCModeller(Release_X64)|x64
		{AB6E71B0-1BE2-4418-AB4B-91D5554CF5A1}.GCModeller(Release_X64)|x86.ActiveCfg = GCModeller(Release_X64)|x86
		{AB6E71B0-1BE2-4418-AB4B-91D5554CF5A1}.GCModeller(Release_X64)|x86.Build.0 = GCModeller(Release_X64)|x86
		{AB6E71B0-1BE2-4418-AB4B-91D5554CF5A1}.GCModeller(UNIX-Release_X64)|Any CPU.ActiveCfg = GCModeller(UNIX-Release_X64)|Any CPU
		{AB6E71B0-1BE2-4418-AB4B-91D5554CF5A1}.GCModeller(UNIX-Release_X64)|Any CPU.Build.0 = GCModeller(UNIX-Release_X64)|Any CPU
		{AB6E71B0-1BE2-4418-AB4B-91D5554CF5A1}.GCModeller(UNIX-Release_X64)|x64.ActiveCfg = GCModeller(UNIX-Release_X64)|x64
		{AB6E71B0-1BE2-4418-AB4B-91D5554CF5A1}.GCModeller(UNIX-Release_X64)|x64.Build.0 = GCModeller(UNIX-Release_X64)|x64
		{AB6E71B0-1BE2-4418-AB4B-91D5554CF5A1}.GCModeller(UNIX-Release_X64)|x86.ActiveCfg = GCModeller(UNIX-Release_X64)|x86
		{AB6E71B0-1BE2-4418-AB4B-91D5554CF5A1}.GCModeller(UNIX-Release_X64)|x86.Build.0 = GCModeller(UNIX-Release_X64)|x86
		{AB6E71B0-1BE2-4418-AB4B-91D5554CF5A1}.installer_x64|Any CPU.ActiveCfg = GCModeller(Release_X64)|Any CPU
		{AB6E71B0-1BE2-4418-AB4B-91D5554CF5A1}.installer_x64|Any CPU.Build.0 = GCModeller(Release_X64)|Any CPU
		{AB6E71B0-1BE2-4418-AB4B-91D5554CF5A1}.installer_x64|x64.ActiveCfg = GCModeller(Release_X64)|x64
		{AB6E71B0-1BE2-4418-AB4B-91D5554CF5A1}.installer_x64|x64.Build.0 = GCModeller(Release_X64)|x64
		{AB6E71B0-1BE2-4418-AB4B-91D5554CF5A1}.installer_x64|x86.ActiveCfg = GCModeller(Release_X64)|x86
		{AB6E71B0-1BE2-4418-AB4B-91D5554CF5A1}.installer_x64|x86.Build.0 = GCModeller(Release_X64)|x86
		{AB6E71B0-1BE2-4418-AB4B-91D5554CF5A1}.mysqli_X64_release|Any CPU.ActiveCfg = GCModeller(Release_X64)|Any CPU
		{AB6E71B0-1BE2-4418-AB4B-91D5554CF5A1}.mysqli_X64_release|Any CPU.Build.0 = GCModeller(Release_X64)|Any CPU
		{AB6E71B0-1BE2-4418-AB4B-91D5554CF5A1}.mysqli_X64_release|x64.ActiveCfg = GCModeller(Release_X64)|x64
		{AB6E71B0-1BE2-4418-AB4B-91D5554CF5A1}.mysqli_X64_release|x64.Build.0 = GCModeller(Release_X64)|x64
		{AB6E71B0-1BE2-4418-AB4B-91D5554CF5A1}.mysqli_X64_release|x86.ActiveCfg = GCModeller(Release_X64)|x86
		{AB6E71B0-1BE2-4418-AB4B-91D5554CF5A1}.mysqli_X64_release|x86.Build.0 = GCModeller(Release_X64)|x86
		{AB6E71B0-1BE2-4418-AB4B-91D5554CF5A1}.Publish|Any CPU.ActiveCfg = Publish|Any CPU
		{AB6E71B0-1BE2-4418-AB4B-91D5554CF5A1}.Publish|Any CPU.Build.0 = Publish|Any CPU
		{AB6E71B0-1BE2-4418-AB4B-91D5554CF5A1}.Publish|x64.ActiveCfg = Publish|x64
		{AB6E71B0-1BE2-4418-AB4B-91D5554CF5A1}.Publish|x64.Build.0 = Publish|x64
		{AB6E71B0-1BE2-4418-AB4B-91D5554CF5A1}.Publish|x86.ActiveCfg = Publish|x86
		{AB6E71B0-1BE2-4418-AB4B-91D5554CF5A1}.Publish|x86.Build.0 = Publish|x86
		{AB6E71B0-1BE2-4418-AB4B-91D5554CF5A1}.Release|Any CPU.ActiveCfg = Release|Any CPU
		{AB6E71B0-1BE2-4418-AB4B-91D5554CF5A1}.Release|Any CPU.Build.0 = Release|Any CPU
		{AB6E71B0-1BE2-4418-AB4B-91D5554CF5A1}.Release|x64.ActiveCfg = Release|x64
		{AB6E71B0-1BE2-4418-AB4B-91D5554CF5A1}.Release|x64.Build.0 = Release|x64
		{AB6E71B0-1BE2-4418-AB4B-91D5554CF5A1}.Release|x86.ActiveCfg = Release|x86
		{AB6E71B0-1BE2-4418-AB4B-91D5554CF5A1}.Release|x86.Build.0 = Release|x86
		{AB6E71B0-1BE2-4418-AB4B-91D5554CF5A1}.sciBASIC.NET-test-release|Any CPU.ActiveCfg = GCModeller(Release_X64)|Any CPU
		{AB6E71B0-1BE2-4418-AB4B-91D5554CF5A1}.sciBASIC.NET-test-release|Any CPU.Build.0 = GCModeller(Release_X64)|Any CPU
		{AB6E71B0-1BE2-4418-AB4B-91D5554CF5A1}.sciBASIC.NET-test-release|x64.ActiveCfg = GCModeller(Release_X64)|x64
		{AB6E71B0-1BE2-4418-AB4B-91D5554CF5A1}.sciBASIC.NET-test-release|x64.Build.0 = GCModeller(Release_X64)|x64
		{AB6E71B0-1BE2-4418-AB4B-91D5554CF5A1}.sciBASIC.NET-test-release|x86.ActiveCfg = GCModeller(Release_X64)|x86
		{AB6E71B0-1BE2-4418-AB4B-91D5554CF5A1}.sciBASIC.NET-test-release|x86.Build.0 = GCModeller(Release_X64)|x86
		{AB6E71B0-1BE2-4418-AB4B-91D5554CF5A1}.Surveillance-of-infectious-diseases|Any CPU.ActiveCfg = GCModeller(Release_X64)|Any CPU
		{AB6E71B0-1BE2-4418-AB4B-91D5554CF5A1}.Surveillance-of-infectious-diseases|Any CPU.Build.0 = GCModeller(Release_X64)|Any CPU
		{AB6E71B0-1BE2-4418-AB4B-91D5554CF5A1}.Surveillance-of-infectious-diseases|x64.ActiveCfg = GCModeller(Release_X64)|x64
		{AB6E71B0-1BE2-4418-AB4B-91D5554CF5A1}.Surveillance-of-infectious-diseases|x64.Build.0 = GCModeller(Release_X64)|x64
		{AB6E71B0-1BE2-4418-AB4B-91D5554CF5A1}.Surveillance-of-infectious-diseases|x86.ActiveCfg = GCModeller(Release_X64)|x86
		{AB6E71B0-1BE2-4418-AB4B-91D5554CF5A1}.Surveillance-of-infectious-diseases|x86.Build.0 = GCModeller(Release_X64)|x86
		{AB6E71B0-1BE2-4418-AB4B-91D5554CF5A1}.Yilia-Release_x64|Any CPU.ActiveCfg = Release|Any CPU
		{AB6E71B0-1BE2-4418-AB4B-91D5554CF5A1}.Yilia-Release_x64|Any CPU.Build.0 = Release|Any CPU
		{AB6E71B0-1BE2-4418-AB4B-91D5554CF5A1}.Yilia-Release_x64|x64.ActiveCfg = Release|x64
		{AB6E71B0-1BE2-4418-AB4B-91D5554CF5A1}.Yilia-Release_x64|x64.Build.0 = Release|x64
		{AB6E71B0-1BE2-4418-AB4B-91D5554CF5A1}.Yilia-Release_x64|x86.ActiveCfg = Release|x86
		{AB6E71B0-1BE2-4418-AB4B-91D5554CF5A1}.Yilia-Release_x64|x86.Build.0 = Release|x86
		{485965CD-DA31-4517-86F6-94DFD28379C1}.Biodeep_UNIX_x64|Any CPU.ActiveCfg = Biodeep|Any CPU
		{485965CD-DA31-4517-86F6-94DFD28379C1}.Biodeep_UNIX_x64|Any CPU.Build.0 = Biodeep|Any CPU
		{485965CD-DA31-4517-86F6-94DFD28379C1}.Biodeep_UNIX_x64|x64.ActiveCfg = Biodeep|x64
		{485965CD-DA31-4517-86F6-94DFD28379C1}.Biodeep_UNIX_x64|x64.Build.0 = Biodeep|x64
		{485965CD-DA31-4517-86F6-94DFD28379C1}.Biodeep_UNIX_x64|x86.ActiveCfg = Biodeep|x86
		{485965CD-DA31-4517-86F6-94DFD28379C1}.Biodeep_UNIX_x64|x86.Build.0 = Biodeep|x86
		{485965CD-DA31-4517-86F6-94DFD28379C1}.Biodeep|Any CPU.ActiveCfg = Biodeep|Any CPU
		{485965CD-DA31-4517-86F6-94DFD28379C1}.Biodeep|Any CPU.Build.0 = Biodeep|Any CPU
		{485965CD-DA31-4517-86F6-94DFD28379C1}.Biodeep|x64.ActiveCfg = Biodeep|x64
		{485965CD-DA31-4517-86F6-94DFD28379C1}.Biodeep|x64.Build.0 = Biodeep|x64
		{485965CD-DA31-4517-86F6-94DFD28379C1}.Biodeep|x86.ActiveCfg = Biodeep|x86
		{485965CD-DA31-4517-86F6-94DFD28379C1}.Biodeep|x86.Build.0 = Biodeep|x86
		{485965CD-DA31-4517-86F6-94DFD28379C1}.Debug|Any CPU.ActiveCfg = Debug|Any CPU
		{485965CD-DA31-4517-86F6-94DFD28379C1}.Debug|Any CPU.Build.0 = Debug|Any CPU
		{485965CD-DA31-4517-86F6-94DFD28379C1}.Debug|x64.ActiveCfg = Debug|x64
		{485965CD-DA31-4517-86F6-94DFD28379C1}.Debug|x64.Build.0 = Debug|x64
		{485965CD-DA31-4517-86F6-94DFD28379C1}.Debug|x86.ActiveCfg = Debug|x86
		{485965CD-DA31-4517-86F6-94DFD28379C1}.Debug|x86.Build.0 = Debug|x86
		{485965CD-DA31-4517-86F6-94DFD28379C1}.DEMO|Any CPU.ActiveCfg = Debug|Any CPU
		{485965CD-DA31-4517-86F6-94DFD28379C1}.DEMO|Any CPU.Build.0 = Debug|Any CPU
		{485965CD-DA31-4517-86F6-94DFD28379C1}.DEMO|x64.ActiveCfg = Debug|x64
		{485965CD-DA31-4517-86F6-94DFD28379C1}.DEMO|x64.Build.0 = Debug|x64
		{485965CD-DA31-4517-86F6-94DFD28379C1}.DEMO|x86.ActiveCfg = Debug|x86
		{485965CD-DA31-4517-86F6-94DFD28379C1}.DEMO|x86.Build.0 = Debug|x86
		{485965CD-DA31-4517-86F6-94DFD28379C1}.docs|Any CPU.ActiveCfg = docs|Any CPU
		{485965CD-DA31-4517-86F6-94DFD28379C1}.docs|Any CPU.Build.0 = docs|Any CPU
		{485965CD-DA31-4517-86F6-94DFD28379C1}.docs|x64.ActiveCfg = docs|x64
		{485965CD-DA31-4517-86F6-94DFD28379C1}.docs|x64.Build.0 = docs|x64
		{485965CD-DA31-4517-86F6-94DFD28379C1}.docs|x86.ActiveCfg = docs|x86
		{485965CD-DA31-4517-86F6-94DFD28379C1}.docs|x86.Build.0 = docs|x86
		{485965CD-DA31-4517-86F6-94DFD28379C1}.GCModeller(Release_X64)|Any CPU.ActiveCfg = GCModeller(Release_X64)|Any CPU
		{485965CD-DA31-4517-86F6-94DFD28379C1}.GCModeller(Release_X64)|Any CPU.Build.0 = GCModeller(Release_X64)|Any CPU
		{485965CD-DA31-4517-86F6-94DFD28379C1}.GCModeller(Release_X64)|x64.ActiveCfg = GCModeller(Release_X64)|x64
		{485965CD-DA31-4517-86F6-94DFD28379C1}.GCModeller(Release_X64)|x64.Build.0 = GCModeller(Release_X64)|x64
		{485965CD-DA31-4517-86F6-94DFD28379C1}.GCModeller(Release_X64)|x86.ActiveCfg = GCModeller(Release_X64)|x86
		{485965CD-DA31-4517-86F6-94DFD28379C1}.GCModeller(Release_X64)|x86.Build.0 = GCModeller(Release_X64)|x86
		{485965CD-DA31-4517-86F6-94DFD28379C1}.GCModeller(UNIX-Release_X64)|Any CPU.ActiveCfg = GCModeller(UNIX-Release_X64)|Any CPU
		{485965CD-DA31-4517-86F6-94DFD28379C1}.GCModeller(UNIX-Release_X64)|Any CPU.Build.0 = GCModeller(UNIX-Release_X64)|Any CPU
		{485965CD-DA31-4517-86F6-94DFD28379C1}.GCModeller(UNIX-Release_X64)|x64.ActiveCfg = GCModeller(UNIX-Release_X64)|x64
		{485965CD-DA31-4517-86F6-94DFD28379C1}.GCModeller(UNIX-Release_X64)|x64.Build.0 = GCModeller(UNIX-Release_X64)|x64
		{485965CD-DA31-4517-86F6-94DFD28379C1}.GCModeller(UNIX-Release_X64)|x86.ActiveCfg = GCModeller(UNIX-Release_X64)|x86
		{485965CD-DA31-4517-86F6-94DFD28379C1}.GCModeller(UNIX-Release_X64)|x86.Build.0 = GCModeller(UNIX-Release_X64)|x86
		{485965CD-DA31-4517-86F6-94DFD28379C1}.installer_x64|Any CPU.ActiveCfg = Biodeep|Any CPU
		{485965CD-DA31-4517-86F6-94DFD28379C1}.installer_x64|Any CPU.Build.0 = Biodeep|Any CPU
		{485965CD-DA31-4517-86F6-94DFD28379C1}.installer_x64|x64.ActiveCfg = Biodeep|x64
		{485965CD-DA31-4517-86F6-94DFD28379C1}.installer_x64|x64.Build.0 = Biodeep|x64
		{485965CD-DA31-4517-86F6-94DFD28379C1}.installer_x64|x86.ActiveCfg = Biodeep|x86
		{485965CD-DA31-4517-86F6-94DFD28379C1}.installer_x64|x86.Build.0 = Biodeep|x86
		{485965CD-DA31-4517-86F6-94DFD28379C1}.mysqli_X64_release|Any CPU.ActiveCfg = Biodeep|Any CPU
		{485965CD-DA31-4517-86F6-94DFD28379C1}.mysqli_X64_release|Any CPU.Build.0 = Biodeep|Any CPU
		{485965CD-DA31-4517-86F6-94DFD28379C1}.mysqli_X64_release|x64.ActiveCfg = Biodeep|x64
		{485965CD-DA31-4517-86F6-94DFD28379C1}.mysqli_X64_release|x64.Build.0 = Biodeep|x64
		{485965CD-DA31-4517-86F6-94DFD28379C1}.mysqli_X64_release|x86.ActiveCfg = Biodeep|x86
		{485965CD-DA31-4517-86F6-94DFD28379C1}.mysqli_X64_release|x86.Build.0 = Biodeep|x86
		{485965CD-DA31-4517-86F6-94DFD28379C1}.Publish|Any CPU.ActiveCfg = Publish|Any CPU
		{485965CD-DA31-4517-86F6-94DFD28379C1}.Publish|Any CPU.Build.0 = Publish|Any CPU
		{485965CD-DA31-4517-86F6-94DFD28379C1}.Publish|x64.ActiveCfg = Publish|x64
		{485965CD-DA31-4517-86F6-94DFD28379C1}.Publish|x64.Build.0 = Publish|x64
		{485965CD-DA31-4517-86F6-94DFD28379C1}.Publish|x86.ActiveCfg = Publish|x86
		{485965CD-DA31-4517-86F6-94DFD28379C1}.Publish|x86.Build.0 = Publish|x86
		{485965CD-DA31-4517-86F6-94DFD28379C1}.Release|Any CPU.ActiveCfg = Release|Any CPU
		{485965CD-DA31-4517-86F6-94DFD28379C1}.Release|Any CPU.Build.0 = Release|Any CPU
		{485965CD-DA31-4517-86F6-94DFD28379C1}.Release|x64.ActiveCfg = Release|x64
		{485965CD-DA31-4517-86F6-94DFD28379C1}.Release|x64.Build.0 = Release|x64
		{485965CD-DA31-4517-86F6-94DFD28379C1}.Release|x86.ActiveCfg = Release|x86
		{485965CD-DA31-4517-86F6-94DFD28379C1}.Release|x86.Build.0 = Release|x86
		{485965CD-DA31-4517-86F6-94DFD28379C1}.sciBASIC.NET-test-release|Any CPU.ActiveCfg = Biodeep|Any CPU
		{485965CD-DA31-4517-86F6-94DFD28379C1}.sciBASIC.NET-test-release|Any CPU.Build.0 = Biodeep|Any CPU
		{485965CD-DA31-4517-86F6-94DFD28379C1}.sciBASIC.NET-test-release|x64.ActiveCfg = Biodeep|x64
		{485965CD-DA31-4517-86F6-94DFD28379C1}.sciBASIC.NET-test-release|x64.Build.0 = Biodeep|x64
		{485965CD-DA31-4517-86F6-94DFD28379C1}.sciBASIC.NET-test-release|x86.ActiveCfg = Biodeep|x86
		{485965CD-DA31-4517-86F6-94DFD28379C1}.sciBASIC.NET-test-release|x86.Build.0 = Biodeep|x86
		{485965CD-DA31-4517-86F6-94DFD28379C1}.Surveillance-of-infectious-diseases|Any CPU.ActiveCfg = Biodeep|Any CPU
		{485965CD-DA31-4517-86F6-94DFD28379C1}.Surveillance-of-infectious-diseases|Any CPU.Build.0 = Biodeep|Any CPU
		{485965CD-DA31-4517-86F6-94DFD28379C1}.Surveillance-of-infectious-diseases|x64.ActiveCfg = Biodeep|x64
		{485965CD-DA31-4517-86F6-94DFD28379C1}.Surveillance-of-infectious-diseases|x64.Build.0 = Biodeep|x64
		{485965CD-DA31-4517-86F6-94DFD28379C1}.Surveillance-of-infectious-diseases|x86.ActiveCfg = Biodeep|x86
		{485965CD-DA31-4517-86F6-94DFD28379C1}.Surveillance-of-infectious-diseases|x86.Build.0 = Biodeep|x86
		{485965CD-DA31-4517-86F6-94DFD28379C1}.Yilia-Release_x64|Any CPU.ActiveCfg = Release|Any CPU
		{485965CD-DA31-4517-86F6-94DFD28379C1}.Yilia-Release_x64|Any CPU.Build.0 = Release|Any CPU
		{485965CD-DA31-4517-86F6-94DFD28379C1}.Yilia-Release_x64|x64.ActiveCfg = Release|x64
		{485965CD-DA31-4517-86F6-94DFD28379C1}.Yilia-Release_x64|x64.Build.0 = Release|x64
		{485965CD-DA31-4517-86F6-94DFD28379C1}.Yilia-Release_x64|x86.ActiveCfg = Release|x86
		{485965CD-DA31-4517-86F6-94DFD28379C1}.Yilia-Release_x64|x86.Build.0 = Release|x86
		{FC125B0D-1942-496F-B502-9C0EB80E35B6}.Biodeep_UNIX_x64|Any CPU.ActiveCfg = Biodeep|Any CPU
		{FC125B0D-1942-496F-B502-9C0EB80E35B6}.Biodeep_UNIX_x64|Any CPU.Build.0 = Biodeep|Any CPU
		{FC125B0D-1942-496F-B502-9C0EB80E35B6}.Biodeep_UNIX_x64|x64.ActiveCfg = Biodeep|x64
		{FC125B0D-1942-496F-B502-9C0EB80E35B6}.Biodeep_UNIX_x64|x64.Build.0 = Biodeep|x64
		{FC125B0D-1942-496F-B502-9C0EB80E35B6}.Biodeep_UNIX_x64|x86.ActiveCfg = Biodeep|Any CPU
		{FC125B0D-1942-496F-B502-9C0EB80E35B6}.Biodeep_UNIX_x64|x86.Build.0 = Biodeep|Any CPU
		{FC125B0D-1942-496F-B502-9C0EB80E35B6}.Biodeep|Any CPU.ActiveCfg = Biodeep|Any CPU
		{FC125B0D-1942-496F-B502-9C0EB80E35B6}.Biodeep|Any CPU.Build.0 = Biodeep|Any CPU
		{FC125B0D-1942-496F-B502-9C0EB80E35B6}.Biodeep|x64.ActiveCfg = Biodeep|x64
		{FC125B0D-1942-496F-B502-9C0EB80E35B6}.Biodeep|x64.Build.0 = Biodeep|x64
		{FC125B0D-1942-496F-B502-9C0EB80E35B6}.Biodeep|x86.ActiveCfg = Biodeep|Any CPU
		{FC125B0D-1942-496F-B502-9C0EB80E35B6}.Biodeep|x86.Build.0 = Biodeep|Any CPU
		{FC125B0D-1942-496F-B502-9C0EB80E35B6}.Debug|Any CPU.ActiveCfg = Debug|Any CPU
		{FC125B0D-1942-496F-B502-9C0EB80E35B6}.Debug|Any CPU.Build.0 = Debug|Any CPU
		{FC125B0D-1942-496F-B502-9C0EB80E35B6}.Debug|x64.ActiveCfg = Debug|x64
		{FC125B0D-1942-496F-B502-9C0EB80E35B6}.Debug|x64.Build.0 = Debug|x64
		{FC125B0D-1942-496F-B502-9C0EB80E35B6}.Debug|x86.ActiveCfg = Debug|Any CPU
		{FC125B0D-1942-496F-B502-9C0EB80E35B6}.Debug|x86.Build.0 = Debug|Any CPU
		{FC125B0D-1942-496F-B502-9C0EB80E35B6}.DEMO|Any CPU.ActiveCfg = Debug|Any CPU
		{FC125B0D-1942-496F-B502-9C0EB80E35B6}.DEMO|Any CPU.Build.0 = Debug|Any CPU
		{FC125B0D-1942-496F-B502-9C0EB80E35B6}.DEMO|x64.ActiveCfg = Debug|x64
		{FC125B0D-1942-496F-B502-9C0EB80E35B6}.DEMO|x64.Build.0 = Debug|x64
		{FC125B0D-1942-496F-B502-9C0EB80E35B6}.DEMO|x86.ActiveCfg = Debug|Any CPU
		{FC125B0D-1942-496F-B502-9C0EB80E35B6}.DEMO|x86.Build.0 = Debug|Any CPU
		{FC125B0D-1942-496F-B502-9C0EB80E35B6}.docs|Any CPU.ActiveCfg = docs|Any CPU
		{FC125B0D-1942-496F-B502-9C0EB80E35B6}.docs|Any CPU.Build.0 = docs|Any CPU
		{FC125B0D-1942-496F-B502-9C0EB80E35B6}.docs|x64.ActiveCfg = docs|x64
		{FC125B0D-1942-496F-B502-9C0EB80E35B6}.docs|x64.Build.0 = docs|x64
		{FC125B0D-1942-496F-B502-9C0EB80E35B6}.docs|x86.ActiveCfg = docs|Any CPU
		{FC125B0D-1942-496F-B502-9C0EB80E35B6}.docs|x86.Build.0 = docs|Any CPU
		{FC125B0D-1942-496F-B502-9C0EB80E35B6}.GCModeller(Release_X64)|Any CPU.ActiveCfg = GCModeller(Release_X64)|Any CPU
		{FC125B0D-1942-496F-B502-9C0EB80E35B6}.GCModeller(Release_X64)|Any CPU.Build.0 = GCModeller(Release_X64)|Any CPU
		{FC125B0D-1942-496F-B502-9C0EB80E35B6}.GCModeller(Release_X64)|x64.ActiveCfg = GCModeller(Release_X64)|x64
		{FC125B0D-1942-496F-B502-9C0EB80E35B6}.GCModeller(Release_X64)|x64.Build.0 = GCModeller(Release_X64)|x64
		{FC125B0D-1942-496F-B502-9C0EB80E35B6}.GCModeller(Release_X64)|x86.ActiveCfg = GCModeller(Release_X64)|Any CPU
		{FC125B0D-1942-496F-B502-9C0EB80E35B6}.GCModeller(Release_X64)|x86.Build.0 = GCModeller(Release_X64)|Any CPU
		{FC125B0D-1942-496F-B502-9C0EB80E35B6}.GCModeller(UNIX-Release_X64)|Any CPU.ActiveCfg = GCModeller(UNIX-Release_X64)|Any CPU
		{FC125B0D-1942-496F-B502-9C0EB80E35B6}.GCModeller(UNIX-Release_X64)|Any CPU.Build.0 = GCModeller(UNIX-Release_X64)|Any CPU
		{FC125B0D-1942-496F-B502-9C0EB80E35B6}.GCModeller(UNIX-Release_X64)|x64.ActiveCfg = GCModeller(UNIX-Release_X64)|x64
		{FC125B0D-1942-496F-B502-9C0EB80E35B6}.GCModeller(UNIX-Release_X64)|x64.Build.0 = GCModeller(UNIX-Release_X64)|x64
		{FC125B0D-1942-496F-B502-9C0EB80E35B6}.GCModeller(UNIX-Release_X64)|x86.ActiveCfg = GCModeller(UNIX-Release_X64)|Any CPU
		{FC125B0D-1942-496F-B502-9C0EB80E35B6}.GCModeller(UNIX-Release_X64)|x86.Build.0 = GCModeller(UNIX-Release_X64)|Any CPU
		{FC125B0D-1942-496F-B502-9C0EB80E35B6}.installer_x64|Any CPU.ActiveCfg = installer_x64|Any CPU
		{FC125B0D-1942-496F-B502-9C0EB80E35B6}.installer_x64|Any CPU.Build.0 = installer_x64|Any CPU
		{FC125B0D-1942-496F-B502-9C0EB80E35B6}.installer_x64|x64.ActiveCfg = installer_x64|x64
		{FC125B0D-1942-496F-B502-9C0EB80E35B6}.installer_x64|x64.Build.0 = installer_x64|x64
		{FC125B0D-1942-496F-B502-9C0EB80E35B6}.installer_x64|x86.ActiveCfg = installer_x64|Any CPU
		{FC125B0D-1942-496F-B502-9C0EB80E35B6}.installer_x64|x86.Build.0 = installer_x64|Any CPU
		{FC125B0D-1942-496F-B502-9C0EB80E35B6}.mysqli_X64_release|Any CPU.ActiveCfg = Biodeep|Any CPU
		{FC125B0D-1942-496F-B502-9C0EB80E35B6}.mysqli_X64_release|Any CPU.Build.0 = Biodeep|Any CPU
		{FC125B0D-1942-496F-B502-9C0EB80E35B6}.mysqli_X64_release|x64.ActiveCfg = Biodeep|x64
		{FC125B0D-1942-496F-B502-9C0EB80E35B6}.mysqli_X64_release|x64.Build.0 = Biodeep|x64
		{FC125B0D-1942-496F-B502-9C0EB80E35B6}.mysqli_X64_release|x86.ActiveCfg = Biodeep|Any CPU
		{FC125B0D-1942-496F-B502-9C0EB80E35B6}.mysqli_X64_release|x86.Build.0 = Biodeep|Any CPU
		{FC125B0D-1942-496F-B502-9C0EB80E35B6}.Publish|Any CPU.ActiveCfg = Publish|Any CPU
		{FC125B0D-1942-496F-B502-9C0EB80E35B6}.Publish|Any CPU.Build.0 = Publish|Any CPU
		{FC125B0D-1942-496F-B502-9C0EB80E35B6}.Publish|x64.ActiveCfg = Publish|x64
		{FC125B0D-1942-496F-B502-9C0EB80E35B6}.Publish|x64.Build.0 = Publish|x64
		{FC125B0D-1942-496F-B502-9C0EB80E35B6}.Publish|x86.ActiveCfg = Publish|Any CPU
		{FC125B0D-1942-496F-B502-9C0EB80E35B6}.Publish|x86.Build.0 = Publish|Any CPU
		{FC125B0D-1942-496F-B502-9C0EB80E35B6}.Release|Any CPU.ActiveCfg = Release|Any CPU
		{FC125B0D-1942-496F-B502-9C0EB80E35B6}.Release|Any CPU.Build.0 = Release|Any CPU
		{FC125B0D-1942-496F-B502-9C0EB80E35B6}.Release|x64.ActiveCfg = Release|x64
		{FC125B0D-1942-496F-B502-9C0EB80E35B6}.Release|x64.Build.0 = Release|x64
		{FC125B0D-1942-496F-B502-9C0EB80E35B6}.Release|x86.ActiveCfg = Release|Any CPU
		{FC125B0D-1942-496F-B502-9C0EB80E35B6}.Release|x86.Build.0 = Release|Any CPU
		{FC125B0D-1942-496F-B502-9C0EB80E35B6}.sciBASIC.NET-test-release|Any CPU.ActiveCfg = Biodeep|Any CPU
		{FC125B0D-1942-496F-B502-9C0EB80E35B6}.sciBASIC.NET-test-release|Any CPU.Build.0 = Biodeep|Any CPU
		{FC125B0D-1942-496F-B502-9C0EB80E35B6}.sciBASIC.NET-test-release|x64.ActiveCfg = Biodeep|x64
		{FC125B0D-1942-496F-B502-9C0EB80E35B6}.sciBASIC.NET-test-release|x64.Build.0 = Biodeep|x64
		{FC125B0D-1942-496F-B502-9C0EB80E35B6}.sciBASIC.NET-test-release|x86.ActiveCfg = Biodeep|Any CPU
		{FC125B0D-1942-496F-B502-9C0EB80E35B6}.sciBASIC.NET-test-release|x86.Build.0 = Biodeep|Any CPU
		{FC125B0D-1942-496F-B502-9C0EB80E35B6}.Surveillance-of-infectious-diseases|Any CPU.ActiveCfg = Biodeep|Any CPU
		{FC125B0D-1942-496F-B502-9C0EB80E35B6}.Surveillance-of-infectious-diseases|Any CPU.Build.0 = Biodeep|Any CPU
		{FC125B0D-1942-496F-B502-9C0EB80E35B6}.Surveillance-of-infectious-diseases|x64.ActiveCfg = Biodeep|x64
		{FC125B0D-1942-496F-B502-9C0EB80E35B6}.Surveillance-of-infectious-diseases|x64.Build.0 = Biodeep|x64
		{FC125B0D-1942-496F-B502-9C0EB80E35B6}.Surveillance-of-infectious-diseases|x86.ActiveCfg = Biodeep|Any CPU
		{FC125B0D-1942-496F-B502-9C0EB80E35B6}.Surveillance-of-infectious-diseases|x86.Build.0 = Biodeep|Any CPU
		{FC125B0D-1942-496F-B502-9C0EB80E35B6}.Yilia-Release_x64|Any CPU.ActiveCfg = Release|Any CPU
		{FC125B0D-1942-496F-B502-9C0EB80E35B6}.Yilia-Release_x64|Any CPU.Build.0 = Release|Any CPU
		{FC125B0D-1942-496F-B502-9C0EB80E35B6}.Yilia-Release_x64|x64.ActiveCfg = Release|x64
		{FC125B0D-1942-496F-B502-9C0EB80E35B6}.Yilia-Release_x64|x64.Build.0 = Release|x64
		{FC125B0D-1942-496F-B502-9C0EB80E35B6}.Yilia-Release_x64|x86.ActiveCfg = Release|Any CPU
		{FC125B0D-1942-496F-B502-9C0EB80E35B6}.Yilia-Release_x64|x86.Build.0 = Release|Any CPU
	EndGlobalSection
	GlobalSection(SolutionProperties) = preSolution
		HideSolutionNode = FALSE
	EndGlobalSection
	GlobalSection(NestedProjects) = preSolution
		{FECCE1FD-E1D4-49E3-A668-60BB5E7AED99} = {8BFEEE2F-6AE5-49E3-81B6-9AD60EEB9933}
		{7283C179-F852-4EAD-8D8F-B82EF2CBD7DB} = {8BFEEE2F-6AE5-49E3-81B6-9AD60EEB9933}
		{E3367B88-5D0C-495A-8273-331656D4B5AA} = {8BFEEE2F-6AE5-49E3-81B6-9AD60EEB9933}
		{17F8E821-0A01-4975-9CAA-AC95251226D5} = {8BFEEE2F-6AE5-49E3-81B6-9AD60EEB9933}
		{2DD4BE80-DDC3-4767-94A7-10F1C3395716} = {8BFEEE2F-6AE5-49E3-81B6-9AD60EEB9933}
		{85E71B4B-9276-4EC8-AADC-C849205F1EA8} = {8BFEEE2F-6AE5-49E3-81B6-9AD60EEB9933}
		{8BFEEE2F-6AE5-49E3-81B6-9AD60EEB9933} = {52E6E729-A69C-4BA1-B8AC-2E14C0BD321E}
		{25D35D18-979E-4FFB-853B-BFFBE15D9819} = {52E6E729-A69C-4BA1-B8AC-2E14C0BD321E}
		{21C35138-455B-4833-9756-B2629F972A22} = {25D35D18-979E-4FFB-853B-BFFBE15D9819}
		{AB6E71B0-1BE2-4418-AB4B-91D5554CF5A1} = {25D35D18-979E-4FFB-853B-BFFBE15D9819}
		{485965CD-DA31-4517-86F6-94DFD28379C1} = {25D35D18-979E-4FFB-853B-BFFBE15D9819}
		{FC125B0D-1942-496F-B502-9C0EB80E35B6} = {8BFEEE2F-6AE5-49E3-81B6-9AD60EEB9933}
	EndGlobalSection
	GlobalSection(ExtensibilityGlobals) = postSolution
		SolutionGuid = {F40D3C31-6AD7-4A75-8A4B-A5499D7C6621}
	EndGlobalSection
EndGlobal
