
Microsoft Visual Studio Solution File, Format Version 12.00
# Visual Studio Version 17
VisualStudioVersion = 17.3.32728.150
MinimumVisualStudioVersion = 10.0.40219.1
Project("{778DAE3C-4631-46EA-AA77-85C1314464D9}") = "Risk-Assessment", "Risk-Assessment\Risk-Assessment.vbproj", "{FF943679-611F-453C-8195-3D7382DC2A60}"
EndProject
Project("{2150E333-8FDC-42A3-9474-1A3956D46DE8}") = "framework", "framework", "{72BE719D-1B43-4C30-BA8E-2CD3CA4D4470}"
EndProject
Project("{778DAE3C-4631-46EA-AA77-85C1314464D9}") = "Core", "..\..\GCModeller\src\runtime\sciBASIC#\Microsoft.VisualBasic.Core\src\Core.vbproj", "{A81825A0-6B22-4B1F-B16F-45EB84EE13C9}"
EndProject
Project("{778DAE3C-4631-46EA-AA77-85C1314464D9}") = "Math.NET5", "..\..\GCModeller\src\runtime\sciBASIC#\Data_science\Mathematica\Math\Math\Math.NET5.vbproj", "{E342735C-5E0A-4810-98C2-BB15EF8A691D}"
EndProject
Project("{778DAE3C-4631-46EA-AA77-85C1314464D9}") = "html_netcore5", "..\..\GCModeller\src\runtime\sciBASIC#\mime\text%html\html_netcore5.vbproj", "{3C961581-5B1B-40F2-88C4-852D94491FA2}"
EndProject
Project("{778DAE3C-4631-46EA-AA77-85C1314464D9}") = "imaging.NET5", "..\..\GCModeller\src\runtime\sciBASIC#\gr\Microsoft.VisualBasic.Imaging\imaging.NET5.vbproj", "{154A3CDA-43FD-41B4-BD22-F906C93925E9}"
EndProject
Global
	GlobalSection(SolutionConfigurationPlatforms) = preSolution
		BioDeep_database|Any CPU = BioDeep_database|Any CPU
		BioDeep_database|x64 = BioDeep_database|x64
		BioDeep_database|x86 = BioDeep_database|x86
		Biodeep_UNIX_x64|Any CPU = Biodeep_UNIX_x64|Any CPU
		Biodeep_UNIX_x64|x64 = Biodeep_UNIX_x64|x64
		Biodeep_UNIX_x64|x86 = Biodeep_UNIX_x64|x86
		Biodeep|Any CPU = Biodeep|Any CPU
		Biodeep|x64 = Biodeep|x64
		Biodeep|x86 = Biodeep|x86
		Biostack|Any CPU = Biostack|Any CPU
		Biostack|x64 = Biostack|x64
		Biostack|x86 = Biostack|x86
		Biostack-Debug|Any CPU = Biostack-Debug|Any CPU
		Biostack-Debug|x64 = Biostack-Debug|x64
		Biostack-Debug|x86 = Biostack-Debug|x86
		Debug|Any CPU = Debug|Any CPU
		Debug|x64 = Debug|x64
		Debug|x86 = Debug|x86
		DEMO|Any CPU = DEMO|Any CPU
		DEMO|x64 = DEMO|x64
		DEMO|x86 = DEMO|x86
		docs|Any CPU = docs|Any CPU
		docs|x64 = docs|x64
		docs|x86 = docs|x86
		GCModeller(Release_X64)|Any CPU = GCModeller(Release_X64)|Any CPU
		GCModeller(Release_X64)|x64 = GCModeller(Release_X64)|x64
		GCModeller(Release_X64)|x86 = GCModeller(Release_X64)|x86
		GCModeller(UNIX-Release_X64)|Any CPU = GCModeller(UNIX-Release_X64)|Any CPU
		GCModeller(UNIX-Release_X64)|x64 = GCModeller(UNIX-Release_X64)|x64
		GCModeller(UNIX-Release_X64)|x86 = GCModeller(UNIX-Release_X64)|x86
		installer_x64|Any CPU = installer_x64|Any CPU
		installer_x64|x64 = installer_x64|x64
		installer_x64|x86 = installer_x64|x86
		LipidSearch|Any CPU = LipidSearch|Any CPU
		LipidSearch|x64 = LipidSearch|x64
		LipidSearch|x86 = LipidSearch|x86
		MetaCardio|Any CPU = MetaCardio|Any CPU
		MetaCardio|x64 = MetaCardio|x64
		MetaCardio|x86 = MetaCardio|x86
		mysqli_X64_release|Any CPU = mysqli_X64_release|Any CPU
		mysqli_X64_release|x64 = mysqli_X64_release|x64
		mysqli_X64_release|x86 = mysqli_X64_release|x86
		mzkit_UnixDocker|Any CPU = mzkit_UnixDocker|Any CPU
		mzkit_UnixDocker|x64 = mzkit_UnixDocker|x64
		mzkit_UnixDocker|x86 = mzkit_UnixDocker|x86
		mzkit_win32|Any CPU = mzkit_win32|Any CPU
		mzkit_win32|x64 = mzkit_win32|x64
		mzkit_win32|x86 = mzkit_win32|x86
		mzkit|Any CPU = mzkit|Any CPU
		mzkit|x64 = mzkit|x64
		mzkit|x86 = mzkit|x86
		node-debug|Any CPU = node-debug|Any CPU
		node-debug|x64 = node-debug|x64
		node-debug|x86 = node-debug|x86
		NPSearch|Any CPU = NPSearch|Any CPU
		NPSearch|x64 = NPSearch|x64
		NPSearch|x86 = NPSearch|x86
		PlantMAT|Any CPU = PlantMAT|Any CPU
		PlantMAT|x64 = PlantMAT|x64
		PlantMAT|x86 = PlantMAT|x86
		Publish|Any CPU = Publish|Any CPU
		Publish|x64 = Publish|x64
		Publish|x86 = Publish|x86
		Release|Any CPU = Release|Any CPU
		Release|x64 = Release|x64
		Release|x86 = Release|x86
		Rsharp_app_release|Any CPU = Rsharp_app_release|Any CPU
		Rsharp_app_release|x64 = Rsharp_app_release|x64
		Rsharp_app_release|x86 = Rsharp_app_release|x86
		RsharpDev|Any CPU = RsharpDev|Any CPU
		RsharpDev|x64 = RsharpDev|x64
		RsharpDev|x86 = RsharpDev|x86
		sciBASIC.NET-test-release|Any CPU = sciBASIC.NET-test-release|Any CPU
		sciBASIC.NET-test-release|x64 = sciBASIC.NET-test-release|x64
		sciBASIC.NET-test-release|x86 = sciBASIC.NET-test-release|x86
		Surveillance-of-infectious-diseases|Any CPU = Surveillance-of-infectious-diseases|Any CPU
		Surveillance-of-infectious-diseases|x64 = Surveillance-of-infectious-diseases|x64
		Surveillance-of-infectious-diseases|x86 = Surveillance-of-infectious-diseases|x86
		vcellkit|Any CPU = vcellkit|Any CPU
		vcellkit|x64 = vcellkit|x64
		vcellkit|x86 = vcellkit|x86
		Voyager1|Any CPU = Voyager1|Any CPU
		Voyager1|x64 = Voyager1|x64
		Voyager1|x86 = Voyager1|x86
		Yilia-Release_x64|Any CPU = Yilia-Release_x64|Any CPU
		Yilia-Release_x64|x64 = Yilia-Release_x64|x64
		Yilia-Release_x64|x86 = Yilia-Release_x64|x86
	EndGlobalSection
	GlobalSection(ProjectConfigurationPlatforms) = postSolution
		{FF943679-611F-453C-8195-3D7382DC2A60}.BioDeep_database|Any CPU.ActiveCfg = Biodeep|Any CPU
		{FF943679-611F-453C-8195-3D7382DC2A60}.BioDeep_database|Any CPU.Build.0 = Biodeep|Any CPU
		{FF943679-611F-453C-8195-3D7382DC2A60}.BioDeep_database|x64.ActiveCfg = Biodeep|x64
		{FF943679-611F-453C-8195-3D7382DC2A60}.BioDeep_database|x64.Build.0 = Biodeep|x64
		{FF943679-611F-453C-8195-3D7382DC2A60}.BioDeep_database|x86.ActiveCfg = Biodeep|Any CPU
		{FF943679-611F-453C-8195-3D7382DC2A60}.BioDeep_database|x86.Build.0 = Biodeep|Any CPU
		{FF943679-611F-453C-8195-3D7382DC2A60}.Biodeep_UNIX_x64|Any CPU.ActiveCfg = Biodeep|Any CPU
		{FF943679-611F-453C-8195-3D7382DC2A60}.Biodeep_UNIX_x64|Any CPU.Build.0 = Biodeep|Any CPU
		{FF943679-611F-453C-8195-3D7382DC2A60}.Biodeep_UNIX_x64|x64.ActiveCfg = Biodeep|x64
		{FF943679-611F-453C-8195-3D7382DC2A60}.Biodeep_UNIX_x64|x64.Build.0 = Biodeep|x64
		{FF943679-611F-453C-8195-3D7382DC2A60}.Biodeep_UNIX_x64|x86.ActiveCfg = Biodeep|Any CPU
		{FF943679-611F-453C-8195-3D7382DC2A60}.Biodeep_UNIX_x64|x86.Build.0 = Biodeep|Any CPU
		{FF943679-611F-453C-8195-3D7382DC2A60}.Biodeep|Any CPU.ActiveCfg = Biodeep|Any CPU
		{FF943679-611F-453C-8195-3D7382DC2A60}.Biodeep|Any CPU.Build.0 = Biodeep|Any CPU
		{FF943679-611F-453C-8195-3D7382DC2A60}.Biodeep|x64.ActiveCfg = Biodeep|x64
		{FF943679-611F-453C-8195-3D7382DC2A60}.Biodeep|x64.Build.0 = Biodeep|x64
		{FF943679-611F-453C-8195-3D7382DC2A60}.Biodeep|x86.ActiveCfg = Biodeep|Any CPU
		{FF943679-611F-453C-8195-3D7382DC2A60}.Biodeep|x86.Build.0 = Biodeep|Any CPU
		{FF943679-611F-453C-8195-3D7382DC2A60}.Biostack|Any CPU.ActiveCfg = Biodeep|Any CPU
		{FF943679-611F-453C-8195-3D7382DC2A60}.Biostack|Any CPU.Build.0 = Biodeep|Any CPU
		{FF943679-611F-453C-8195-3D7382DC2A60}.Biostack|x64.ActiveCfg = Biodeep|x64
		{FF943679-611F-453C-8195-3D7382DC2A60}.Biostack|x64.Build.0 = Biodeep|x64
		{FF943679-611F-453C-8195-3D7382DC2A60}.Biostack|x86.ActiveCfg = Biodeep|Any CPU
		{FF943679-611F-453C-8195-3D7382DC2A60}.Biostack|x86.Build.0 = Biodeep|Any CPU
		{FF943679-611F-453C-8195-3D7382DC2A60}.Biostack-Debug|Any CPU.ActiveCfg = Biodeep|Any CPU
		{FF943679-611F-453C-8195-3D7382DC2A60}.Biostack-Debug|Any CPU.Build.0 = Biodeep|Any CPU
		{FF943679-611F-453C-8195-3D7382DC2A60}.Biostack-Debug|x64.ActiveCfg = Biodeep|x64
		{FF943679-611F-453C-8195-3D7382DC2A60}.Biostack-Debug|x64.Build.0 = Biodeep|x64
		{FF943679-611F-453C-8195-3D7382DC2A60}.Biostack-Debug|x86.ActiveCfg = Biodeep|Any CPU
		{FF943679-611F-453C-8195-3D7382DC2A60}.Biostack-Debug|x86.Build.0 = Biodeep|Any CPU
		{FF943679-611F-453C-8195-3D7382DC2A60}.Debug|Any CPU.ActiveCfg = Debug|Any CPU
		{FF943679-611F-453C-8195-3D7382DC2A60}.Debug|Any CPU.Build.0 = Debug|Any CPU
		{FF943679-611F-453C-8195-3D7382DC2A60}.Debug|x64.ActiveCfg = Debug|x64
		{FF943679-611F-453C-8195-3D7382DC2A60}.Debug|x64.Build.0 = Debug|x64
		{FF943679-611F-453C-8195-3D7382DC2A60}.Debug|x86.ActiveCfg = Debug|Any CPU
		{FF943679-611F-453C-8195-3D7382DC2A60}.Debug|x86.Build.0 = Debug|Any CPU
		{FF943679-611F-453C-8195-3D7382DC2A60}.DEMO|Any CPU.ActiveCfg = Debug|Any CPU
		{FF943679-611F-453C-8195-3D7382DC2A60}.DEMO|Any CPU.Build.0 = Debug|Any CPU
		{FF943679-611F-453C-8195-3D7382DC2A60}.DEMO|x64.ActiveCfg = Debug|x64
		{FF943679-611F-453C-8195-3D7382DC2A60}.DEMO|x64.Build.0 = Debug|x64
		{FF943679-611F-453C-8195-3D7382DC2A60}.DEMO|x86.ActiveCfg = Debug|Any CPU
		{FF943679-611F-453C-8195-3D7382DC2A60}.DEMO|x86.Build.0 = Debug|Any CPU
		{FF943679-611F-453C-8195-3D7382DC2A60}.docs|Any CPU.ActiveCfg = Debug|Any CPU
		{FF943679-611F-453C-8195-3D7382DC2A60}.docs|Any CPU.Build.0 = Debug|Any CPU
		{FF943679-611F-453C-8195-3D7382DC2A60}.docs|x64.ActiveCfg = Debug|x64
		{FF943679-611F-453C-8195-3D7382DC2A60}.docs|x64.Build.0 = Debug|x64
		{FF943679-611F-453C-8195-3D7382DC2A60}.docs|x86.ActiveCfg = Debug|Any CPU
		{FF943679-611F-453C-8195-3D7382DC2A60}.docs|x86.Build.0 = Debug|Any CPU
		{FF943679-611F-453C-8195-3D7382DC2A60}.GCModeller(Release_X64)|Any CPU.ActiveCfg = Release|Any CPU
		{FF943679-611F-453C-8195-3D7382DC2A60}.GCModeller(Release_X64)|Any CPU.Build.0 = Release|Any CPU
		{FF943679-611F-453C-8195-3D7382DC2A60}.GCModeller(Release_X64)|x64.ActiveCfg = Release|x64
		{FF943679-611F-453C-8195-3D7382DC2A60}.GCModeller(Release_X64)|x64.Build.0 = Release|x64
		{FF943679-611F-453C-8195-3D7382DC2A60}.GCModeller(Release_X64)|x86.ActiveCfg = Release|Any CPU
		{FF943679-611F-453C-8195-3D7382DC2A60}.GCModeller(Release_X64)|x86.Build.0 = Release|Any CPU
		{FF943679-611F-453C-8195-3D7382DC2A60}.GCModeller(UNIX-Release_X64)|Any CPU.ActiveCfg = Release|Any CPU
		{FF943679-611F-453C-8195-3D7382DC2A60}.GCModeller(UNIX-Release_X64)|Any CPU.Build.0 = Release|Any CPU
		{FF943679-611F-453C-8195-3D7382DC2A60}.GCModeller(UNIX-Release_X64)|x64.ActiveCfg = Release|x64
		{FF943679-611F-453C-8195-3D7382DC2A60}.GCModeller(UNIX-Release_X64)|x64.Build.0 = Release|x64
		{FF943679-611F-453C-8195-3D7382DC2A60}.GCModeller(UNIX-Release_X64)|x86.ActiveCfg = Release|Any CPU
		{FF943679-611F-453C-8195-3D7382DC2A60}.GCModeller(UNIX-Release_X64)|x86.Build.0 = Release|Any CPU
		{FF943679-611F-453C-8195-3D7382DC2A60}.installer_x64|Any CPU.ActiveCfg = Biodeep|Any CPU
		{FF943679-611F-453C-8195-3D7382DC2A60}.installer_x64|Any CPU.Build.0 = Biodeep|Any CPU
		{FF943679-611F-453C-8195-3D7382DC2A60}.installer_x64|x64.ActiveCfg = Biodeep|x64
		{FF943679-611F-453C-8195-3D7382DC2A60}.installer_x64|x64.Build.0 = Biodeep|x64
		{FF943679-611F-453C-8195-3D7382DC2A60}.installer_x64|x86.ActiveCfg = Biodeep|Any CPU
		{FF943679-611F-453C-8195-3D7382DC2A60}.installer_x64|x86.Build.0 = Biodeep|Any CPU
		{FF943679-611F-453C-8195-3D7382DC2A60}.LipidSearch|Any CPU.ActiveCfg = Rsharp_app_release|Any CPU
		{FF943679-611F-453C-8195-3D7382DC2A60}.LipidSearch|Any CPU.Build.0 = Rsharp_app_release|Any CPU
		{FF943679-611F-453C-8195-3D7382DC2A60}.LipidSearch|x64.ActiveCfg = Rsharp_app_release|x64
		{FF943679-611F-453C-8195-3D7382DC2A60}.LipidSearch|x64.Build.0 = Rsharp_app_release|x64
		{FF943679-611F-453C-8195-3D7382DC2A60}.LipidSearch|x86.ActiveCfg = Rsharp_app_release|Any CPU
		{FF943679-611F-453C-8195-3D7382DC2A60}.LipidSearch|x86.Build.0 = Rsharp_app_release|Any CPU
		{FF943679-611F-453C-8195-3D7382DC2A60}.MetaCardio|Any CPU.ActiveCfg = Rsharp_app_release|Any CPU
		{FF943679-611F-453C-8195-3D7382DC2A60}.MetaCardio|Any CPU.Build.0 = Rsharp_app_release|Any CPU
		{FF943679-611F-453C-8195-3D7382DC2A60}.MetaCardio|x64.ActiveCfg = Rsharp_app_release|x64
		{FF943679-611F-453C-8195-3D7382DC2A60}.MetaCardio|x64.Build.0 = Rsharp_app_release|x64
		{FF943679-611F-453C-8195-3D7382DC2A60}.MetaCardio|x86.ActiveCfg = Rsharp_app_release|Any CPU
		{FF943679-611F-453C-8195-3D7382DC2A60}.MetaCardio|x86.Build.0 = Rsharp_app_release|Any CPU
		{FF943679-611F-453C-8195-3D7382DC2A60}.mysqli_X64_release|Any CPU.ActiveCfg = Biodeep|Any CPU
		{FF943679-611F-453C-8195-3D7382DC2A60}.mysqli_X64_release|Any CPU.Build.0 = Biodeep|Any CPU
		{FF943679-611F-453C-8195-3D7382DC2A60}.mysqli_X64_release|x64.ActiveCfg = Biodeep|x64
		{FF943679-611F-453C-8195-3D7382DC2A60}.mysqli_X64_release|x64.Build.0 = Biodeep|x64
		{FF943679-611F-453C-8195-3D7382DC2A60}.mysqli_X64_release|x86.ActiveCfg = Biodeep|Any CPU
		{FF943679-611F-453C-8195-3D7382DC2A60}.mysqli_X64_release|x86.Build.0 = Biodeep|Any CPU
		{FF943679-611F-453C-8195-3D7382DC2A60}.mzkit_UnixDocker|Any CPU.ActiveCfg = Rsharp_app_release|Any CPU
		{FF943679-611F-453C-8195-3D7382DC2A60}.mzkit_UnixDocker|Any CPU.Build.0 = Rsharp_app_release|Any CPU
		{FF943679-611F-453C-8195-3D7382DC2A60}.mzkit_UnixDocker|x64.ActiveCfg = Rsharp_app_release|x64
		{FF943679-611F-453C-8195-3D7382DC2A60}.mzkit_UnixDocker|x64.Build.0 = Rsharp_app_release|x64
		{FF943679-611F-453C-8195-3D7382DC2A60}.mzkit_UnixDocker|x86.ActiveCfg = Rsharp_app_release|Any CPU
		{FF943679-611F-453C-8195-3D7382DC2A60}.mzkit_UnixDocker|x86.Build.0 = Rsharp_app_release|Any CPU
		{FF943679-611F-453C-8195-3D7382DC2A60}.mzkit_win32|Any CPU.ActiveCfg = Rsharp_app_release|Any CPU
		{FF943679-611F-453C-8195-3D7382DC2A60}.mzkit_win32|Any CPU.Build.0 = Rsharp_app_release|Any CPU
		{FF943679-611F-453C-8195-3D7382DC2A60}.mzkit_win32|x64.ActiveCfg = Rsharp_app_release|x64
		{FF943679-611F-453C-8195-3D7382DC2A60}.mzkit_win32|x64.Build.0 = Rsharp_app_release|x64
		{FF943679-611F-453C-8195-3D7382DC2A60}.mzkit_win32|x86.ActiveCfg = Rsharp_app_release|Any CPU
		{FF943679-611F-453C-8195-3D7382DC2A60}.mzkit_win32|x86.Build.0 = Rsharp_app_release|Any CPU
		{FF943679-611F-453C-8195-3D7382DC2A60}.mzkit|Any CPU.ActiveCfg = Rsharp_app_release|Any CPU
		{FF943679-611F-453C-8195-3D7382DC2A60}.mzkit|Any CPU.Build.0 = Rsharp_app_release|Any CPU
		{FF943679-611F-453C-8195-3D7382DC2A60}.mzkit|x64.ActiveCfg = Rsharp_app_release|x64
		{FF943679-611F-453C-8195-3D7382DC2A60}.mzkit|x64.Build.0 = Rsharp_app_release|x64
		{FF943679-611F-453C-8195-3D7382DC2A60}.mzkit|x86.ActiveCfg = Rsharp_app_release|Any CPU
		{FF943679-611F-453C-8195-3D7382DC2A60}.mzkit|x86.Build.0 = Rsharp_app_release|Any CPU
		{FF943679-611F-453C-8195-3D7382DC2A60}.node-debug|Any CPU.ActiveCfg = Rsharp_app_release|Any CPU
		{FF943679-611F-453C-8195-3D7382DC2A60}.node-debug|Any CPU.Build.0 = Rsharp_app_release|Any CPU
		{FF943679-611F-453C-8195-3D7382DC2A60}.node-debug|x64.ActiveCfg = Rsharp_app_release|x64
		{FF943679-611F-453C-8195-3D7382DC2A60}.node-debug|x64.Build.0 = Rsharp_app_release|x64
		{FF943679-611F-453C-8195-3D7382DC2A60}.node-debug|x86.ActiveCfg = Rsharp_app_release|Any CPU
		{FF943679-611F-453C-8195-3D7382DC2A60}.node-debug|x86.Build.0 = Rsharp_app_release|Any CPU
		{FF943679-611F-453C-8195-3D7382DC2A60}.NPSearch|Any CPU.ActiveCfg = Rsharp_app_release|Any CPU
		{FF943679-611F-453C-8195-3D7382DC2A60}.NPSearch|Any CPU.Build.0 = Rsharp_app_release|Any CPU
		{FF943679-611F-453C-8195-3D7382DC2A60}.NPSearch|x64.ActiveCfg = Rsharp_app_release|x64
		{FF943679-611F-453C-8195-3D7382DC2A60}.NPSearch|x64.Build.0 = Rsharp_app_release|x64
		{FF943679-611F-453C-8195-3D7382DC2A60}.NPSearch|x86.ActiveCfg = Rsharp_app_release|Any CPU
		{FF943679-611F-453C-8195-3D7382DC2A60}.NPSearch|x86.Build.0 = Rsharp_app_release|Any CPU
		{FF943679-611F-453C-8195-3D7382DC2A60}.PlantMAT|Any CPU.ActiveCfg = Rsharp_app_release|Any CPU
		{FF943679-611F-453C-8195-3D7382DC2A60}.PlantMAT|Any CPU.Build.0 = Rsharp_app_release|Any CPU
		{FF943679-611F-453C-8195-3D7382DC2A60}.PlantMAT|x64.ActiveCfg = Rsharp_app_release|x64
		{FF943679-611F-453C-8195-3D7382DC2A60}.PlantMAT|x64.Build.0 = Rsharp_app_release|x64
		{FF943679-611F-453C-8195-3D7382DC2A60}.PlantMAT|x86.ActiveCfg = Rsharp_app_release|Any CPU
		{FF943679-611F-453C-8195-3D7382DC2A60}.PlantMAT|x86.Build.0 = Rsharp_app_release|Any CPU
		{FF943679-611F-453C-8195-3D7382DC2A60}.Publish|Any CPU.ActiveCfg = Biodeep|Any CPU
		{FF943679-611F-453C-8195-3D7382DC2A60}.Publish|Any CPU.Build.0 = Biodeep|Any CPU
		{FF943679-611F-453C-8195-3D7382DC2A60}.Publish|x64.ActiveCfg = Biodeep|x64
		{FF943679-611F-453C-8195-3D7382DC2A60}.Publish|x64.Build.0 = Biodeep|x64
		{FF943679-611F-453C-8195-3D7382DC2A60}.Publish|x86.ActiveCfg = Biodeep|Any CPU
		{FF943679-611F-453C-8195-3D7382DC2A60}.Publish|x86.Build.0 = Biodeep|Any CPU
		{FF943679-611F-453C-8195-3D7382DC2A60}.Release|Any CPU.ActiveCfg = Release|Any CPU
		{FF943679-611F-453C-8195-3D7382DC2A60}.Release|Any CPU.Build.0 = Release|Any CPU
		{FF943679-611F-453C-8195-3D7382DC2A60}.Release|x64.ActiveCfg = Release|x64
		{FF943679-611F-453C-8195-3D7382DC2A60}.Release|x64.Build.0 = Release|x64
		{FF943679-611F-453C-8195-3D7382DC2A60}.Release|x86.ActiveCfg = Release|Any CPU
		{FF943679-611F-453C-8195-3D7382DC2A60}.Release|x86.Build.0 = Release|Any CPU
		{FF943679-611F-453C-8195-3D7382DC2A60}.Rsharp_app_release|Any CPU.ActiveCfg = Rsharp_app_release|Any CPU
		{FF943679-611F-453C-8195-3D7382DC2A60}.Rsharp_app_release|Any CPU.Build.0 = Rsharp_app_release|Any CPU
		{FF943679-611F-453C-8195-3D7382DC2A60}.Rsharp_app_release|x64.ActiveCfg = Rsharp_app_release|x64
		{FF943679-611F-453C-8195-3D7382DC2A60}.Rsharp_app_release|x64.Build.0 = Rsharp_app_release|x64
		{FF943679-611F-453C-8195-3D7382DC2A60}.Rsharp_app_release|x86.ActiveCfg = Rsharp_app_release|Any CPU
		{FF943679-611F-453C-8195-3D7382DC2A60}.Rsharp_app_release|x86.Build.0 = Rsharp_app_release|Any CPU
		{FF943679-611F-453C-8195-3D7382DC2A60}.RsharpDev|Any CPU.ActiveCfg = Rsharp_app_release|Any CPU
		{FF943679-611F-453C-8195-3D7382DC2A60}.RsharpDev|Any CPU.Build.0 = Rsharp_app_release|Any CPU
		{FF943679-611F-453C-8195-3D7382DC2A60}.RsharpDev|x64.ActiveCfg = Rsharp_app_release|x64
		{FF943679-611F-453C-8195-3D7382DC2A60}.RsharpDev|x64.Build.0 = Rsharp_app_release|x64
		{FF943679-611F-453C-8195-3D7382DC2A60}.RsharpDev|x86.ActiveCfg = Rsharp_app_release|Any CPU
		{FF943679-611F-453C-8195-3D7382DC2A60}.RsharpDev|x86.Build.0 = Rsharp_app_release|Any CPU
		{FF943679-611F-453C-8195-3D7382DC2A60}.sciBASIC.NET-test-release|Any CPU.ActiveCfg = Biodeep|Any CPU
		{FF943679-611F-453C-8195-3D7382DC2A60}.sciBASIC.NET-test-release|Any CPU.Build.0 = Biodeep|Any CPU
		{FF943679-611F-453C-8195-3D7382DC2A60}.sciBASIC.NET-test-release|x64.ActiveCfg = Biodeep|x64
		{FF943679-611F-453C-8195-3D7382DC2A60}.sciBASIC.NET-test-release|x64.Build.0 = Biodeep|x64
		{FF943679-611F-453C-8195-3D7382DC2A60}.sciBASIC.NET-test-release|x86.ActiveCfg = Biodeep|Any CPU
		{FF943679-611F-453C-8195-3D7382DC2A60}.sciBASIC.NET-test-release|x86.Build.0 = Biodeep|Any CPU
		{FF943679-611F-453C-8195-3D7382DC2A60}.Surveillance-of-infectious-diseases|Any CPU.ActiveCfg = Biodeep|Any CPU
		{FF943679-611F-453C-8195-3D7382DC2A60}.Surveillance-of-infectious-diseases|Any CPU.Build.0 = Biodeep|Any CPU
		{FF943679-611F-453C-8195-3D7382DC2A60}.Surveillance-of-infectious-diseases|x64.ActiveCfg = Biodeep|x64
		{FF943679-611F-453C-8195-3D7382DC2A60}.Surveillance-of-infectious-diseases|x64.Build.0 = Biodeep|x64
		{FF943679-611F-453C-8195-3D7382DC2A60}.Surveillance-of-infectious-diseases|x86.ActiveCfg = Biodeep|Any CPU
		{FF943679-611F-453C-8195-3D7382DC2A60}.Surveillance-of-infectious-diseases|x86.Build.0 = Biodeep|Any CPU
		{FF943679-611F-453C-8195-3D7382DC2A60}.vcellkit|Any CPU.ActiveCfg = Rsharp_app_release|Any CPU
		{FF943679-611F-453C-8195-3D7382DC2A60}.vcellkit|Any CPU.Build.0 = Rsharp_app_release|Any CPU
		{FF943679-611F-453C-8195-3D7382DC2A60}.vcellkit|x64.ActiveCfg = Rsharp_app_release|x64
		{FF943679-611F-453C-8195-3D7382DC2A60}.vcellkit|x64.Build.0 = Rsharp_app_release|x64
		{FF943679-611F-453C-8195-3D7382DC2A60}.vcellkit|x86.ActiveCfg = Rsharp_app_release|Any CPU
		{FF943679-611F-453C-8195-3D7382DC2A60}.vcellkit|x86.Build.0 = Rsharp_app_release|Any CPU
		{FF943679-611F-453C-8195-3D7382DC2A60}.Voyager1|Any CPU.ActiveCfg = Rsharp_app_release|Any CPU
		{FF943679-611F-453C-8195-3D7382DC2A60}.Voyager1|Any CPU.Build.0 = Rsharp_app_release|Any CPU
		{FF943679-611F-453C-8195-3D7382DC2A60}.Voyager1|x64.ActiveCfg = Rsharp_app_release|x64
		{FF943679-611F-453C-8195-3D7382DC2A60}.Voyager1|x64.Build.0 = Rsharp_app_release|x64
		{FF943679-611F-453C-8195-3D7382DC2A60}.Voyager1|x86.ActiveCfg = Rsharp_app_release|Any CPU
		{FF943679-611F-453C-8195-3D7382DC2A60}.Voyager1|x86.Build.0 = Rsharp_app_release|Any CPU
		{FF943679-611F-453C-8195-3D7382DC2A60}.Yilia-Release_x64|Any CPU.ActiveCfg = Release|Any CPU
		{FF943679-611F-453C-8195-3D7382DC2A60}.Yilia-Release_x64|Any CPU.Build.0 = Release|Any CPU
		{FF943679-611F-453C-8195-3D7382DC2A60}.Yilia-Release_x64|x64.ActiveCfg = Release|x64
		{FF943679-611F-453C-8195-3D7382DC2A60}.Yilia-Release_x64|x64.Build.0 = Release|x64
		{FF943679-611F-453C-8195-3D7382DC2A60}.Yilia-Release_x64|x86.ActiveCfg = Release|Any CPU
		{FF943679-611F-453C-8195-3D7382DC2A60}.Yilia-Release_x64|x86.Build.0 = Release|Any CPU
		{A81825A0-6B22-4B1F-B16F-45EB84EE13C9}.BioDeep_database|Any CPU.ActiveCfg = Debug|Any CPU
		{A81825A0-6B22-4B1F-B16F-45EB84EE13C9}.BioDeep_database|Any CPU.Build.0 = Debug|Any CPU
		{A81825A0-6B22-4B1F-B16F-45EB84EE13C9}.BioDeep_database|x64.ActiveCfg = Debug|x64
		{A81825A0-6B22-4B1F-B16F-45EB84EE13C9}.BioDeep_database|x64.Build.0 = Debug|x64
		{A81825A0-6B22-4B1F-B16F-45EB84EE13C9}.BioDeep_database|x86.ActiveCfg = Debug|Any CPU
		{A81825A0-6B22-4B1F-B16F-45EB84EE13C9}.BioDeep_database|x86.Build.0 = Debug|Any CPU
		{A81825A0-6B22-4B1F-B16F-45EB84EE13C9}.Biodeep_UNIX_x64|Any CPU.ActiveCfg = Debug|Any CPU
		{A81825A0-6B22-4B1F-B16F-45EB84EE13C9}.Biodeep_UNIX_x64|Any CPU.Build.0 = Debug|Any CPU
		{A81825A0-6B22-4B1F-B16F-45EB84EE13C9}.Biodeep_UNIX_x64|x64.ActiveCfg = Debug|x64
		{A81825A0-6B22-4B1F-B16F-45EB84EE13C9}.Biodeep_UNIX_x64|x64.Build.0 = Debug|x64
		{A81825A0-6B22-4B1F-B16F-45EB84EE13C9}.Biodeep_UNIX_x64|x86.ActiveCfg = Debug|Any CPU
		{A81825A0-6B22-4B1F-B16F-45EB84EE13C9}.Biodeep_UNIX_x64|x86.Build.0 = Debug|Any CPU
		{A81825A0-6B22-4B1F-B16F-45EB84EE13C9}.Biodeep|Any CPU.ActiveCfg = Debug|Any CPU
		{A81825A0-6B22-4B1F-B16F-45EB84EE13C9}.Biodeep|Any CPU.Build.0 = Debug|Any CPU
		{A81825A0-6B22-4B1F-B16F-45EB84EE13C9}.Biodeep|x64.ActiveCfg = Debug|x64
		{A81825A0-6B22-4B1F-B16F-45EB84EE13C9}.Biodeep|x64.Build.0 = Debug|x64
		{A81825A0-6B22-4B1F-B16F-45EB84EE13C9}.Biodeep|x86.ActiveCfg = Debug|Any CPU
		{A81825A0-6B22-4B1F-B16F-45EB84EE13C9}.Biodeep|x86.Build.0 = Debug|Any CPU
		{A81825A0-6B22-4B1F-B16F-45EB84EE13C9}.Biostack|Any CPU.ActiveCfg = Debug|Any CPU
		{A81825A0-6B22-4B1F-B16F-45EB84EE13C9}.Biostack|Any CPU.Build.0 = Debug|Any CPU
		{A81825A0-6B22-4B1F-B16F-45EB84EE13C9}.Biostack|x64.ActiveCfg = Debug|x64
		{A81825A0-6B22-4B1F-B16F-45EB84EE13C9}.Biostack|x64.Build.0 = Debug|x64
		{A81825A0-6B22-4B1F-B16F-45EB84EE13C9}.Biostack|x86.ActiveCfg = Debug|Any CPU
		{A81825A0-6B22-4B1F-B16F-45EB84EE13C9}.Biostack|x86.Build.0 = Debug|Any CPU
		{A81825A0-6B22-4B1F-B16F-45EB84EE13C9}.Biostack-Debug|Any CPU.ActiveCfg = Debug|Any CPU
		{A81825A0-6B22-4B1F-B16F-45EB84EE13C9}.Biostack-Debug|Any CPU.Build.0 = Debug|Any CPU
		{A81825A0-6B22-4B1F-B16F-45EB84EE13C9}.Biostack-Debug|x64.ActiveCfg = Debug|x64
		{A81825A0-6B22-4B1F-B16F-45EB84EE13C9}.Biostack-Debug|x64.Build.0 = Debug|x64
		{A81825A0-6B22-4B1F-B16F-45EB84EE13C9}.Biostack-Debug|x86.ActiveCfg = Debug|Any CPU
		{A81825A0-6B22-4B1F-B16F-45EB84EE13C9}.Biostack-Debug|x86.Build.0 = Debug|Any CPU
		{A81825A0-6B22-4B1F-B16F-45EB84EE13C9}.Debug|Any CPU.ActiveCfg = Debug|Any CPU
		{A81825A0-6B22-4B1F-B16F-45EB84EE13C9}.Debug|Any CPU.Build.0 = Debug|Any CPU
		{A81825A0-6B22-4B1F-B16F-45EB84EE13C9}.Debug|x64.ActiveCfg = Debug|x64
		{A81825A0-6B22-4B1F-B16F-45EB84EE13C9}.Debug|x64.Build.0 = Debug|x64
		{A81825A0-6B22-4B1F-B16F-45EB84EE13C9}.Debug|x86.ActiveCfg = Debug|Any CPU
		{A81825A0-6B22-4B1F-B16F-45EB84EE13C9}.Debug|x86.Build.0 = Debug|Any CPU
		{A81825A0-6B22-4B1F-B16F-45EB84EE13C9}.DEMO|Any CPU.ActiveCfg = Debug|Any CPU
		{A81825A0-6B22-4B1F-B16F-45EB84EE13C9}.DEMO|Any CPU.Build.0 = Debug|Any CPU
		{A81825A0-6B22-4B1F-B16F-45EB84EE13C9}.DEMO|x64.ActiveCfg = Debug|x64
		{A81825A0-6B22-4B1F-B16F-45EB84EE13C9}.DEMO|x64.Build.0 = Debug|x64
		{A81825A0-6B22-4B1F-B16F-45EB84EE13C9}.DEMO|x86.ActiveCfg = Debug|Any CPU
		{A81825A0-6B22-4B1F-B16F-45EB84EE13C9}.DEMO|x86.Build.0 = Debug|Any CPU
		{A81825A0-6B22-4B1F-B16F-45EB84EE13C9}.docs|Any CPU.ActiveCfg = Debug|Any CPU
		{A81825A0-6B22-4B1F-B16F-45EB84EE13C9}.docs|Any CPU.Build.0 = Debug|Any CPU
		{A81825A0-6B22-4B1F-B16F-45EB84EE13C9}.docs|x64.ActiveCfg = Debug|x64
		{A81825A0-6B22-4B1F-B16F-45EB84EE13C9}.docs|x64.Build.0 = Debug|x64
		{A81825A0-6B22-4B1F-B16F-45EB84EE13C9}.docs|x86.ActiveCfg = Debug|Any CPU
		{A81825A0-6B22-4B1F-B16F-45EB84EE13C9}.docs|x86.Build.0 = Debug|Any CPU
		{A81825A0-6B22-4B1F-B16F-45EB84EE13C9}.GCModeller(Release_X64)|Any CPU.ActiveCfg = Release|Any CPU
		{A81825A0-6B22-4B1F-B16F-45EB84EE13C9}.GCModeller(Release_X64)|Any CPU.Build.0 = Release|Any CPU
		{A81825A0-6B22-4B1F-B16F-45EB84EE13C9}.GCModeller(Release_X64)|x64.ActiveCfg = Release|x64
		{A81825A0-6B22-4B1F-B16F-45EB84EE13C9}.GCModeller(Release_X64)|x64.Build.0 = Release|x64
		{A81825A0-6B22-4B1F-B16F-45EB84EE13C9}.GCModeller(Release_X64)|x86.ActiveCfg = Release|Any CPU
		{A81825A0-6B22-4B1F-B16F-45EB84EE13C9}.GCModeller(Release_X64)|x86.Build.0 = Release|Any CPU
		{A81825A0-6B22-4B1F-B16F-45EB84EE13C9}.GCModeller(UNIX-Release_X64)|Any CPU.ActiveCfg = Release|Any CPU
		{A81825A0-6B22-4B1F-B16F-45EB84EE13C9}.GCModeller(UNIX-Release_X64)|Any CPU.Build.0 = Release|Any CPU
		{A81825A0-6B22-4B1F-B16F-45EB84EE13C9}.GCModeller(UNIX-Release_X64)|x64.ActiveCfg = Release|x64
		{A81825A0-6B22-4B1F-B16F-45EB84EE13C9}.GCModeller(UNIX-Release_X64)|x64.Build.0 = Release|x64
		{A81825A0-6B22-4B1F-B16F-45EB84EE13C9}.GCModeller(UNIX-Release_X64)|x86.ActiveCfg = Release|Any CPU
		{A81825A0-6B22-4B1F-B16F-45EB84EE13C9}.GCModeller(UNIX-Release_X64)|x86.Build.0 = Release|Any CPU
		{A81825A0-6B22-4B1F-B16F-45EB84EE13C9}.installer_x64|Any CPU.ActiveCfg = Debug|Any CPU
		{A81825A0-6B22-4B1F-B16F-45EB84EE13C9}.installer_x64|Any CPU.Build.0 = Debug|Any CPU
		{A81825A0-6B22-4B1F-B16F-45EB84EE13C9}.installer_x64|x64.ActiveCfg = Debug|x64
		{A81825A0-6B22-4B1F-B16F-45EB84EE13C9}.installer_x64|x64.Build.0 = Debug|x64
		{A81825A0-6B22-4B1F-B16F-45EB84EE13C9}.installer_x64|x86.ActiveCfg = Debug|Any CPU
		{A81825A0-6B22-4B1F-B16F-45EB84EE13C9}.installer_x64|x86.Build.0 = Debug|Any CPU
		{A81825A0-6B22-4B1F-B16F-45EB84EE13C9}.LipidSearch|Any CPU.ActiveCfg = LipidSearch|Any CPU
		{A81825A0-6B22-4B1F-B16F-45EB84EE13C9}.LipidSearch|Any CPU.Build.0 = LipidSearch|Any CPU
		{A81825A0-6B22-4B1F-B16F-45EB84EE13C9}.LipidSearch|x64.ActiveCfg = LipidSearch|x64
		{A81825A0-6B22-4B1F-B16F-45EB84EE13C9}.LipidSearch|x64.Build.0 = LipidSearch|x64
		{A81825A0-6B22-4B1F-B16F-45EB84EE13C9}.LipidSearch|x86.ActiveCfg = LipidSearch|Any CPU
		{A81825A0-6B22-4B1F-B16F-45EB84EE13C9}.LipidSearch|x86.Build.0 = LipidSearch|Any CPU
		{A81825A0-6B22-4B1F-B16F-45EB84EE13C9}.MetaCardio|Any CPU.ActiveCfg = mzkit|Any CPU
		{A81825A0-6B22-4B1F-B16F-45EB84EE13C9}.MetaCardio|Any CPU.Build.0 = mzkit|Any CPU
		{A81825A0-6B22-4B1F-B16F-45EB84EE13C9}.MetaCardio|x64.ActiveCfg = mzkit|x64
		{A81825A0-6B22-4B1F-B16F-45EB84EE13C9}.MetaCardio|x64.Build.0 = mzkit|x64
		{A81825A0-6B22-4B1F-B16F-45EB84EE13C9}.MetaCardio|x86.ActiveCfg = mzkit|Any CPU
		{A81825A0-6B22-4B1F-B16F-45EB84EE13C9}.MetaCardio|x86.Build.0 = mzkit|Any CPU
		{A81825A0-6B22-4B1F-B16F-45EB84EE13C9}.mysqli_X64_release|Any CPU.ActiveCfg = mzkit_win32|Any CPU
		{A81825A0-6B22-4B1F-B16F-45EB84EE13C9}.mysqli_X64_release|Any CPU.Build.0 = mzkit_win32|Any CPU
		{A81825A0-6B22-4B1F-B16F-45EB84EE13C9}.mysqli_X64_release|x64.ActiveCfg = mzkit_win32|x64
		{A81825A0-6B22-4B1F-B16F-45EB84EE13C9}.mysqli_X64_release|x64.Build.0 = mzkit_win32|x64
		{A81825A0-6B22-4B1F-B16F-45EB84EE13C9}.mysqli_X64_release|x86.ActiveCfg = mzkit_win32|Any CPU
		{A81825A0-6B22-4B1F-B16F-45EB84EE13C9}.mysqli_X64_release|x86.Build.0 = mzkit_win32|Any CPU
		{A81825A0-6B22-4B1F-B16F-45EB84EE13C9}.mzkit_UnixDocker|Any CPU.ActiveCfg = mzkit_win32|Any CPU
		{A81825A0-6B22-4B1F-B16F-45EB84EE13C9}.mzkit_UnixDocker|Any CPU.Build.0 = mzkit_win32|Any CPU
		{A81825A0-6B22-4B1F-B16F-45EB84EE13C9}.mzkit_UnixDocker|x64.ActiveCfg = mzkit_win32|x64
		{A81825A0-6B22-4B1F-B16F-45EB84EE13C9}.mzkit_UnixDocker|x64.Build.0 = mzkit_win32|x64
		{A81825A0-6B22-4B1F-B16F-45EB84EE13C9}.mzkit_UnixDocker|x86.ActiveCfg = mzkit_win32|Any CPU
		{A81825A0-6B22-4B1F-B16F-45EB84EE13C9}.mzkit_UnixDocker|x86.Build.0 = mzkit_win32|Any CPU
		{A81825A0-6B22-4B1F-B16F-45EB84EE13C9}.mzkit_win32|Any CPU.ActiveCfg = mzkit_win32|Any CPU
		{A81825A0-6B22-4B1F-B16F-45EB84EE13C9}.mzkit_win32|Any CPU.Build.0 = mzkit_win32|Any CPU
		{A81825A0-6B22-4B1F-B16F-45EB84EE13C9}.mzkit_win32|x64.ActiveCfg = mzkit_win32|x64
		{A81825A0-6B22-4B1F-B16F-45EB84EE13C9}.mzkit_win32|x64.Build.0 = mzkit_win32|x64
		{A81825A0-6B22-4B1F-B16F-45EB84EE13C9}.mzkit_win32|x86.ActiveCfg = mzkit_win32|Any CPU
		{A81825A0-6B22-4B1F-B16F-45EB84EE13C9}.mzkit_win32|x86.Build.0 = mzkit_win32|Any CPU
		{A81825A0-6B22-4B1F-B16F-45EB84EE13C9}.mzkit|Any CPU.ActiveCfg = mzkit|Any CPU
		{A81825A0-6B22-4B1F-B16F-45EB84EE13C9}.mzkit|Any CPU.Build.0 = mzkit|Any CPU
		{A81825A0-6B22-4B1F-B16F-45EB84EE13C9}.mzkit|x64.ActiveCfg = mzkit|x64
		{A81825A0-6B22-4B1F-B16F-45EB84EE13C9}.mzkit|x64.Build.0 = mzkit|x64
		{A81825A0-6B22-4B1F-B16F-45EB84EE13C9}.mzkit|x86.ActiveCfg = mzkit|Any CPU
		{A81825A0-6B22-4B1F-B16F-45EB84EE13C9}.mzkit|x86.Build.0 = mzkit|Any CPU
		{A81825A0-6B22-4B1F-B16F-45EB84EE13C9}.node-debug|Any CPU.ActiveCfg = NPSearch|Any CPU
		{A81825A0-6B22-4B1F-B16F-45EB84EE13C9}.node-debug|Any CPU.Build.0 = NPSearch|Any CPU
		{A81825A0-6B22-4B1F-B16F-45EB84EE13C9}.node-debug|x64.ActiveCfg = NPSearch|x64
		{A81825A0-6B22-4B1F-B16F-45EB84EE13C9}.node-debug|x64.Build.0 = NPSearch|x64
		{A81825A0-6B22-4B1F-B16F-45EB84EE13C9}.node-debug|x86.ActiveCfg = NPSearch|Any CPU
		{A81825A0-6B22-4B1F-B16F-45EB84EE13C9}.node-debug|x86.Build.0 = NPSearch|Any CPU
		{A81825A0-6B22-4B1F-B16F-45EB84EE13C9}.NPSearch|Any CPU.ActiveCfg = NPSearch|Any CPU
		{A81825A0-6B22-4B1F-B16F-45EB84EE13C9}.NPSearch|Any CPU.Build.0 = NPSearch|Any CPU
		{A81825A0-6B22-4B1F-B16F-45EB84EE13C9}.NPSearch|x64.ActiveCfg = NPSearch|x64
		{A81825A0-6B22-4B1F-B16F-45EB84EE13C9}.NPSearch|x64.Build.0 = NPSearch|x64
		{A81825A0-6B22-4B1F-B16F-45EB84EE13C9}.NPSearch|x86.ActiveCfg = NPSearch|Any CPU
		{A81825A0-6B22-4B1F-B16F-45EB84EE13C9}.NPSearch|x86.Build.0 = NPSearch|Any CPU
		{A81825A0-6B22-4B1F-B16F-45EB84EE13C9}.PlantMAT|Any CPU.ActiveCfg = PlantMAT|Any CPU
		{A81825A0-6B22-4B1F-B16F-45EB84EE13C9}.PlantMAT|Any CPU.Build.0 = PlantMAT|Any CPU
		{A81825A0-6B22-4B1F-B16F-45EB84EE13C9}.PlantMAT|x64.ActiveCfg = PlantMAT|x64
		{A81825A0-6B22-4B1F-B16F-45EB84EE13C9}.PlantMAT|x64.Build.0 = PlantMAT|x64
		{A81825A0-6B22-4B1F-B16F-45EB84EE13C9}.PlantMAT|x86.ActiveCfg = PlantMAT|Any CPU
		{A81825A0-6B22-4B1F-B16F-45EB84EE13C9}.PlantMAT|x86.Build.0 = PlantMAT|Any CPU
		{A81825A0-6B22-4B1F-B16F-45EB84EE13C9}.Publish|Any CPU.ActiveCfg = PlantMAT|Any CPU
		{A81825A0-6B22-4B1F-B16F-45EB84EE13C9}.Publish|Any CPU.Build.0 = PlantMAT|Any CPU
		{A81825A0-6B22-4B1F-B16F-45EB84EE13C9}.Publish|x64.ActiveCfg = PlantMAT|x64
		{A81825A0-6B22-4B1F-B16F-45EB84EE13C9}.Publish|x64.Build.0 = PlantMAT|x64
		{A81825A0-6B22-4B1F-B16F-45EB84EE13C9}.Publish|x86.ActiveCfg = PlantMAT|Any CPU
		{A81825A0-6B22-4B1F-B16F-45EB84EE13C9}.Publish|x86.Build.0 = PlantMAT|Any CPU
		{A81825A0-6B22-4B1F-B16F-45EB84EE13C9}.Release|Any CPU.ActiveCfg = Release|Any CPU
		{A81825A0-6B22-4B1F-B16F-45EB84EE13C9}.Release|Any CPU.Build.0 = Release|Any CPU
		{A81825A0-6B22-4B1F-B16F-45EB84EE13C9}.Release|x64.ActiveCfg = Release|x64
		{A81825A0-6B22-4B1F-B16F-45EB84EE13C9}.Release|x64.Build.0 = Release|x64
		{A81825A0-6B22-4B1F-B16F-45EB84EE13C9}.Release|x86.ActiveCfg = Release|Any CPU
		{A81825A0-6B22-4B1F-B16F-45EB84EE13C9}.Release|x86.Build.0 = Release|Any CPU
		{A81825A0-6B22-4B1F-B16F-45EB84EE13C9}.Rsharp_app_release|Any CPU.ActiveCfg = Rsharp_app_release|Any CPU
		{A81825A0-6B22-4B1F-B16F-45EB84EE13C9}.Rsharp_app_release|Any CPU.Build.0 = Rsharp_app_release|Any CPU
		{A81825A0-6B22-4B1F-B16F-45EB84EE13C9}.Rsharp_app_release|x64.ActiveCfg = Rsharp_app_release|x64
		{A81825A0-6B22-4B1F-B16F-45EB84EE13C9}.Rsharp_app_release|x64.Build.0 = Rsharp_app_release|x64
		{A81825A0-6B22-4B1F-B16F-45EB84EE13C9}.Rsharp_app_release|x86.ActiveCfg = Rsharp_app_release|Any CPU
		{A81825A0-6B22-4B1F-B16F-45EB84EE13C9}.Rsharp_app_release|x86.Build.0 = Rsharp_app_release|Any CPU
		{A81825A0-6B22-4B1F-B16F-45EB84EE13C9}.RsharpDev|Any CPU.ActiveCfg = Rsharp_app_release|Any CPU
		{A81825A0-6B22-4B1F-B16F-45EB84EE13C9}.RsharpDev|Any CPU.Build.0 = Rsharp_app_release|Any CPU
		{A81825A0-6B22-4B1F-B16F-45EB84EE13C9}.RsharpDev|x64.ActiveCfg = Rsharp_app_release|x64
		{A81825A0-6B22-4B1F-B16F-45EB84EE13C9}.RsharpDev|x64.Build.0 = Rsharp_app_release|x64
		{A81825A0-6B22-4B1F-B16F-45EB84EE13C9}.RsharpDev|x86.ActiveCfg = Rsharp_app_release|Any CPU
		{A81825A0-6B22-4B1F-B16F-45EB84EE13C9}.RsharpDev|x86.Build.0 = Rsharp_app_release|Any CPU
		{A81825A0-6B22-4B1F-B16F-45EB84EE13C9}.sciBASIC.NET-test-release|Any CPU.ActiveCfg = Debug|Any CPU
		{A81825A0-6B22-4B1F-B16F-45EB84EE13C9}.sciBASIC.NET-test-release|Any CPU.Build.0 = Debug|Any CPU
		{A81825A0-6B22-4B1F-B16F-45EB84EE13C9}.sciBASIC.NET-test-release|x64.ActiveCfg = Debug|x64
		{A81825A0-6B22-4B1F-B16F-45EB84EE13C9}.sciBASIC.NET-test-release|x64.Build.0 = Debug|x64
		{A81825A0-6B22-4B1F-B16F-45EB84EE13C9}.sciBASIC.NET-test-release|x86.ActiveCfg = Debug|Any CPU
		{A81825A0-6B22-4B1F-B16F-45EB84EE13C9}.sciBASIC.NET-test-release|x86.Build.0 = Debug|Any CPU
		{A81825A0-6B22-4B1F-B16F-45EB84EE13C9}.Surveillance-of-infectious-diseases|Any CPU.ActiveCfg = Debug|Any CPU
		{A81825A0-6B22-4B1F-B16F-45EB84EE13C9}.Surveillance-of-infectious-diseases|Any CPU.Build.0 = Debug|Any CPU
		{A81825A0-6B22-4B1F-B16F-45EB84EE13C9}.Surveillance-of-infectious-diseases|x64.ActiveCfg = Debug|x64
		{A81825A0-6B22-4B1F-B16F-45EB84EE13C9}.Surveillance-of-infectious-diseases|x64.Build.0 = Debug|x64
		{A81825A0-6B22-4B1F-B16F-45EB84EE13C9}.Surveillance-of-infectious-diseases|x86.ActiveCfg = Debug|Any CPU
		{A81825A0-6B22-4B1F-B16F-45EB84EE13C9}.Surveillance-of-infectious-diseases|x86.Build.0 = Debug|Any CPU
		{A81825A0-6B22-4B1F-B16F-45EB84EE13C9}.vcellkit|Any CPU.ActiveCfg = Debug|Any CPU
		{A81825A0-6B22-4B1F-B16F-45EB84EE13C9}.vcellkit|Any CPU.Build.0 = Debug|Any CPU
		{A81825A0-6B22-4B1F-B16F-45EB84EE13C9}.vcellkit|x64.ActiveCfg = Debug|x64
		{A81825A0-6B22-4B1F-B16F-45EB84EE13C9}.vcellkit|x64.Build.0 = Debug|x64
		{A81825A0-6B22-4B1F-B16F-45EB84EE13C9}.vcellkit|x86.ActiveCfg = Debug|Any CPU
		{A81825A0-6B22-4B1F-B16F-45EB84EE13C9}.vcellkit|x86.Build.0 = Debug|Any CPU
		{A81825A0-6B22-4B1F-B16F-45EB84EE13C9}.Voyager1|Any CPU.ActiveCfg = Debug|Any CPU
		{A81825A0-6B22-4B1F-B16F-45EB84EE13C9}.Voyager1|Any CPU.Build.0 = Debug|Any CPU
		{A81825A0-6B22-4B1F-B16F-45EB84EE13C9}.Voyager1|x64.ActiveCfg = Debug|x64
		{A81825A0-6B22-4B1F-B16F-45EB84EE13C9}.Voyager1|x64.Build.0 = Debug|x64
		{A81825A0-6B22-4B1F-B16F-45EB84EE13C9}.Voyager1|x86.ActiveCfg = Debug|Any CPU
		{A81825A0-6B22-4B1F-B16F-45EB84EE13C9}.Voyager1|x86.Build.0 = Debug|Any CPU
		{A81825A0-6B22-4B1F-B16F-45EB84EE13C9}.Yilia-Release_x64|Any CPU.ActiveCfg = Release|Any CPU
		{A81825A0-6B22-4B1F-B16F-45EB84EE13C9}.Yilia-Release_x64|Any CPU.Build.0 = Release|Any CPU
		{A81825A0-6B22-4B1F-B16F-45EB84EE13C9}.Yilia-Release_x64|x64.ActiveCfg = Release|x64
		{A81825A0-6B22-4B1F-B16F-45EB84EE13C9}.Yilia-Release_x64|x64.Build.0 = Release|x64
		{A81825A0-6B22-4B1F-B16F-45EB84EE13C9}.Yilia-Release_x64|x86.ActiveCfg = Release|Any CPU
		{A81825A0-6B22-4B1F-B16F-45EB84EE13C9}.Yilia-Release_x64|x86.Build.0 = Release|Any CPU
		{E342735C-5E0A-4810-98C2-BB15EF8A691D}.BioDeep_database|Any CPU.ActiveCfg = Debug|Any CPU
		{E342735C-5E0A-4810-98C2-BB15EF8A691D}.BioDeep_database|Any CPU.Build.0 = Debug|Any CPU
		{E342735C-5E0A-4810-98C2-BB15EF8A691D}.BioDeep_database|x64.ActiveCfg = Debug|x64
		{E342735C-5E0A-4810-98C2-BB15EF8A691D}.BioDeep_database|x64.Build.0 = Debug|x64
		{E342735C-5E0A-4810-98C2-BB15EF8A691D}.BioDeep_database|x86.ActiveCfg = Debug|Any CPU
		{E342735C-5E0A-4810-98C2-BB15EF8A691D}.BioDeep_database|x86.Build.0 = Debug|Any CPU
		{E342735C-5E0A-4810-98C2-BB15EF8A691D}.Biodeep_UNIX_x64|Any CPU.ActiveCfg = Debug|Any CPU
		{E342735C-5E0A-4810-98C2-BB15EF8A691D}.Biodeep_UNIX_x64|Any CPU.Build.0 = Debug|Any CPU
		{E342735C-5E0A-4810-98C2-BB15EF8A691D}.Biodeep_UNIX_x64|x64.ActiveCfg = Debug|x64
		{E342735C-5E0A-4810-98C2-BB15EF8A691D}.Biodeep_UNIX_x64|x64.Build.0 = Debug|x64
		{E342735C-5E0A-4810-98C2-BB15EF8A691D}.Biodeep_UNIX_x64|x86.ActiveCfg = Debug|Any CPU
		{E342735C-5E0A-4810-98C2-BB15EF8A691D}.Biodeep_UNIX_x64|x86.Build.0 = Debug|Any CPU
		{E342735C-5E0A-4810-98C2-BB15EF8A691D}.Biodeep|Any CPU.ActiveCfg = Debug|Any CPU
		{E342735C-5E0A-4810-98C2-BB15EF8A691D}.Biodeep|Any CPU.Build.0 = Debug|Any CPU
		{E342735C-5E0A-4810-98C2-BB15EF8A691D}.Biodeep|x64.ActiveCfg = Debug|x64
		{E342735C-5E0A-4810-98C2-BB15EF8A691D}.Biodeep|x64.Build.0 = Debug|x64
		{E342735C-5E0A-4810-98C2-BB15EF8A691D}.Biodeep|x86.ActiveCfg = Debug|Any CPU
		{E342735C-5E0A-4810-98C2-BB15EF8A691D}.Biodeep|x86.Build.0 = Debug|Any CPU
		{E342735C-5E0A-4810-98C2-BB15EF8A691D}.Biostack|Any CPU.ActiveCfg = Debug|Any CPU
		{E342735C-5E0A-4810-98C2-BB15EF8A691D}.Biostack|Any CPU.Build.0 = Debug|Any CPU
		{E342735C-5E0A-4810-98C2-BB15EF8A691D}.Biostack|x64.ActiveCfg = Debug|x64
		{E342735C-5E0A-4810-98C2-BB15EF8A691D}.Biostack|x64.Build.0 = Debug|x64
		{E342735C-5E0A-4810-98C2-BB15EF8A691D}.Biostack|x86.ActiveCfg = Debug|Any CPU
		{E342735C-5E0A-4810-98C2-BB15EF8A691D}.Biostack|x86.Build.0 = Debug|Any CPU
		{E342735C-5E0A-4810-98C2-BB15EF8A691D}.Biostack-Debug|Any CPU.ActiveCfg = Debug|Any CPU
		{E342735C-5E0A-4810-98C2-BB15EF8A691D}.Biostack-Debug|Any CPU.Build.0 = Debug|Any CPU
		{E342735C-5E0A-4810-98C2-BB15EF8A691D}.Biostack-Debug|x64.ActiveCfg = Debug|x64
		{E342735C-5E0A-4810-98C2-BB15EF8A691D}.Biostack-Debug|x64.Build.0 = Debug|x64
		{E342735C-5E0A-4810-98C2-BB15EF8A691D}.Biostack-Debug|x86.ActiveCfg = Debug|Any CPU
		{E342735C-5E0A-4810-98C2-BB15EF8A691D}.Biostack-Debug|x86.Build.0 = Debug|Any CPU
		{E342735C-5E0A-4810-98C2-BB15EF8A691D}.Debug|Any CPU.ActiveCfg = Debug|Any CPU
		{E342735C-5E0A-4810-98C2-BB15EF8A691D}.Debug|Any CPU.Build.0 = Debug|Any CPU
		{E342735C-5E0A-4810-98C2-BB15EF8A691D}.Debug|x64.ActiveCfg = Debug|x64
		{E342735C-5E0A-4810-98C2-BB15EF8A691D}.Debug|x64.Build.0 = Debug|x64
		{E342735C-5E0A-4810-98C2-BB15EF8A691D}.Debug|x86.ActiveCfg = Debug|Any CPU
		{E342735C-5E0A-4810-98C2-BB15EF8A691D}.Debug|x86.Build.0 = Debug|Any CPU
		{E342735C-5E0A-4810-98C2-BB15EF8A691D}.DEMO|Any CPU.ActiveCfg = Debug|Any CPU
		{E342735C-5E0A-4810-98C2-BB15EF8A691D}.DEMO|Any CPU.Build.0 = Debug|Any CPU
		{E342735C-5E0A-4810-98C2-BB15EF8A691D}.DEMO|x64.ActiveCfg = Debug|x64
		{E342735C-5E0A-4810-98C2-BB15EF8A691D}.DEMO|x64.Build.0 = Debug|x64
		{E342735C-5E0A-4810-98C2-BB15EF8A691D}.DEMO|x86.ActiveCfg = Debug|Any CPU
		{E342735C-5E0A-4810-98C2-BB15EF8A691D}.DEMO|x86.Build.0 = Debug|Any CPU
		{E342735C-5E0A-4810-98C2-BB15EF8A691D}.docs|Any CPU.ActiveCfg = Debug|Any CPU
		{E342735C-5E0A-4810-98C2-BB15EF8A691D}.docs|Any CPU.Build.0 = Debug|Any CPU
		{E342735C-5E0A-4810-98C2-BB15EF8A691D}.docs|x64.ActiveCfg = Debug|x64
		{E342735C-5E0A-4810-98C2-BB15EF8A691D}.docs|x64.Build.0 = Debug|x64
		{E342735C-5E0A-4810-98C2-BB15EF8A691D}.docs|x86.ActiveCfg = Debug|Any CPU
		{E342735C-5E0A-4810-98C2-BB15EF8A691D}.docs|x86.Build.0 = Debug|Any CPU
		{E342735C-5E0A-4810-98C2-BB15EF8A691D}.GCModeller(Release_X64)|Any CPU.ActiveCfg = Release|Any CPU
		{E342735C-5E0A-4810-98C2-BB15EF8A691D}.GCModeller(Release_X64)|Any CPU.Build.0 = Release|Any CPU
		{E342735C-5E0A-4810-98C2-BB15EF8A691D}.GCModeller(Release_X64)|x64.ActiveCfg = Release|x64
		{E342735C-5E0A-4810-98C2-BB15EF8A691D}.GCModeller(Release_X64)|x64.Build.0 = Release|x64
		{E342735C-5E0A-4810-98C2-BB15EF8A691D}.GCModeller(Release_X64)|x86.ActiveCfg = Release|Any CPU
		{E342735C-5E0A-4810-98C2-BB15EF8A691D}.GCModeller(Release_X64)|x86.Build.0 = Release|Any CPU
		{E342735C-5E0A-4810-98C2-BB15EF8A691D}.GCModeller(UNIX-Release_X64)|Any CPU.ActiveCfg = Release|Any CPU
		{E342735C-5E0A-4810-98C2-BB15EF8A691D}.GCModeller(UNIX-Release_X64)|Any CPU.Build.0 = Release|Any CPU
		{E342735C-5E0A-4810-98C2-BB15EF8A691D}.GCModeller(UNIX-Release_X64)|x64.ActiveCfg = Release|x64
		{E342735C-5E0A-4810-98C2-BB15EF8A691D}.GCModeller(UNIX-Release_X64)|x64.Build.0 = Release|x64
		{E342735C-5E0A-4810-98C2-BB15EF8A691D}.GCModeller(UNIX-Release_X64)|x86.ActiveCfg = Release|Any CPU
		{E342735C-5E0A-4810-98C2-BB15EF8A691D}.GCModeller(UNIX-Release_X64)|x86.Build.0 = Release|Any CPU
		{E342735C-5E0A-4810-98C2-BB15EF8A691D}.installer_x64|Any CPU.ActiveCfg = Debug|Any CPU
		{E342735C-5E0A-4810-98C2-BB15EF8A691D}.installer_x64|Any CPU.Build.0 = Debug|Any CPU
		{E342735C-5E0A-4810-98C2-BB15EF8A691D}.installer_x64|x64.ActiveCfg = Debug|x64
		{E342735C-5E0A-4810-98C2-BB15EF8A691D}.installer_x64|x64.Build.0 = Debug|x64
		{E342735C-5E0A-4810-98C2-BB15EF8A691D}.installer_x64|x86.ActiveCfg = Debug|Any CPU
		{E342735C-5E0A-4810-98C2-BB15EF8A691D}.installer_x64|x86.Build.0 = Debug|Any CPU
		{E342735C-5E0A-4810-98C2-BB15EF8A691D}.LipidSearch|Any CPU.ActiveCfg = LipidSearch|Any CPU
		{E342735C-5E0A-4810-98C2-BB15EF8A691D}.LipidSearch|Any CPU.Build.0 = LipidSearch|Any CPU
		{E342735C-5E0A-4810-98C2-BB15EF8A691D}.LipidSearch|x64.ActiveCfg = LipidSearch|x64
		{E342735C-5E0A-4810-98C2-BB15EF8A691D}.LipidSearch|x64.Build.0 = LipidSearch|x64
		{E342735C-5E0A-4810-98C2-BB15EF8A691D}.LipidSearch|x86.ActiveCfg = LipidSearch|Any CPU
		{E342735C-5E0A-4810-98C2-BB15EF8A691D}.LipidSearch|x86.Build.0 = LipidSearch|Any CPU
		{E342735C-5E0A-4810-98C2-BB15EF8A691D}.MetaCardio|Any CPU.ActiveCfg = mzkit|Any CPU
		{E342735C-5E0A-4810-98C2-BB15EF8A691D}.MetaCardio|Any CPU.Build.0 = mzkit|Any CPU
		{E342735C-5E0A-4810-98C2-BB15EF8A691D}.MetaCardio|x64.ActiveCfg = mzkit|x64
		{E342735C-5E0A-4810-98C2-BB15EF8A691D}.MetaCardio|x64.Build.0 = mzkit|x64
		{E342735C-5E0A-4810-98C2-BB15EF8A691D}.MetaCardio|x86.ActiveCfg = mzkit|Any CPU
		{E342735C-5E0A-4810-98C2-BB15EF8A691D}.MetaCardio|x86.Build.0 = mzkit|Any CPU
		{E342735C-5E0A-4810-98C2-BB15EF8A691D}.mysqli_X64_release|Any CPU.ActiveCfg = mzkit_win32|Any CPU
		{E342735C-5E0A-4810-98C2-BB15EF8A691D}.mysqli_X64_release|Any CPU.Build.0 = mzkit_win32|Any CPU
		{E342735C-5E0A-4810-98C2-BB15EF8A691D}.mysqli_X64_release|x64.ActiveCfg = mzkit_win32|x64
		{E342735C-5E0A-4810-98C2-BB15EF8A691D}.mysqli_X64_release|x64.Build.0 = mzkit_win32|x64
		{E342735C-5E0A-4810-98C2-BB15EF8A691D}.mysqli_X64_release|x86.ActiveCfg = mzkit_win32|Any CPU
		{E342735C-5E0A-4810-98C2-BB15EF8A691D}.mysqli_X64_release|x86.Build.0 = mzkit_win32|Any CPU
		{E342735C-5E0A-4810-98C2-BB15EF8A691D}.mzkit_UnixDocker|Any CPU.ActiveCfg = mzkit_win32|Any CPU
		{E342735C-5E0A-4810-98C2-BB15EF8A691D}.mzkit_UnixDocker|Any CPU.Build.0 = mzkit_win32|Any CPU
		{E342735C-5E0A-4810-98C2-BB15EF8A691D}.mzkit_UnixDocker|x64.ActiveCfg = mzkit_win32|x64
		{E342735C-5E0A-4810-98C2-BB15EF8A691D}.mzkit_UnixDocker|x64.Build.0 = mzkit_win32|x64
		{E342735C-5E0A-4810-98C2-BB15EF8A691D}.mzkit_UnixDocker|x86.ActiveCfg = mzkit_win32|Any CPU
		{E342735C-5E0A-4810-98C2-BB15EF8A691D}.mzkit_UnixDocker|x86.Build.0 = mzkit_win32|Any CPU
		{E342735C-5E0A-4810-98C2-BB15EF8A691D}.mzkit_win32|Any CPU.ActiveCfg = mzkit_win32|Any CPU
		{E342735C-5E0A-4810-98C2-BB15EF8A691D}.mzkit_win32|Any CPU.Build.0 = mzkit_win32|Any CPU
		{E342735C-5E0A-4810-98C2-BB15EF8A691D}.mzkit_win32|x64.ActiveCfg = mzkit_win32|x64
		{E342735C-5E0A-4810-98C2-BB15EF8A691D}.mzkit_win32|x64.Build.0 = mzkit_win32|x64
		{E342735C-5E0A-4810-98C2-BB15EF8A691D}.mzkit_win32|x86.ActiveCfg = mzkit_win32|Any CPU
		{E342735C-5E0A-4810-98C2-BB15EF8A691D}.mzkit_win32|x86.Build.0 = mzkit_win32|Any CPU
		{E342735C-5E0A-4810-98C2-BB15EF8A691D}.mzkit|Any CPU.ActiveCfg = mzkit|Any CPU
		{E342735C-5E0A-4810-98C2-BB15EF8A691D}.mzkit|Any CPU.Build.0 = mzkit|Any CPU
		{E342735C-5E0A-4810-98C2-BB15EF8A691D}.mzkit|x64.ActiveCfg = mzkit|x64
		{E342735C-5E0A-4810-98C2-BB15EF8A691D}.mzkit|x64.Build.0 = mzkit|x64
		{E342735C-5E0A-4810-98C2-BB15EF8A691D}.mzkit|x86.ActiveCfg = mzkit|Any CPU
		{E342735C-5E0A-4810-98C2-BB15EF8A691D}.mzkit|x86.Build.0 = mzkit|Any CPU
		{E342735C-5E0A-4810-98C2-BB15EF8A691D}.node-debug|Any CPU.ActiveCfg = NPSearch|Any CPU
		{E342735C-5E0A-4810-98C2-BB15EF8A691D}.node-debug|Any CPU.Build.0 = NPSearch|Any CPU
		{E342735C-5E0A-4810-98C2-BB15EF8A691D}.node-debug|x64.ActiveCfg = NPSearch|x64
		{E342735C-5E0A-4810-98C2-BB15EF8A691D}.node-debug|x64.Build.0 = NPSearch|x64
		{E342735C-5E0A-4810-98C2-BB15EF8A691D}.node-debug|x86.ActiveCfg = NPSearch|Any CPU
		{E342735C-5E0A-4810-98C2-BB15EF8A691D}.node-debug|x86.Build.0 = NPSearch|Any CPU
		{E342735C-5E0A-4810-98C2-BB15EF8A691D}.NPSearch|Any CPU.ActiveCfg = NPSearch|Any CPU
		{E342735C-5E0A-4810-98C2-BB15EF8A691D}.NPSearch|Any CPU.Build.0 = NPSearch|Any CPU
		{E342735C-5E0A-4810-98C2-BB15EF8A691D}.NPSearch|x64.ActiveCfg = NPSearch|x64
		{E342735C-5E0A-4810-98C2-BB15EF8A691D}.NPSearch|x64.Build.0 = NPSearch|x64
		{E342735C-5E0A-4810-98C2-BB15EF8A691D}.NPSearch|x86.ActiveCfg = NPSearch|Any CPU
		{E342735C-5E0A-4810-98C2-BB15EF8A691D}.NPSearch|x86.Build.0 = NPSearch|Any CPU
		{E342735C-5E0A-4810-98C2-BB15EF8A691D}.PlantMAT|Any CPU.ActiveCfg = PlantMAT|Any CPU
		{E342735C-5E0A-4810-98C2-BB15EF8A691D}.PlantMAT|Any CPU.Build.0 = PlantMAT|Any CPU
		{E342735C-5E0A-4810-98C2-BB15EF8A691D}.PlantMAT|x64.ActiveCfg = PlantMAT|x64
		{E342735C-5E0A-4810-98C2-BB15EF8A691D}.PlantMAT|x64.Build.0 = PlantMAT|x64
		{E342735C-5E0A-4810-98C2-BB15EF8A691D}.PlantMAT|x86.ActiveCfg = PlantMAT|Any CPU
		{E342735C-5E0A-4810-98C2-BB15EF8A691D}.PlantMAT|x86.Build.0 = PlantMAT|Any CPU
		{E342735C-5E0A-4810-98C2-BB15EF8A691D}.Publish|Any CPU.ActiveCfg = PlantMAT|Any CPU
		{E342735C-5E0A-4810-98C2-BB15EF8A691D}.Publish|Any CPU.Build.0 = PlantMAT|Any CPU
		{E342735C-5E0A-4810-98C2-BB15EF8A691D}.Publish|x64.ActiveCfg = PlantMAT|x64
		{E342735C-5E0A-4810-98C2-BB15EF8A691D}.Publish|x64.Build.0 = PlantMAT|x64
		{E342735C-5E0A-4810-98C2-BB15EF8A691D}.Publish|x86.ActiveCfg = PlantMAT|Any CPU
		{E342735C-5E0A-4810-98C2-BB15EF8A691D}.Publish|x86.Build.0 = PlantMAT|Any CPU
		{E342735C-5E0A-4810-98C2-BB15EF8A691D}.Release|Any CPU.ActiveCfg = Release|Any CPU
		{E342735C-5E0A-4810-98C2-BB15EF8A691D}.Release|Any CPU.Build.0 = Release|Any CPU
		{E342735C-5E0A-4810-98C2-BB15EF8A691D}.Release|x64.ActiveCfg = Release|x64
		{E342735C-5E0A-4810-98C2-BB15EF8A691D}.Release|x64.Build.0 = Release|x64
		{E342735C-5E0A-4810-98C2-BB15EF8A691D}.Release|x86.ActiveCfg = Release|Any CPU
		{E342735C-5E0A-4810-98C2-BB15EF8A691D}.Release|x86.Build.0 = Release|Any CPU
		{E342735C-5E0A-4810-98C2-BB15EF8A691D}.Rsharp_app_release|Any CPU.ActiveCfg = Rsharp_app_release|Any CPU
		{E342735C-5E0A-4810-98C2-BB15EF8A691D}.Rsharp_app_release|Any CPU.Build.0 = Rsharp_app_release|Any CPU
		{E342735C-5E0A-4810-98C2-BB15EF8A691D}.Rsharp_app_release|x64.ActiveCfg = Rsharp_app_release|x64
		{E342735C-5E0A-4810-98C2-BB15EF8A691D}.Rsharp_app_release|x64.Build.0 = Rsharp_app_release|x64
		{E342735C-5E0A-4810-98C2-BB15EF8A691D}.Rsharp_app_release|x86.ActiveCfg = Rsharp_app_release|Any CPU
		{E342735C-5E0A-4810-98C2-BB15EF8A691D}.Rsharp_app_release|x86.Build.0 = Rsharp_app_release|Any CPU
		{E342735C-5E0A-4810-98C2-BB15EF8A691D}.RsharpDev|Any CPU.ActiveCfg = Rsharp_app_release|Any CPU
		{E342735C-5E0A-4810-98C2-BB15EF8A691D}.RsharpDev|Any CPU.Build.0 = Rsharp_app_release|Any CPU
		{E342735C-5E0A-4810-98C2-BB15EF8A691D}.RsharpDev|x64.ActiveCfg = Rsharp_app_release|x64
		{E342735C-5E0A-4810-98C2-BB15EF8A691D}.RsharpDev|x64.Build.0 = Rsharp_app_release|x64
		{E342735C-5E0A-4810-98C2-BB15EF8A691D}.RsharpDev|x86.ActiveCfg = Rsharp_app_release|Any CPU
		{E342735C-5E0A-4810-98C2-BB15EF8A691D}.RsharpDev|x86.Build.0 = Rsharp_app_release|Any CPU
		{E342735C-5E0A-4810-98C2-BB15EF8A691D}.sciBASIC.NET-test-release|Any CPU.ActiveCfg = Debug|Any CPU
		{E342735C-5E0A-4810-98C2-BB15EF8A691D}.sciBASIC.NET-test-release|Any CPU.Build.0 = Debug|Any CPU
		{E342735C-5E0A-4810-98C2-BB15EF8A691D}.sciBASIC.NET-test-release|x64.ActiveCfg = Debug|x64
		{E342735C-5E0A-4810-98C2-BB15EF8A691D}.sciBASIC.NET-test-release|x64.Build.0 = Debug|x64
		{E342735C-5E0A-4810-98C2-BB15EF8A691D}.sciBASIC.NET-test-release|x86.ActiveCfg = Debug|Any CPU
		{E342735C-5E0A-4810-98C2-BB15EF8A691D}.sciBASIC.NET-test-release|x86.Build.0 = Debug|Any CPU
		{E342735C-5E0A-4810-98C2-BB15EF8A691D}.Surveillance-of-infectious-diseases|Any CPU.ActiveCfg = Debug|Any CPU
		{E342735C-5E0A-4810-98C2-BB15EF8A691D}.Surveillance-of-infectious-diseases|Any CPU.Build.0 = Debug|Any CPU
		{E342735C-5E0A-4810-98C2-BB15EF8A691D}.Surveillance-of-infectious-diseases|x64.ActiveCfg = Debug|x64
		{E342735C-5E0A-4810-98C2-BB15EF8A691D}.Surveillance-of-infectious-diseases|x64.Build.0 = Debug|x64
		{E342735C-5E0A-4810-98C2-BB15EF8A691D}.Surveillance-of-infectious-diseases|x86.ActiveCfg = Debug|Any CPU
		{E342735C-5E0A-4810-98C2-BB15EF8A691D}.Surveillance-of-infectious-diseases|x86.Build.0 = Debug|Any CPU
		{E342735C-5E0A-4810-98C2-BB15EF8A691D}.vcellkit|Any CPU.ActiveCfg = Debug|Any CPU
		{E342735C-5E0A-4810-98C2-BB15EF8A691D}.vcellkit|Any CPU.Build.0 = Debug|Any CPU
		{E342735C-5E0A-4810-98C2-BB15EF8A691D}.vcellkit|x64.ActiveCfg = Debug|x64
		{E342735C-5E0A-4810-98C2-BB15EF8A691D}.vcellkit|x64.Build.0 = Debug|x64
		{E342735C-5E0A-4810-98C2-BB15EF8A691D}.vcellkit|x86.ActiveCfg = Debug|Any CPU
		{E342735C-5E0A-4810-98C2-BB15EF8A691D}.vcellkit|x86.Build.0 = Debug|Any CPU
		{E342735C-5E0A-4810-98C2-BB15EF8A691D}.Voyager1|Any CPU.ActiveCfg = Debug|Any CPU
		{E342735C-5E0A-4810-98C2-BB15EF8A691D}.Voyager1|Any CPU.Build.0 = Debug|Any CPU
		{E342735C-5E0A-4810-98C2-BB15EF8A691D}.Voyager1|x64.ActiveCfg = Debug|x64
		{E342735C-5E0A-4810-98C2-BB15EF8A691D}.Voyager1|x64.Build.0 = Debug|x64
		{E342735C-5E0A-4810-98C2-BB15EF8A691D}.Voyager1|x86.ActiveCfg = Debug|Any CPU
		{E342735C-5E0A-4810-98C2-BB15EF8A691D}.Voyager1|x86.Build.0 = Debug|Any CPU
		{E342735C-5E0A-4810-98C2-BB15EF8A691D}.Yilia-Release_x64|Any CPU.ActiveCfg = Release|Any CPU
		{E342735C-5E0A-4810-98C2-BB15EF8A691D}.Yilia-Release_x64|Any CPU.Build.0 = Release|Any CPU
		{E342735C-5E0A-4810-98C2-BB15EF8A691D}.Yilia-Release_x64|x64.ActiveCfg = Release|x64
		{E342735C-5E0A-4810-98C2-BB15EF8A691D}.Yilia-Release_x64|x64.Build.0 = Release|x64
		{E342735C-5E0A-4810-98C2-BB15EF8A691D}.Yilia-Release_x64|x86.ActiveCfg = Release|Any CPU
		{E342735C-5E0A-4810-98C2-BB15EF8A691D}.Yilia-Release_x64|x86.Build.0 = Release|Any CPU
		{3C961581-5B1B-40F2-88C4-852D94491FA2}.BioDeep_database|Any CPU.ActiveCfg = Debug|Any CPU
		{3C961581-5B1B-40F2-88C4-852D94491FA2}.BioDeep_database|Any CPU.Build.0 = Debug|Any CPU
		{3C961581-5B1B-40F2-88C4-852D94491FA2}.BioDeep_database|x64.ActiveCfg = Debug|x64
		{3C961581-5B1B-40F2-88C4-852D94491FA2}.BioDeep_database|x64.Build.0 = Debug|x64
		{3C961581-5B1B-40F2-88C4-852D94491FA2}.BioDeep_database|x86.ActiveCfg = Debug|Any CPU
		{3C961581-5B1B-40F2-88C4-852D94491FA2}.BioDeep_database|x86.Build.0 = Debug|Any CPU
		{3C961581-5B1B-40F2-88C4-852D94491FA2}.Biodeep_UNIX_x64|Any CPU.ActiveCfg = Debug|Any CPU
		{3C961581-5B1B-40F2-88C4-852D94491FA2}.Biodeep_UNIX_x64|Any CPU.Build.0 = Debug|Any CPU
		{3C961581-5B1B-40F2-88C4-852D94491FA2}.Biodeep_UNIX_x64|x64.ActiveCfg = Debug|x64
		{3C961581-5B1B-40F2-88C4-852D94491FA2}.Biodeep_UNIX_x64|x64.Build.0 = Debug|x64
		{3C961581-5B1B-40F2-88C4-852D94491FA2}.Biodeep_UNIX_x64|x86.ActiveCfg = Debug|Any CPU
		{3C961581-5B1B-40F2-88C4-852D94491FA2}.Biodeep_UNIX_x64|x86.Build.0 = Debug|Any CPU
		{3C961581-5B1B-40F2-88C4-852D94491FA2}.Biodeep|Any CPU.ActiveCfg = Debug|Any CPU
		{3C961581-5B1B-40F2-88C4-852D94491FA2}.Biodeep|Any CPU.Build.0 = Debug|Any CPU
		{3C961581-5B1B-40F2-88C4-852D94491FA2}.Biodeep|x64.ActiveCfg = Debug|x64
		{3C961581-5B1B-40F2-88C4-852D94491FA2}.Biodeep|x64.Build.0 = Debug|x64
		{3C961581-5B1B-40F2-88C4-852D94491FA2}.Biodeep|x86.ActiveCfg = Debug|Any CPU
		{3C961581-5B1B-40F2-88C4-852D94491FA2}.Biodeep|x86.Build.0 = Debug|Any CPU
		{3C961581-5B1B-40F2-88C4-852D94491FA2}.Biostack|Any CPU.ActiveCfg = Debug|Any CPU
		{3C961581-5B1B-40F2-88C4-852D94491FA2}.Biostack|Any CPU.Build.0 = Debug|Any CPU
		{3C961581-5B1B-40F2-88C4-852D94491FA2}.Biostack|x64.ActiveCfg = Debug|x64
		{3C961581-5B1B-40F2-88C4-852D94491FA2}.Biostack|x64.Build.0 = Debug|x64
		{3C961581-5B1B-40F2-88C4-852D94491FA2}.Biostack|x86.ActiveCfg = Debug|Any CPU
		{3C961581-5B1B-40F2-88C4-852D94491FA2}.Biostack|x86.Build.0 = Debug|Any CPU
		{3C961581-5B1B-40F2-88C4-852D94491FA2}.Biostack-Debug|Any CPU.ActiveCfg = Debug|Any CPU
		{3C961581-5B1B-40F2-88C4-852D94491FA2}.Biostack-Debug|Any CPU.Build.0 = Debug|Any CPU
		{3C961581-5B1B-40F2-88C4-852D94491FA2}.Biostack-Debug|x64.ActiveCfg = Debug|x64
		{3C961581-5B1B-40F2-88C4-852D94491FA2}.Biostack-Debug|x64.Build.0 = Debug|x64
		{3C961581-5B1B-40F2-88C4-852D94491FA2}.Biostack-Debug|x86.ActiveCfg = Debug|Any CPU
		{3C961581-5B1B-40F2-88C4-852D94491FA2}.Biostack-Debug|x86.Build.0 = Debug|Any CPU
		{3C961581-5B1B-40F2-88C4-852D94491FA2}.Debug|Any CPU.ActiveCfg = Debug|Any CPU
		{3C961581-5B1B-40F2-88C4-852D94491FA2}.Debug|Any CPU.Build.0 = Debug|Any CPU
		{3C961581-5B1B-40F2-88C4-852D94491FA2}.Debug|x64.ActiveCfg = Debug|x64
		{3C961581-5B1B-40F2-88C4-852D94491FA2}.Debug|x64.Build.0 = Debug|x64
		{3C961581-5B1B-40F2-88C4-852D94491FA2}.Debug|x86.ActiveCfg = Debug|Any CPU
		{3C961581-5B1B-40F2-88C4-852D94491FA2}.Debug|x86.Build.0 = Debug|Any CPU
		{3C961581-5B1B-40F2-88C4-852D94491FA2}.DEMO|Any CPU.ActiveCfg = Debug|Any CPU
		{3C961581-5B1B-40F2-88C4-852D94491FA2}.DEMO|Any CPU.Build.0 = Debug|Any CPU
		{3C961581-5B1B-40F2-88C4-852D94491FA2}.DEMO|x64.ActiveCfg = Debug|x64
		{3C961581-5B1B-40F2-88C4-852D94491FA2}.DEMO|x64.Build.0 = Debug|x64
		{3C961581-5B1B-40F2-88C4-852D94491FA2}.DEMO|x86.ActiveCfg = Debug|Any CPU
		{3C961581-5B1B-40F2-88C4-852D94491FA2}.DEMO|x86.Build.0 = Debug|Any CPU
		{3C961581-5B1B-40F2-88C4-852D94491FA2}.docs|Any CPU.ActiveCfg = Debug|Any CPU
		{3C961581-5B1B-40F2-88C4-852D94491FA2}.docs|Any CPU.Build.0 = Debug|Any CPU
		{3C961581-5B1B-40F2-88C4-852D94491FA2}.docs|x64.ActiveCfg = Debug|x64
		{3C961581-5B1B-40F2-88C4-852D94491FA2}.docs|x64.Build.0 = Debug|x64
		{3C961581-5B1B-40F2-88C4-852D94491FA2}.docs|x86.ActiveCfg = Debug|Any CPU
		{3C961581-5B1B-40F2-88C4-852D94491FA2}.docs|x86.Build.0 = Debug|Any CPU
		{3C961581-5B1B-40F2-88C4-852D94491FA2}.GCModeller(Release_X64)|Any CPU.ActiveCfg = Release|Any CPU
		{3C961581-5B1B-40F2-88C4-852D94491FA2}.GCModeller(Release_X64)|Any CPU.Build.0 = Release|Any CPU
		{3C961581-5B1B-40F2-88C4-852D94491FA2}.GCModeller(Release_X64)|x64.ActiveCfg = Release|x64
		{3C961581-5B1B-40F2-88C4-852D94491FA2}.GCModeller(Release_X64)|x64.Build.0 = Release|x64
		{3C961581-5B1B-40F2-88C4-852D94491FA2}.GCModeller(Release_X64)|x86.ActiveCfg = Release|Any CPU
		{3C961581-5B1B-40F2-88C4-852D94491FA2}.GCModeller(Release_X64)|x86.Build.0 = Release|Any CPU
		{3C961581-5B1B-40F2-88C4-852D94491FA2}.GCModeller(UNIX-Release_X64)|Any CPU.ActiveCfg = Release|Any CPU
		{3C961581-5B1B-40F2-88C4-852D94491FA2}.GCModeller(UNIX-Release_X64)|Any CPU.Build.0 = Release|Any CPU
		{3C961581-5B1B-40F2-88C4-852D94491FA2}.GCModeller(UNIX-Release_X64)|x64.ActiveCfg = Release|x64
		{3C961581-5B1B-40F2-88C4-852D94491FA2}.GCModeller(UNIX-Release_X64)|x64.Build.0 = Release|x64
		{3C961581-5B1B-40F2-88C4-852D94491FA2}.GCModeller(UNIX-Release_X64)|x86.ActiveCfg = Release|Any CPU
		{3C961581-5B1B-40F2-88C4-852D94491FA2}.GCModeller(UNIX-Release_X64)|x86.Build.0 = Release|Any CPU
		{3C961581-5B1B-40F2-88C4-852D94491FA2}.installer_x64|Any CPU.ActiveCfg = Debug|Any CPU
		{3C961581-5B1B-40F2-88C4-852D94491FA2}.installer_x64|Any CPU.Build.0 = Debug|Any CPU
		{3C961581-5B1B-40F2-88C4-852D94491FA2}.installer_x64|x64.ActiveCfg = Debug|x64
		{3C961581-5B1B-40F2-88C4-852D94491FA2}.installer_x64|x64.Build.0 = Debug|x64
		{3C961581-5B1B-40F2-88C4-852D94491FA2}.installer_x64|x86.ActiveCfg = Debug|Any CPU
		{3C961581-5B1B-40F2-88C4-852D94491FA2}.installer_x64|x86.Build.0 = Debug|Any CPU
		{3C961581-5B1B-40F2-88C4-852D94491FA2}.LipidSearch|Any CPU.ActiveCfg = LipidSearch|Any CPU
		{3C961581-5B1B-40F2-88C4-852D94491FA2}.LipidSearch|Any CPU.Build.0 = LipidSearch|Any CPU
		{3C961581-5B1B-40F2-88C4-852D94491FA2}.LipidSearch|x64.ActiveCfg = LipidSearch|x64
		{3C961581-5B1B-40F2-88C4-852D94491FA2}.LipidSearch|x64.Build.0 = LipidSearch|x64
		{3C961581-5B1B-40F2-88C4-852D94491FA2}.LipidSearch|x86.ActiveCfg = LipidSearch|Any CPU
		{3C961581-5B1B-40F2-88C4-852D94491FA2}.LipidSearch|x86.Build.0 = LipidSearch|Any CPU
		{3C961581-5B1B-40F2-88C4-852D94491FA2}.MetaCardio|Any CPU.ActiveCfg = mzkit|Any CPU
		{3C961581-5B1B-40F2-88C4-852D94491FA2}.MetaCardio|Any CPU.Build.0 = mzkit|Any CPU
		{3C961581-5B1B-40F2-88C4-852D94491FA2}.MetaCardio|x64.ActiveCfg = mzkit|x64
		{3C961581-5B1B-40F2-88C4-852D94491FA2}.MetaCardio|x64.Build.0 = mzkit|x64
		{3C961581-5B1B-40F2-88C4-852D94491FA2}.MetaCardio|x86.ActiveCfg = mzkit|Any CPU
		{3C961581-5B1B-40F2-88C4-852D94491FA2}.MetaCardio|x86.Build.0 = mzkit|Any CPU
		{3C961581-5B1B-40F2-88C4-852D94491FA2}.mysqli_X64_release|Any CPU.ActiveCfg = mzkit_win32|Any CPU
		{3C961581-5B1B-40F2-88C4-852D94491FA2}.mysqli_X64_release|Any CPU.Build.0 = mzkit_win32|Any CPU
		{3C961581-5B1B-40F2-88C4-852D94491FA2}.mysqli_X64_release|x64.ActiveCfg = mzkit_win32|x64
		{3C961581-5B1B-40F2-88C4-852D94491FA2}.mysqli_X64_release|x64.Build.0 = mzkit_win32|x64
		{3C961581-5B1B-40F2-88C4-852D94491FA2}.mysqli_X64_release|x86.ActiveCfg = mzkit_win32|Any CPU
		{3C961581-5B1B-40F2-88C4-852D94491FA2}.mysqli_X64_release|x86.Build.0 = mzkit_win32|Any CPU
		{3C961581-5B1B-40F2-88C4-852D94491FA2}.mzkit_UnixDocker|Any CPU.ActiveCfg = mzkit_win32|Any CPU
		{3C961581-5B1B-40F2-88C4-852D94491FA2}.mzkit_UnixDocker|Any CPU.Build.0 = mzkit_win32|Any CPU
		{3C961581-5B1B-40F2-88C4-852D94491FA2}.mzkit_UnixDocker|x64.ActiveCfg = mzkit_win32|x64
		{3C961581-5B1B-40F2-88C4-852D94491FA2}.mzkit_UnixDocker|x64.Build.0 = mzkit_win32|x64
		{3C961581-5B1B-40F2-88C4-852D94491FA2}.mzkit_UnixDocker|x86.ActiveCfg = mzkit_win32|Any CPU
		{3C961581-5B1B-40F2-88C4-852D94491FA2}.mzkit_UnixDocker|x86.Build.0 = mzkit_win32|Any CPU
		{3C961581-5B1B-40F2-88C4-852D94491FA2}.mzkit_win32|Any CPU.ActiveCfg = mzkit_win32|Any CPU
		{3C961581-5B1B-40F2-88C4-852D94491FA2}.mzkit_win32|Any CPU.Build.0 = mzkit_win32|Any CPU
		{3C961581-5B1B-40F2-88C4-852D94491FA2}.mzkit_win32|x64.ActiveCfg = mzkit_win32|x64
		{3C961581-5B1B-40F2-88C4-852D94491FA2}.mzkit_win32|x64.Build.0 = mzkit_win32|x64
		{3C961581-5B1B-40F2-88C4-852D94491FA2}.mzkit_win32|x86.ActiveCfg = mzkit_win32|Any CPU
		{3C961581-5B1B-40F2-88C4-852D94491FA2}.mzkit_win32|x86.Build.0 = mzkit_win32|Any CPU
		{3C961581-5B1B-40F2-88C4-852D94491FA2}.mzkit|Any CPU.ActiveCfg = mzkit|Any CPU
		{3C961581-5B1B-40F2-88C4-852D94491FA2}.mzkit|Any CPU.Build.0 = mzkit|Any CPU
		{3C961581-5B1B-40F2-88C4-852D94491FA2}.mzkit|x64.ActiveCfg = mzkit|x64
		{3C961581-5B1B-40F2-88C4-852D94491FA2}.mzkit|x64.Build.0 = mzkit|x64
		{3C961581-5B1B-40F2-88C4-852D94491FA2}.mzkit|x86.ActiveCfg = mzkit|Any CPU
		{3C961581-5B1B-40F2-88C4-852D94491FA2}.mzkit|x86.Build.0 = mzkit|Any CPU
		{3C961581-5B1B-40F2-88C4-852D94491FA2}.node-debug|Any CPU.ActiveCfg = NPSearch|Any CPU
		{3C961581-5B1B-40F2-88C4-852D94491FA2}.node-debug|Any CPU.Build.0 = NPSearch|Any CPU
		{3C961581-5B1B-40F2-88C4-852D94491FA2}.node-debug|x64.ActiveCfg = NPSearch|x64
		{3C961581-5B1B-40F2-88C4-852D94491FA2}.node-debug|x64.Build.0 = NPSearch|x64
		{3C961581-5B1B-40F2-88C4-852D94491FA2}.node-debug|x86.ActiveCfg = NPSearch|Any CPU
		{3C961581-5B1B-40F2-88C4-852D94491FA2}.node-debug|x86.Build.0 = NPSearch|Any CPU
		{3C961581-5B1B-40F2-88C4-852D94491FA2}.NPSearch|Any CPU.ActiveCfg = NPSearch|Any CPU
		{3C961581-5B1B-40F2-88C4-852D94491FA2}.NPSearch|Any CPU.Build.0 = NPSearch|Any CPU
		{3C961581-5B1B-40F2-88C4-852D94491FA2}.NPSearch|x64.ActiveCfg = NPSearch|x64
		{3C961581-5B1B-40F2-88C4-852D94491FA2}.NPSearch|x64.Build.0 = NPSearch|x64
		{3C961581-5B1B-40F2-88C4-852D94491FA2}.NPSearch|x86.ActiveCfg = NPSearch|Any CPU
		{3C961581-5B1B-40F2-88C4-852D94491FA2}.NPSearch|x86.Build.0 = NPSearch|Any CPU
		{3C961581-5B1B-40F2-88C4-852D94491FA2}.PlantMAT|Any CPU.ActiveCfg = Debug|Any CPU
		{3C961581-5B1B-40F2-88C4-852D94491FA2}.PlantMAT|Any CPU.Build.0 = Debug|Any CPU
		{3C961581-5B1B-40F2-88C4-852D94491FA2}.PlantMAT|x64.ActiveCfg = Debug|x64
		{3C961581-5B1B-40F2-88C4-852D94491FA2}.PlantMAT|x64.Build.0 = Debug|x64
		{3C961581-5B1B-40F2-88C4-852D94491FA2}.PlantMAT|x86.ActiveCfg = Debug|Any CPU
		{3C961581-5B1B-40F2-88C4-852D94491FA2}.PlantMAT|x86.Build.0 = Debug|Any CPU
		{3C961581-5B1B-40F2-88C4-852D94491FA2}.Publish|Any CPU.ActiveCfg = Debug|Any CPU
		{3C961581-5B1B-40F2-88C4-852D94491FA2}.Publish|Any CPU.Build.0 = Debug|Any CPU
		{3C961581-5B1B-40F2-88C4-852D94491FA2}.Publish|x64.ActiveCfg = Debug|x64
		{3C961581-5B1B-40F2-88C4-852D94491FA2}.Publish|x64.Build.0 = Debug|x64
		{3C961581-5B1B-40F2-88C4-852D94491FA2}.Publish|x86.ActiveCfg = Debug|Any CPU
		{3C961581-5B1B-40F2-88C4-852D94491FA2}.Publish|x86.Build.0 = Debug|Any CPU
		{3C961581-5B1B-40F2-88C4-852D94491FA2}.Release|Any CPU.ActiveCfg = Release|Any CPU
		{3C961581-5B1B-40F2-88C4-852D94491FA2}.Release|Any CPU.Build.0 = Release|Any CPU
		{3C961581-5B1B-40F2-88C4-852D94491FA2}.Release|x64.ActiveCfg = Release|x64
		{3C961581-5B1B-40F2-88C4-852D94491FA2}.Release|x64.Build.0 = Release|x64
		{3C961581-5B1B-40F2-88C4-852D94491FA2}.Release|x86.ActiveCfg = Release|Any CPU
		{3C961581-5B1B-40F2-88C4-852D94491FA2}.Release|x86.Build.0 = Release|Any CPU
		{3C961581-5B1B-40F2-88C4-852D94491FA2}.Rsharp_app_release|Any CPU.ActiveCfg = Rsharp_app_release|Any CPU
		{3C961581-5B1B-40F2-88C4-852D94491FA2}.Rsharp_app_release|Any CPU.Build.0 = Rsharp_app_release|Any CPU
		{3C961581-5B1B-40F2-88C4-852D94491FA2}.Rsharp_app_release|x64.ActiveCfg = Rsharp_app_release|x64
		{3C961581-5B1B-40F2-88C4-852D94491FA2}.Rsharp_app_release|x64.Build.0 = Rsharp_app_release|x64
		{3C961581-5B1B-40F2-88C4-852D94491FA2}.Rsharp_app_release|x86.ActiveCfg = Rsharp_app_release|Any CPU
		{3C961581-5B1B-40F2-88C4-852D94491FA2}.Rsharp_app_release|x86.Build.0 = Rsharp_app_release|Any CPU
		{3C961581-5B1B-40F2-88C4-852D94491FA2}.RsharpDev|Any CPU.ActiveCfg = Rsharp_app_release|Any CPU
		{3C961581-5B1B-40F2-88C4-852D94491FA2}.RsharpDev|Any CPU.Build.0 = Rsharp_app_release|Any CPU
		{3C961581-5B1B-40F2-88C4-852D94491FA2}.RsharpDev|x64.ActiveCfg = Rsharp_app_release|x64
		{3C961581-5B1B-40F2-88C4-852D94491FA2}.RsharpDev|x64.Build.0 = Rsharp_app_release|x64
		{3C961581-5B1B-40F2-88C4-852D94491FA2}.RsharpDev|x86.ActiveCfg = Rsharp_app_release|Any CPU
		{3C961581-5B1B-40F2-88C4-852D94491FA2}.RsharpDev|x86.Build.0 = Rsharp_app_release|Any CPU
		{3C961581-5B1B-40F2-88C4-852D94491FA2}.sciBASIC.NET-test-release|Any CPU.ActiveCfg = Debug|Any CPU
		{3C961581-5B1B-40F2-88C4-852D94491FA2}.sciBASIC.NET-test-release|Any CPU.Build.0 = Debug|Any CPU
		{3C961581-5B1B-40F2-88C4-852D94491FA2}.sciBASIC.NET-test-release|x64.ActiveCfg = Debug|x64
		{3C961581-5B1B-40F2-88C4-852D94491FA2}.sciBASIC.NET-test-release|x64.Build.0 = Debug|x64
		{3C961581-5B1B-40F2-88C4-852D94491FA2}.sciBASIC.NET-test-release|x86.ActiveCfg = Debug|Any CPU
		{3C961581-5B1B-40F2-88C4-852D94491FA2}.sciBASIC.NET-test-release|x86.Build.0 = Debug|Any CPU
		{3C961581-5B1B-40F2-88C4-852D94491FA2}.Surveillance-of-infectious-diseases|Any CPU.ActiveCfg = Debug|Any CPU
		{3C961581-5B1B-40F2-88C4-852D94491FA2}.Surveillance-of-infectious-diseases|Any CPU.Build.0 = Debug|Any CPU
		{3C961581-5B1B-40F2-88C4-852D94491FA2}.Surveillance-of-infectious-diseases|x64.ActiveCfg = Debug|x64
		{3C961581-5B1B-40F2-88C4-852D94491FA2}.Surveillance-of-infectious-diseases|x64.Build.0 = Debug|x64
		{3C961581-5B1B-40F2-88C4-852D94491FA2}.Surveillance-of-infectious-diseases|x86.ActiveCfg = Debug|Any CPU
		{3C961581-5B1B-40F2-88C4-852D94491FA2}.Surveillance-of-infectious-diseases|x86.Build.0 = Debug|Any CPU
		{3C961581-5B1B-40F2-88C4-852D94491FA2}.vcellkit|Any CPU.ActiveCfg = Debug|Any CPU
		{3C961581-5B1B-40F2-88C4-852D94491FA2}.vcellkit|Any CPU.Build.0 = Debug|Any CPU
		{3C961581-5B1B-40F2-88C4-852D94491FA2}.vcellkit|x64.ActiveCfg = Debug|x64
		{3C961581-5B1B-40F2-88C4-852D94491FA2}.vcellkit|x64.Build.0 = Debug|x64
		{3C961581-5B1B-40F2-88C4-852D94491FA2}.vcellkit|x86.ActiveCfg = Debug|Any CPU
		{3C961581-5B1B-40F2-88C4-852D94491FA2}.vcellkit|x86.Build.0 = Debug|Any CPU
		{3C961581-5B1B-40F2-88C4-852D94491FA2}.Voyager1|Any CPU.ActiveCfg = Debug|Any CPU
		{3C961581-5B1B-40F2-88C4-852D94491FA2}.Voyager1|Any CPU.Build.0 = Debug|Any CPU
		{3C961581-5B1B-40F2-88C4-852D94491FA2}.Voyager1|x64.ActiveCfg = Debug|x64
		{3C961581-5B1B-40F2-88C4-852D94491FA2}.Voyager1|x64.Build.0 = Debug|x64
		{3C961581-5B1B-40F2-88C4-852D94491FA2}.Voyager1|x86.ActiveCfg = Debug|Any CPU
		{3C961581-5B1B-40F2-88C4-852D94491FA2}.Voyager1|x86.Build.0 = Debug|Any CPU
		{3C961581-5B1B-40F2-88C4-852D94491FA2}.Yilia-Release_x64|Any CPU.ActiveCfg = Release|Any CPU
		{3C961581-5B1B-40F2-88C4-852D94491FA2}.Yilia-Release_x64|Any CPU.Build.0 = Release|Any CPU
		{3C961581-5B1B-40F2-88C4-852D94491FA2}.Yilia-Release_x64|x64.ActiveCfg = Release|x64
		{3C961581-5B1B-40F2-88C4-852D94491FA2}.Yilia-Release_x64|x64.Build.0 = Release|x64
		{3C961581-5B1B-40F2-88C4-852D94491FA2}.Yilia-Release_x64|x86.ActiveCfg = Release|Any CPU
		{3C961581-5B1B-40F2-88C4-852D94491FA2}.Yilia-Release_x64|x86.Build.0 = Release|Any CPU
		{154A3CDA-43FD-41B4-BD22-F906C93925E9}.BioDeep_database|Any CPU.ActiveCfg = Debug|Any CPU
		{154A3CDA-43FD-41B4-BD22-F906C93925E9}.BioDeep_database|Any CPU.Build.0 = Debug|Any CPU
		{154A3CDA-43FD-41B4-BD22-F906C93925E9}.BioDeep_database|x64.ActiveCfg = Debug|x64
		{154A3CDA-43FD-41B4-BD22-F906C93925E9}.BioDeep_database|x64.Build.0 = Debug|x64
		{154A3CDA-43FD-41B4-BD22-F906C93925E9}.BioDeep_database|x86.ActiveCfg = Debug|Any CPU
		{154A3CDA-43FD-41B4-BD22-F906C93925E9}.BioDeep_database|x86.Build.0 = Debug|Any CPU
		{154A3CDA-43FD-41B4-BD22-F906C93925E9}.Biodeep_UNIX_x64|Any CPU.ActiveCfg = Debug|Any CPU
		{154A3CDA-43FD-41B4-BD22-F906C93925E9}.Biodeep_UNIX_x64|Any CPU.Build.0 = Debug|Any CPU
		{154A3CDA-43FD-41B4-BD22-F906C93925E9}.Biodeep_UNIX_x64|x64.ActiveCfg = Debug|x64
		{154A3CDA-43FD-41B4-BD22-F906C93925E9}.Biodeep_UNIX_x64|x64.Build.0 = Debug|x64
		{154A3CDA-43FD-41B4-BD22-F906C93925E9}.Biodeep_UNIX_x64|x86.ActiveCfg = Debug|Any CPU
		{154A3CDA-43FD-41B4-BD22-F906C93925E9}.Biodeep_UNIX_x64|x86.Build.0 = Debug|Any CPU
		{154A3CDA-43FD-41B4-BD22-F906C93925E9}.Biodeep|Any CPU.ActiveCfg = Debug|Any CPU
		{154A3CDA-43FD-41B4-BD22-F906C93925E9}.Biodeep|Any CPU.Build.0 = Debug|Any CPU
		{154A3CDA-43FD-41B4-BD22-F906C93925E9}.Biodeep|x64.ActiveCfg = Debug|x64
		{154A3CDA-43FD-41B4-BD22-F906C93925E9}.Biodeep|x64.Build.0 = Debug|x64
		{154A3CDA-43FD-41B4-BD22-F906C93925E9}.Biodeep|x86.ActiveCfg = Debug|Any CPU
		{154A3CDA-43FD-41B4-BD22-F906C93925E9}.Biodeep|x86.Build.0 = Debug|Any CPU
		{154A3CDA-43FD-41B4-BD22-F906C93925E9}.Biostack|Any CPU.ActiveCfg = Debug|Any CPU
		{154A3CDA-43FD-41B4-BD22-F906C93925E9}.Biostack|Any CPU.Build.0 = Debug|Any CPU
		{154A3CDA-43FD-41B4-BD22-F906C93925E9}.Biostack|x64.ActiveCfg = Debug|x64
		{154A3CDA-43FD-41B4-BD22-F906C93925E9}.Biostack|x64.Build.0 = Debug|x64
		{154A3CDA-43FD-41B4-BD22-F906C93925E9}.Biostack|x86.ActiveCfg = Debug|Any CPU
		{154A3CDA-43FD-41B4-BD22-F906C93925E9}.Biostack|x86.Build.0 = Debug|Any CPU
		{154A3CDA-43FD-41B4-BD22-F906C93925E9}.Biostack-Debug|Any CPU.ActiveCfg = Debug|Any CPU
		{154A3CDA-43FD-41B4-BD22-F906C93925E9}.Biostack-Debug|Any CPU.Build.0 = Debug|Any CPU
		{154A3CDA-43FD-41B4-BD22-F906C93925E9}.Biostack-Debug|x64.ActiveCfg = Debug|x64
		{154A3CDA-43FD-41B4-BD22-F906C93925E9}.Biostack-Debug|x64.Build.0 = Debug|x64
		{154A3CDA-43FD-41B4-BD22-F906C93925E9}.Biostack-Debug|x86.ActiveCfg = Debug|Any CPU
		{154A3CDA-43FD-41B4-BD22-F906C93925E9}.Biostack-Debug|x86.Build.0 = Debug|Any CPU
		{154A3CDA-43FD-41B4-BD22-F906C93925E9}.Debug|Any CPU.ActiveCfg = Debug|Any CPU
		{154A3CDA-43FD-41B4-BD22-F906C93925E9}.Debug|Any CPU.Build.0 = Debug|Any CPU
		{154A3CDA-43FD-41B4-BD22-F906C93925E9}.Debug|x64.ActiveCfg = Debug|x64
		{154A3CDA-43FD-41B4-BD22-F906C93925E9}.Debug|x64.Build.0 = Debug|x64
		{154A3CDA-43FD-41B4-BD22-F906C93925E9}.Debug|x86.ActiveCfg = Debug|Any CPU
		{154A3CDA-43FD-41B4-BD22-F906C93925E9}.Debug|x86.Build.0 = Debug|Any CPU
		{154A3CDA-43FD-41B4-BD22-F906C93925E9}.DEMO|Any CPU.ActiveCfg = Debug|Any CPU
		{154A3CDA-43FD-41B4-BD22-F906C93925E9}.DEMO|Any CPU.Build.0 = Debug|Any CPU
		{154A3CDA-43FD-41B4-BD22-F906C93925E9}.DEMO|x64.ActiveCfg = Debug|x64
		{154A3CDA-43FD-41B4-BD22-F906C93925E9}.DEMO|x64.Build.0 = Debug|x64
		{154A3CDA-43FD-41B4-BD22-F906C93925E9}.DEMO|x86.ActiveCfg = Debug|Any CPU
		{154A3CDA-43FD-41B4-BD22-F906C93925E9}.DEMO|x86.Build.0 = Debug|Any CPU
		{154A3CDA-43FD-41B4-BD22-F906C93925E9}.docs|Any CPU.ActiveCfg = Debug|Any CPU
		{154A3CDA-43FD-41B4-BD22-F906C93925E9}.docs|Any CPU.Build.0 = Debug|Any CPU
		{154A3CDA-43FD-41B4-BD22-F906C93925E9}.docs|x64.ActiveCfg = Debug|x64
		{154A3CDA-43FD-41B4-BD22-F906C93925E9}.docs|x64.Build.0 = Debug|x64
		{154A3CDA-43FD-41B4-BD22-F906C93925E9}.docs|x86.ActiveCfg = Debug|Any CPU
		{154A3CDA-43FD-41B4-BD22-F906C93925E9}.docs|x86.Build.0 = Debug|Any CPU
		{154A3CDA-43FD-41B4-BD22-F906C93925E9}.GCModeller(Release_X64)|Any CPU.ActiveCfg = Release|Any CPU
		{154A3CDA-43FD-41B4-BD22-F906C93925E9}.GCModeller(Release_X64)|Any CPU.Build.0 = Release|Any CPU
		{154A3CDA-43FD-41B4-BD22-F906C93925E9}.GCModeller(Release_X64)|x64.ActiveCfg = Release|x64
		{154A3CDA-43FD-41B4-BD22-F906C93925E9}.GCModeller(Release_X64)|x64.Build.0 = Release|x64
		{154A3CDA-43FD-41B4-BD22-F906C93925E9}.GCModeller(Release_X64)|x86.ActiveCfg = Release|Any CPU
		{154A3CDA-43FD-41B4-BD22-F906C93925E9}.GCModeller(Release_X64)|x86.Build.0 = Release|Any CPU
		{154A3CDA-43FD-41B4-BD22-F906C93925E9}.GCModeller(UNIX-Release_X64)|Any CPU.ActiveCfg = Release|Any CPU
		{154A3CDA-43FD-41B4-BD22-F906C93925E9}.GCModeller(UNIX-Release_X64)|Any CPU.Build.0 = Release|Any CPU
		{154A3CDA-43FD-41B4-BD22-F906C93925E9}.GCModeller(UNIX-Release_X64)|x64.ActiveCfg = Release|x64
		{154A3CDA-43FD-41B4-BD22-F906C93925E9}.GCModeller(UNIX-Release_X64)|x64.Build.0 = Release|x64
		{154A3CDA-43FD-41B4-BD22-F906C93925E9}.GCModeller(UNIX-Release_X64)|x86.ActiveCfg = Release|Any CPU
		{154A3CDA-43FD-41B4-BD22-F906C93925E9}.GCModeller(UNIX-Release_X64)|x86.Build.0 = Release|Any CPU
		{154A3CDA-43FD-41B4-BD22-F906C93925E9}.installer_x64|Any CPU.ActiveCfg = Debug|Any CPU
		{154A3CDA-43FD-41B4-BD22-F906C93925E9}.installer_x64|Any CPU.Build.0 = Debug|Any CPU
		{154A3CDA-43FD-41B4-BD22-F906C93925E9}.installer_x64|x64.ActiveCfg = Debug|x64
		{154A3CDA-43FD-41B4-BD22-F906C93925E9}.installer_x64|x64.Build.0 = Debug|x64
		{154A3CDA-43FD-41B4-BD22-F906C93925E9}.installer_x64|x86.ActiveCfg = Debug|Any CPU
		{154A3CDA-43FD-41B4-BD22-F906C93925E9}.installer_x64|x86.Build.0 = Debug|Any CPU
		{154A3CDA-43FD-41B4-BD22-F906C93925E9}.LipidSearch|Any CPU.ActiveCfg = LipidSearch|Any CPU
		{154A3CDA-43FD-41B4-BD22-F906C93925E9}.LipidSearch|Any CPU.Build.0 = LipidSearch|Any CPU
		{154A3CDA-43FD-41B4-BD22-F906C93925E9}.LipidSearch|x64.ActiveCfg = LipidSearch|x64
		{154A3CDA-43FD-41B4-BD22-F906C93925E9}.LipidSearch|x64.Build.0 = LipidSearch|x64
		{154A3CDA-43FD-41B4-BD22-F906C93925E9}.LipidSearch|x86.ActiveCfg = LipidSearch|Any CPU
		{154A3CDA-43FD-41B4-BD22-F906C93925E9}.LipidSearch|x86.Build.0 = LipidSearch|Any CPU
		{154A3CDA-43FD-41B4-BD22-F906C93925E9}.MetaCardio|Any CPU.ActiveCfg = mzkit|Any CPU
		{154A3CDA-43FD-41B4-BD22-F906C93925E9}.MetaCardio|Any CPU.Build.0 = mzkit|Any CPU
		{154A3CDA-43FD-41B4-BD22-F906C93925E9}.MetaCardio|x64.ActiveCfg = mzkit|x64
		{154A3CDA-43FD-41B4-BD22-F906C93925E9}.MetaCardio|x64.Build.0 = mzkit|x64
		{154A3CDA-43FD-41B4-BD22-F906C93925E9}.MetaCardio|x86.ActiveCfg = mzkit|Any CPU
		{154A3CDA-43FD-41B4-BD22-F906C93925E9}.MetaCardio|x86.Build.0 = mzkit|Any CPU
		{154A3CDA-43FD-41B4-BD22-F906C93925E9}.mysqli_X64_release|Any CPU.ActiveCfg = mzkit_win32|Any CPU
		{154A3CDA-43FD-41B4-BD22-F906C93925E9}.mysqli_X64_release|Any CPU.Build.0 = mzkit_win32|Any CPU
		{154A3CDA-43FD-41B4-BD22-F906C93925E9}.mysqli_X64_release|x64.ActiveCfg = mzkit_win32|x64
		{154A3CDA-43FD-41B4-BD22-F906C93925E9}.mysqli_X64_release|x64.Build.0 = mzkit_win32|x64
		{154A3CDA-43FD-41B4-BD22-F906C93925E9}.mysqli_X64_release|x86.ActiveCfg = mzkit_win32|Any CPU
		{154A3CDA-43FD-41B4-BD22-F906C93925E9}.mysqli_X64_release|x86.Build.0 = mzkit_win32|Any CPU
		{154A3CDA-43FD-41B4-BD22-F906C93925E9}.mzkit_UnixDocker|Any CPU.ActiveCfg = mzkit_win32|Any CPU
		{154A3CDA-43FD-41B4-BD22-F906C93925E9}.mzkit_UnixDocker|Any CPU.Build.0 = mzkit_win32|Any CPU
		{154A3CDA-43FD-41B4-BD22-F906C93925E9}.mzkit_UnixDocker|x64.ActiveCfg = mzkit_win32|x64
		{154A3CDA-43FD-41B4-BD22-F906C93925E9}.mzkit_UnixDocker|x64.Build.0 = mzkit_win32|x64
		{154A3CDA-43FD-41B4-BD22-F906C93925E9}.mzkit_UnixDocker|x86.ActiveCfg = mzkit_win32|Any CPU
		{154A3CDA-43FD-41B4-BD22-F906C93925E9}.mzkit_UnixDocker|x86.Build.0 = mzkit_win32|Any CPU
		{154A3CDA-43FD-41B4-BD22-F906C93925E9}.mzkit_win32|Any CPU.ActiveCfg = mzkit_win32|Any CPU
		{154A3CDA-43FD-41B4-BD22-F906C93925E9}.mzkit_win32|Any CPU.Build.0 = mzkit_win32|Any CPU
		{154A3CDA-43FD-41B4-BD22-F906C93925E9}.mzkit_win32|x64.ActiveCfg = mzkit_win32|x64
		{154A3CDA-43FD-41B4-BD22-F906C93925E9}.mzkit_win32|x64.Build.0 = mzkit_win32|x64
		{154A3CDA-43FD-41B4-BD22-F906C93925E9}.mzkit_win32|x86.ActiveCfg = mzkit_win32|Any CPU
		{154A3CDA-43FD-41B4-BD22-F906C93925E9}.mzkit_win32|x86.Build.0 = mzkit_win32|Any CPU
		{154A3CDA-43FD-41B4-BD22-F906C93925E9}.mzkit|Any CPU.ActiveCfg = mzkit|Any CPU
		{154A3CDA-43FD-41B4-BD22-F906C93925E9}.mzkit|Any CPU.Build.0 = mzkit|Any CPU
		{154A3CDA-43FD-41B4-BD22-F906C93925E9}.mzkit|x64.ActiveCfg = mzkit|x64
		{154A3CDA-43FD-41B4-BD22-F906C93925E9}.mzkit|x64.Build.0 = mzkit|x64
		{154A3CDA-43FD-41B4-BD22-F906C93925E9}.mzkit|x86.ActiveCfg = mzkit|Any CPU
		{154A3CDA-43FD-41B4-BD22-F906C93925E9}.mzkit|x86.Build.0 = mzkit|Any CPU
		{154A3CDA-43FD-41B4-BD22-F906C93925E9}.node-debug|Any CPU.ActiveCfg = NPSearch|Any CPU
		{154A3CDA-43FD-41B4-BD22-F906C93925E9}.node-debug|Any CPU.Build.0 = NPSearch|Any CPU
		{154A3CDA-43FD-41B4-BD22-F906C93925E9}.node-debug|x64.ActiveCfg = NPSearch|x64
		{154A3CDA-43FD-41B4-BD22-F906C93925E9}.node-debug|x64.Build.0 = NPSearch|x64
		{154A3CDA-43FD-41B4-BD22-F906C93925E9}.node-debug|x86.ActiveCfg = NPSearch|Any CPU
		{154A3CDA-43FD-41B4-BD22-F906C93925E9}.node-debug|x86.Build.0 = NPSearch|Any CPU
		{154A3CDA-43FD-41B4-BD22-F906C93925E9}.NPSearch|Any CPU.ActiveCfg = NPSearch|Any CPU
		{154A3CDA-43FD-41B4-BD22-F906C93925E9}.NPSearch|Any CPU.Build.0 = NPSearch|Any CPU
		{154A3CDA-43FD-41B4-BD22-F906C93925E9}.NPSearch|x64.ActiveCfg = NPSearch|x64
		{154A3CDA-43FD-41B4-BD22-F906C93925E9}.NPSearch|x64.Build.0 = NPSearch|x64
		{154A3CDA-43FD-41B4-BD22-F906C93925E9}.NPSearch|x86.ActiveCfg = NPSearch|Any CPU
		{154A3CDA-43FD-41B4-BD22-F906C93925E9}.NPSearch|x86.Build.0 = NPSearch|Any CPU
		{154A3CDA-43FD-41B4-BD22-F906C93925E9}.PlantMAT|Any CPU.ActiveCfg = Debug|Any CPU
		{154A3CDA-43FD-41B4-BD22-F906C93925E9}.PlantMAT|Any CPU.Build.0 = Debug|Any CPU
		{154A3CDA-43FD-41B4-BD22-F906C93925E9}.PlantMAT|x64.ActiveCfg = Debug|x64
		{154A3CDA-43FD-41B4-BD22-F906C93925E9}.PlantMAT|x64.Build.0 = Debug|x64
		{154A3CDA-43FD-41B4-BD22-F906C93925E9}.PlantMAT|x86.ActiveCfg = Debug|Any CPU
		{154A3CDA-43FD-41B4-BD22-F906C93925E9}.PlantMAT|x86.Build.0 = Debug|Any CPU
		{154A3CDA-43FD-41B4-BD22-F906C93925E9}.Publish|Any CPU.ActiveCfg = Debug|Any CPU
		{154A3CDA-43FD-41B4-BD22-F906C93925E9}.Publish|Any CPU.Build.0 = Debug|Any CPU
		{154A3CDA-43FD-41B4-BD22-F906C93925E9}.Publish|x64.ActiveCfg = Debug|x64
		{154A3CDA-43FD-41B4-BD22-F906C93925E9}.Publish|x64.Build.0 = Debug|x64
		{154A3CDA-43FD-41B4-BD22-F906C93925E9}.Publish|x86.ActiveCfg = Debug|Any CPU
		{154A3CDA-43FD-41B4-BD22-F906C93925E9}.Publish|x86.Build.0 = Debug|Any CPU
		{154A3CDA-43FD-41B4-BD22-F906C93925E9}.Release|Any CPU.ActiveCfg = Release|Any CPU
		{154A3CDA-43FD-41B4-BD22-F906C93925E9}.Release|Any CPU.Build.0 = Release|Any CPU
		{154A3CDA-43FD-41B4-BD22-F906C93925E9}.Release|x64.ActiveCfg = Release|x64
		{154A3CDA-43FD-41B4-BD22-F906C93925E9}.Release|x64.Build.0 = Release|x64
		{154A3CDA-43FD-41B4-BD22-F906C93925E9}.Release|x86.ActiveCfg = Release|Any CPU
		{154A3CDA-43FD-41B4-BD22-F906C93925E9}.Release|x86.Build.0 = Release|Any CPU
		{154A3CDA-43FD-41B4-BD22-F906C93925E9}.Rsharp_app_release|Any CPU.ActiveCfg = Rsharp_app_release|Any CPU
		{154A3CDA-43FD-41B4-BD22-F906C93925E9}.Rsharp_app_release|Any CPU.Build.0 = Rsharp_app_release|Any CPU
		{154A3CDA-43FD-41B4-BD22-F906C93925E9}.Rsharp_app_release|x64.ActiveCfg = Rsharp_app_release|x64
		{154A3CDA-43FD-41B4-BD22-F906C93925E9}.Rsharp_app_release|x64.Build.0 = Rsharp_app_release|x64
		{154A3CDA-43FD-41B4-BD22-F906C93925E9}.Rsharp_app_release|x86.ActiveCfg = Rsharp_app_release|Any CPU
		{154A3CDA-43FD-41B4-BD22-F906C93925E9}.Rsharp_app_release|x86.Build.0 = Rsharp_app_release|Any CPU
		{154A3CDA-43FD-41B4-BD22-F906C93925E9}.RsharpDev|Any CPU.ActiveCfg = Rsharp_app_release|Any CPU
		{154A3CDA-43FD-41B4-BD22-F906C93925E9}.RsharpDev|Any CPU.Build.0 = Rsharp_app_release|Any CPU
		{154A3CDA-43FD-41B4-BD22-F906C93925E9}.RsharpDev|x64.ActiveCfg = Rsharp_app_release|x64
		{154A3CDA-43FD-41B4-BD22-F906C93925E9}.RsharpDev|x64.Build.0 = Rsharp_app_release|x64
		{154A3CDA-43FD-41B4-BD22-F906C93925E9}.RsharpDev|x86.ActiveCfg = Rsharp_app_release|Any CPU
		{154A3CDA-43FD-41B4-BD22-F906C93925E9}.RsharpDev|x86.Build.0 = Rsharp_app_release|Any CPU
		{154A3CDA-43FD-41B4-BD22-F906C93925E9}.sciBASIC.NET-test-release|Any CPU.ActiveCfg = Debug|Any CPU
		{154A3CDA-43FD-41B4-BD22-F906C93925E9}.sciBASIC.NET-test-release|Any CPU.Build.0 = Debug|Any CPU
		{154A3CDA-43FD-41B4-BD22-F906C93925E9}.sciBASIC.NET-test-release|x64.ActiveCfg = Debug|x64
		{154A3CDA-43FD-41B4-BD22-F906C93925E9}.sciBASIC.NET-test-release|x64.Build.0 = Debug|x64
		{154A3CDA-43FD-41B4-BD22-F906C93925E9}.sciBASIC.NET-test-release|x86.ActiveCfg = Debug|Any CPU
		{154A3CDA-43FD-41B4-BD22-F906C93925E9}.sciBASIC.NET-test-release|x86.Build.0 = Debug|Any CPU
		{154A3CDA-43FD-41B4-BD22-F906C93925E9}.Surveillance-of-infectious-diseases|Any CPU.ActiveCfg = Debug|Any CPU
		{154A3CDA-43FD-41B4-BD22-F906C93925E9}.Surveillance-of-infectious-diseases|Any CPU.Build.0 = Debug|Any CPU
		{154A3CDA-43FD-41B4-BD22-F906C93925E9}.Surveillance-of-infectious-diseases|x64.ActiveCfg = Debug|x64
		{154A3CDA-43FD-41B4-BD22-F906C93925E9}.Surveillance-of-infectious-diseases|x64.Build.0 = Debug|x64
		{154A3CDA-43FD-41B4-BD22-F906C93925E9}.Surveillance-of-infectious-diseases|x86.ActiveCfg = Debug|Any CPU
		{154A3CDA-43FD-41B4-BD22-F906C93925E9}.Surveillance-of-infectious-diseases|x86.Build.0 = Debug|Any CPU
		{154A3CDA-43FD-41B4-BD22-F906C93925E9}.vcellkit|Any CPU.ActiveCfg = Debug|Any CPU
		{154A3CDA-43FD-41B4-BD22-F906C93925E9}.vcellkit|Any CPU.Build.0 = Debug|Any CPU
		{154A3CDA-43FD-41B4-BD22-F906C93925E9}.vcellkit|x64.ActiveCfg = Debug|x64
		{154A3CDA-43FD-41B4-BD22-F906C93925E9}.vcellkit|x64.Build.0 = Debug|x64
		{154A3CDA-43FD-41B4-BD22-F906C93925E9}.vcellkit|x86.ActiveCfg = Debug|Any CPU
		{154A3CDA-43FD-41B4-BD22-F906C93925E9}.vcellkit|x86.Build.0 = Debug|Any CPU
		{154A3CDA-43FD-41B4-BD22-F906C93925E9}.Voyager1|Any CPU.ActiveCfg = Debug|Any CPU
		{154A3CDA-43FD-41B4-BD22-F906C93925E9}.Voyager1|Any CPU.Build.0 = Debug|Any CPU
		{154A3CDA-43FD-41B4-BD22-F906C93925E9}.Voyager1|x64.ActiveCfg = Debug|x64
		{154A3CDA-43FD-41B4-BD22-F906C93925E9}.Voyager1|x64.Build.0 = Debug|x64
		{154A3CDA-43FD-41B4-BD22-F906C93925E9}.Voyager1|x86.ActiveCfg = Debug|Any CPU
		{154A3CDA-43FD-41B4-BD22-F906C93925E9}.Voyager1|x86.Build.0 = Debug|Any CPU
		{154A3CDA-43FD-41B4-BD22-F906C93925E9}.Yilia-Release_x64|Any CPU.ActiveCfg = Release|Any CPU
		{154A3CDA-43FD-41B4-BD22-F906C93925E9}.Yilia-Release_x64|Any CPU.Build.0 = Release|Any CPU
		{154A3CDA-43FD-41B4-BD22-F906C93925E9}.Yilia-Release_x64|x64.ActiveCfg = Release|x64
		{154A3CDA-43FD-41B4-BD22-F906C93925E9}.Yilia-Release_x64|x64.Build.0 = Release|x64
		{154A3CDA-43FD-41B4-BD22-F906C93925E9}.Yilia-Release_x64|x86.ActiveCfg = Release|Any CPU
		{154A3CDA-43FD-41B4-BD22-F906C93925E9}.Yilia-Release_x64|x86.Build.0 = Release|Any CPU
	EndGlobalSection
	GlobalSection(SolutionProperties) = preSolution
		HideSolutionNode = FALSE
	EndGlobalSection
	GlobalSection(NestedProjects) = preSolution
		{A81825A0-6B22-4B1F-B16F-45EB84EE13C9} = {72BE719D-1B43-4C30-BA8E-2CD3CA4D4470}
		{E342735C-5E0A-4810-98C2-BB15EF8A691D} = {72BE719D-1B43-4C30-BA8E-2CD3CA4D4470}
		{3C961581-5B1B-40F2-88C4-852D94491FA2} = {72BE719D-1B43-4C30-BA8E-2CD3CA4D4470}
		{154A3CDA-43FD-41B4-BD22-F906C93925E9} = {72BE719D-1B43-4C30-BA8E-2CD3CA4D4470}
	EndGlobalSection
	GlobalSection(ExtensibilityGlobals) = postSolution
		SolutionGuid = {F40D3C31-6AD7-4A75-8A4B-A5499D7C6621}
	EndGlobalSection
EndGlobal
