
Microsoft Visual Studio Solution File, Format Version 12.00
# Visual Studio 14
VisualStudioVersion = 14.0.25402.0
MinimumVisualStudioVersion = 10.0.40219.1
Project("{F184B08F-C81C-45F6-A57F-5ABD9991F28F}") = "InfectionDynamics", "InfectionDynamics\InfectionDynamics.vbproj", "{923F28B2-D674-4DF7-96B9-6D7CABCAA2C8}"
EndProject
Project("{F184B08F-C81C-45F6-A57F-5ABD9991F28F}") = "+Microsoft.VisualBasic.Architecture.Framework", "G:\VisualBasic_AppFramework\Microsoft.VisualBasic.Architecture.Framework\+Microsoft.VisualBasic.Architecture.Framework.vbproj", "{FECCE1FD-E1D4-49E3-A668-60BB5E7AED99}"
EndProject
Project("{F184B08F-C81C-45F6-A57F-5ABD9991F28F}") = "RDotNet", "G:\R.Bioinformatics\RDotNET\RDotNet.vbproj", "{21C35138-455B-4833-9756-B2629F972A22}"
EndProject
Project("{F184B08F-C81C-45F6-A57F-5ABD9991F28F}") = "RDotNET.Extensions.VisualBasic", "G:\R.Bioinformatics\RDotNET.Extensions.VisualBasic\RDotNET.Extensions.VisualBasic.vbproj", "{AB6E71B0-1BE2-4418-AB4B-91D5554CF5A1}"
EndProject
Project("{F184B08F-C81C-45F6-A57F-5ABD9991F28F}") = "RDotNet.Extensions.Bioinformatics", "G:\R.Bioinformatics\RDotNet.Extensions.Bioinformatics\RDotNet.Extensions.Bioinformatics.vbproj", "{485965CD-DA31-4517-86F6-94DFD28379C1}"
EndProject
Project("{2150E333-8FDC-42A3-9474-1A3956D46DE8}") = "runtime", "runtime", "{C16C3D8D-46F9-4F7B-ADCA-80815FF5873E}"
EndProject
Project("{2150E333-8FDC-42A3-9474-1A3956D46DE8}") = "R", "R", "{19ADDF1A-0B76-4850-A9DC-74A84F8F78C5}"
EndProject
Project("{F184B08F-C81C-45F6-A57F-5ABD9991F28F}") = "Microsoft.VisualBasic.Mathematical", "G:\VisualBasic_AppFramework\Data_science\Mathematical\Math\Microsoft.VisualBasic.Mathematical.vbproj", "{E3367B88-5D0C-495A-8273-331656D4B5AA}"
EndProject
Project("{F184B08F-C81C-45F6-A57F-5ABD9991F28F}") = "diffEq", "G:\VisualBasic_AppFramework\Data_science\Mathematical\ODE\diffEq.vbproj", "{14E0B048-3A0D-4FD6-AA79-9B815D6F1B30}"
EndProject
Project("{F184B08F-C81C-45F6-A57F-5ABD9991F28F}") = "Plots", "G:\VisualBasic_AppFramework\Data_science\Mathematical\Plots\Plots.vbproj", "{17F8E821-0A01-4975-9CAA-AC95251226D5}"
EndProject
Project("{F184B08F-C81C-45F6-A57F-5ABD9991F28F}") = "Bootstrapping", "..\..\VisualBasic_AppFramework\Data_science\Bootstrapping\Bootstrapping.vbproj", "{B21B924A-D67F-4554-8946-A154563394B2}"
EndProject
Project("{F184B08F-C81C-45F6-A57F-5ABD9991F28F}") = "Microsoft.VisualBasic.DataMining.Framework", "..\..\VisualBasic_AppFramework\Data_science\Microsoft.VisualBasic.DataMining.Framework\Microsoft.VisualBasic.DataMining.Framework.vbproj", "{4B877AB2-E15F-4AA9-B7D6-7C11B2213F10}"
EndProject
Project("{F184B08F-C81C-45F6-A57F-5ABD9991F28F}") = "+VB_DataFrame", "..\..\VisualBasic_AppFramework\Data\DataFrame\+VB_DataFrame.vbproj", "{7283C179-F852-4EAD-8D8F-B82EF2CBD7DB}"
EndProject
Project("{F184B08F-C81C-45F6-A57F-5ABD9991F28F}") = "markups", "..\..\VisualBasic_AppFramework\mime\markups\markups.vbproj", "{2DD4BE80-DDC3-4767-94A7-10F1C3395716}"
EndProject
Project("{F184B08F-C81C-45F6-A57F-5ABD9991F28F}") = "Microsoft.VisualBasic.Imaging", "..\..\VisualBasic_AppFramework\gr\Microsoft.VisualBasic.Imaging\Microsoft.VisualBasic.Imaging.vbproj", "{85E71B4B-9276-4EC8-AADC-C849205F1EA8}"
EndProject
Global
	GlobalSection(SolutionConfigurationPlatforms) = preSolution
		Debug|Any CPU = Debug|Any CPU
		Debug|x64 = Debug|x64
		Debug|x86 = Debug|x86
		docs|Any CPU = docs|Any CPU
		docs|x64 = docs|x64
		docs|x86 = docs|x86
		Publish|Any CPU = Publish|Any CPU
		Publish|x64 = Publish|x64
		Publish|x86 = Publish|x86
		Release|Any CPU = Release|Any CPU
		Release|x64 = Release|x64
		Release|x86 = Release|x86
	EndGlobalSection
	GlobalSection(ProjectConfigurationPlatforms) = postSolution
		{923F28B2-D674-4DF7-96B9-6D7CABCAA2C8}.Debug|Any CPU.ActiveCfg = Debug|Any CPU
		{923F28B2-D674-4DF7-96B9-6D7CABCAA2C8}.Debug|Any CPU.Build.0 = Debug|Any CPU
		{923F28B2-D674-4DF7-96B9-6D7CABCAA2C8}.Debug|x64.ActiveCfg = Debug|x64
		{923F28B2-D674-4DF7-96B9-6D7CABCAA2C8}.Debug|x64.Build.0 = Debug|x64
		{923F28B2-D674-4DF7-96B9-6D7CABCAA2C8}.Debug|x86.ActiveCfg = Debug|Any CPU
		{923F28B2-D674-4DF7-96B9-6D7CABCAA2C8}.Debug|x86.Build.0 = Debug|Any CPU
		{923F28B2-D674-4DF7-96B9-6D7CABCAA2C8}.docs|Any CPU.ActiveCfg = Debug|Any CPU
		{923F28B2-D674-4DF7-96B9-6D7CABCAA2C8}.docs|Any CPU.Build.0 = Debug|Any CPU
		{923F28B2-D674-4DF7-96B9-6D7CABCAA2C8}.docs|x64.ActiveCfg = Debug|Any CPU
		{923F28B2-D674-4DF7-96B9-6D7CABCAA2C8}.docs|x64.Build.0 = Debug|Any CPU
		{923F28B2-D674-4DF7-96B9-6D7CABCAA2C8}.docs|x86.ActiveCfg = Debug|Any CPU
		{923F28B2-D674-4DF7-96B9-6D7CABCAA2C8}.docs|x86.Build.0 = Debug|Any CPU
		{923F28B2-D674-4DF7-96B9-6D7CABCAA2C8}.Publish|Any CPU.ActiveCfg = Release|Any CPU
		{923F28B2-D674-4DF7-96B9-6D7CABCAA2C8}.Publish|Any CPU.Build.0 = Release|Any CPU
		{923F28B2-D674-4DF7-96B9-6D7CABCAA2C8}.Publish|x64.ActiveCfg = Release|Any CPU
		{923F28B2-D674-4DF7-96B9-6D7CABCAA2C8}.Publish|x64.Build.0 = Release|Any CPU
		{923F28B2-D674-4DF7-96B9-6D7CABCAA2C8}.Publish|x86.ActiveCfg = Release|Any CPU
		{923F28B2-D674-4DF7-96B9-6D7CABCAA2C8}.Publish|x86.Build.0 = Release|Any CPU
		{923F28B2-D674-4DF7-96B9-6D7CABCAA2C8}.Release|Any CPU.ActiveCfg = Release|Any CPU
		{923F28B2-D674-4DF7-96B9-6D7CABCAA2C8}.Release|Any CPU.Build.0 = Release|Any CPU
		{923F28B2-D674-4DF7-96B9-6D7CABCAA2C8}.Release|x64.ActiveCfg = Release|x64
		{923F28B2-D674-4DF7-96B9-6D7CABCAA2C8}.Release|x64.Build.0 = Release|x64
		{923F28B2-D674-4DF7-96B9-6D7CABCAA2C8}.Release|x86.ActiveCfg = Release|Any CPU
		{923F28B2-D674-4DF7-96B9-6D7CABCAA2C8}.Release|x86.Build.0 = Release|Any CPU
		{FECCE1FD-E1D4-49E3-A668-60BB5E7AED99}.Debug|Any CPU.ActiveCfg = Debug|Any CPU
		{FECCE1FD-E1D4-49E3-A668-60BB5E7AED99}.Debug|Any CPU.Build.0 = Debug|Any CPU
		{FECCE1FD-E1D4-49E3-A668-60BB5E7AED99}.Debug|x64.ActiveCfg = Debug|x64
		{FECCE1FD-E1D4-49E3-A668-60BB5E7AED99}.Debug|x64.Build.0 = Debug|x64
		{FECCE1FD-E1D4-49E3-A668-60BB5E7AED99}.Debug|x86.ActiveCfg = Debug|x86
		{FECCE1FD-E1D4-49E3-A668-60BB5E7AED99}.Debug|x86.Build.0 = Debug|x86
		{FECCE1FD-E1D4-49E3-A668-60BB5E7AED99}.docs|Any CPU.ActiveCfg = docs|Any CPU
		{FECCE1FD-E1D4-49E3-A668-60BB5E7AED99}.docs|Any CPU.Build.0 = docs|Any CPU
		{FECCE1FD-E1D4-49E3-A668-60BB5E7AED99}.docs|x64.ActiveCfg = docs|x64
		{FECCE1FD-E1D4-49E3-A668-60BB5E7AED99}.docs|x64.Build.0 = docs|x64
		{FECCE1FD-E1D4-49E3-A668-60BB5E7AED99}.docs|x86.ActiveCfg = docs|x86
		{FECCE1FD-E1D4-49E3-A668-60BB5E7AED99}.docs|x86.Build.0 = docs|x86
		{FECCE1FD-E1D4-49E3-A668-60BB5E7AED99}.Publish|Any CPU.ActiveCfg = Publish|Any CPU
		{FECCE1FD-E1D4-49E3-A668-60BB5E7AED99}.Publish|Any CPU.Build.0 = Publish|Any CPU
		{FECCE1FD-E1D4-49E3-A668-60BB5E7AED99}.Publish|x64.ActiveCfg = Publish|x64
		{FECCE1FD-E1D4-49E3-A668-60BB5E7AED99}.Publish|x64.Build.0 = Publish|x64
		{FECCE1FD-E1D4-49E3-A668-60BB5E7AED99}.Publish|x86.ActiveCfg = Publish|x86
		{FECCE1FD-E1D4-49E3-A668-60BB5E7AED99}.Publish|x86.Build.0 = Publish|x86
		{FECCE1FD-E1D4-49E3-A668-60BB5E7AED99}.Release|Any CPU.ActiveCfg = Release|Any CPU
		{FECCE1FD-E1D4-49E3-A668-60BB5E7AED99}.Release|Any CPU.Build.0 = Release|Any CPU
		{FECCE1FD-E1D4-49E3-A668-60BB5E7AED99}.Release|x64.ActiveCfg = Release|x64
		{FECCE1FD-E1D4-49E3-A668-60BB5E7AED99}.Release|x64.Build.0 = Release|x64
		{FECCE1FD-E1D4-49E3-A668-60BB5E7AED99}.Release|x86.ActiveCfg = Release|x86
		{FECCE1FD-E1D4-49E3-A668-60BB5E7AED99}.Release|x86.Build.0 = Release|x86
		{21C35138-455B-4833-9756-B2629F972A22}.Debug|Any CPU.ActiveCfg = Debug|Any CPU
		{21C35138-455B-4833-9756-B2629F972A22}.Debug|Any CPU.Build.0 = Debug|Any CPU
		{21C35138-455B-4833-9756-B2629F972A22}.Debug|x64.ActiveCfg = Debug|x64
		{21C35138-455B-4833-9756-B2629F972A22}.Debug|x64.Build.0 = Debug|x64
		{21C35138-455B-4833-9756-B2629F972A22}.Debug|x86.ActiveCfg = Debug|x86
		{21C35138-455B-4833-9756-B2629F972A22}.Debug|x86.Build.0 = Debug|x86
		{21C35138-455B-4833-9756-B2629F972A22}.docs|Any CPU.ActiveCfg = docs|Any CPU
		{21C35138-455B-4833-9756-B2629F972A22}.docs|Any CPU.Build.0 = docs|Any CPU
		{21C35138-455B-4833-9756-B2629F972A22}.docs|x64.ActiveCfg = docs|x64
		{21C35138-455B-4833-9756-B2629F972A22}.docs|x64.Build.0 = docs|x64
		{21C35138-455B-4833-9756-B2629F972A22}.docs|x86.ActiveCfg = docs|x86
		{21C35138-455B-4833-9756-B2629F972A22}.docs|x86.Build.0 = docs|x86
		{21C35138-455B-4833-9756-B2629F972A22}.Publish|Any CPU.ActiveCfg = Publish|Any CPU
		{21C35138-455B-4833-9756-B2629F972A22}.Publish|Any CPU.Build.0 = Publish|Any CPU
		{21C35138-455B-4833-9756-B2629F972A22}.Publish|x64.ActiveCfg = Publish|x64
		{21C35138-455B-4833-9756-B2629F972A22}.Publish|x64.Build.0 = Publish|x64
		{21C35138-455B-4833-9756-B2629F972A22}.Publish|x86.ActiveCfg = Publish|x86
		{21C35138-455B-4833-9756-B2629F972A22}.Publish|x86.Build.0 = Publish|x86
		{21C35138-455B-4833-9756-B2629F972A22}.Release|Any CPU.ActiveCfg = Release|Any CPU
		{21C35138-455B-4833-9756-B2629F972A22}.Release|Any CPU.Build.0 = Release|Any CPU
		{21C35138-455B-4833-9756-B2629F972A22}.Release|x64.ActiveCfg = Release|x64
		{21C35138-455B-4833-9756-B2629F972A22}.Release|x64.Build.0 = Release|x64
		{21C35138-455B-4833-9756-B2629F972A22}.Release|x86.ActiveCfg = Release|x86
		{21C35138-455B-4833-9756-B2629F972A22}.Release|x86.Build.0 = Release|x86
		{AB6E71B0-1BE2-4418-AB4B-91D5554CF5A1}.Debug|Any CPU.ActiveCfg = Debug|Any CPU
		{AB6E71B0-1BE2-4418-AB4B-91D5554CF5A1}.Debug|Any CPU.Build.0 = Debug|Any CPU
		{AB6E71B0-1BE2-4418-AB4B-91D5554CF5A1}.Debug|x64.ActiveCfg = Debug|x64
		{AB6E71B0-1BE2-4418-AB4B-91D5554CF5A1}.Debug|x64.Build.0 = Debug|x64
		{AB6E71B0-1BE2-4418-AB4B-91D5554CF5A1}.Debug|x86.ActiveCfg = Debug|x86
		{AB6E71B0-1BE2-4418-AB4B-91D5554CF5A1}.Debug|x86.Build.0 = Debug|x86
		{AB6E71B0-1BE2-4418-AB4B-91D5554CF5A1}.docs|Any CPU.ActiveCfg = docs|Any CPU
		{AB6E71B0-1BE2-4418-AB4B-91D5554CF5A1}.docs|Any CPU.Build.0 = docs|Any CPU
		{AB6E71B0-1BE2-4418-AB4B-91D5554CF5A1}.docs|x64.ActiveCfg = docs|x64
		{AB6E71B0-1BE2-4418-AB4B-91D5554CF5A1}.docs|x64.Build.0 = docs|x64
		{AB6E71B0-1BE2-4418-AB4B-91D5554CF5A1}.docs|x86.ActiveCfg = docs|x86
		{AB6E71B0-1BE2-4418-AB4B-91D5554CF5A1}.docs|x86.Build.0 = docs|x86
		{AB6E71B0-1BE2-4418-AB4B-91D5554CF5A1}.Publish|Any CPU.ActiveCfg = Publish|Any CPU
		{AB6E71B0-1BE2-4418-AB4B-91D5554CF5A1}.Publish|Any CPU.Build.0 = Publish|Any CPU
		{AB6E71B0-1BE2-4418-AB4B-91D5554CF5A1}.Publish|x64.ActiveCfg = Publish|x64
		{AB6E71B0-1BE2-4418-AB4B-91D5554CF5A1}.Publish|x64.Build.0 = Publish|x64
		{AB6E71B0-1BE2-4418-AB4B-91D5554CF5A1}.Publish|x86.ActiveCfg = Publish|x86
		{AB6E71B0-1BE2-4418-AB4B-91D5554CF5A1}.Publish|x86.Build.0 = Publish|x86
		{AB6E71B0-1BE2-4418-AB4B-91D5554CF5A1}.Release|Any CPU.ActiveCfg = Release|Any CPU
		{AB6E71B0-1BE2-4418-AB4B-91D5554CF5A1}.Release|Any CPU.Build.0 = Release|Any CPU
		{AB6E71B0-1BE2-4418-AB4B-91D5554CF5A1}.Release|x64.ActiveCfg = Release|x64
		{AB6E71B0-1BE2-4418-AB4B-91D5554CF5A1}.Release|x64.Build.0 = Release|x64
		{AB6E71B0-1BE2-4418-AB4B-91D5554CF5A1}.Release|x86.ActiveCfg = Release|x86
		{AB6E71B0-1BE2-4418-AB4B-91D5554CF5A1}.Release|x86.Build.0 = Release|x86
		{485965CD-DA31-4517-86F6-94DFD28379C1}.Debug|Any CPU.ActiveCfg = Debug|Any CPU
		{485965CD-DA31-4517-86F6-94DFD28379C1}.Debug|Any CPU.Build.0 = Debug|Any CPU
		{485965CD-DA31-4517-86F6-94DFD28379C1}.Debug|x64.ActiveCfg = Debug|x64
		{485965CD-DA31-4517-86F6-94DFD28379C1}.Debug|x64.Build.0 = Debug|x64
		{485965CD-DA31-4517-86F6-94DFD28379C1}.Debug|x86.ActiveCfg = Debug|x86
		{485965CD-DA31-4517-86F6-94DFD28379C1}.Debug|x86.Build.0 = Debug|x86
		{485965CD-DA31-4517-86F6-94DFD28379C1}.docs|Any CPU.ActiveCfg = docs|Any CPU
		{485965CD-DA31-4517-86F6-94DFD28379C1}.docs|Any CPU.Build.0 = docs|Any CPU
		{485965CD-DA31-4517-86F6-94DFD28379C1}.docs|x64.ActiveCfg = docs|x64
		{485965CD-DA31-4517-86F6-94DFD28379C1}.docs|x64.Build.0 = docs|x64
		{485965CD-DA31-4517-86F6-94DFD28379C1}.docs|x86.ActiveCfg = docs|x86
		{485965CD-DA31-4517-86F6-94DFD28379C1}.docs|x86.Build.0 = docs|x86
		{485965CD-DA31-4517-86F6-94DFD28379C1}.Publish|Any CPU.ActiveCfg = Publish|Any CPU
		{485965CD-DA31-4517-86F6-94DFD28379C1}.Publish|Any CPU.Build.0 = Publish|Any CPU
		{485965CD-DA31-4517-86F6-94DFD28379C1}.Publish|x64.ActiveCfg = Publish|x64
		{485965CD-DA31-4517-86F6-94DFD28379C1}.Publish|x64.Build.0 = Publish|x64
		{485965CD-DA31-4517-86F6-94DFD28379C1}.Publish|x86.ActiveCfg = Publish|x86
		{485965CD-DA31-4517-86F6-94DFD28379C1}.Publish|x86.Build.0 = Publish|x86
		{485965CD-DA31-4517-86F6-94DFD28379C1}.Release|Any CPU.ActiveCfg = Release|Any CPU
		{485965CD-DA31-4517-86F6-94DFD28379C1}.Release|Any CPU.Build.0 = Release|Any CPU
		{485965CD-DA31-4517-86F6-94DFD28379C1}.Release|x64.ActiveCfg = Release|x64
		{485965CD-DA31-4517-86F6-94DFD28379C1}.Release|x64.Build.0 = Release|x64
		{485965CD-DA31-4517-86F6-94DFD28379C1}.Release|x86.ActiveCfg = Release|x86
		{485965CD-DA31-4517-86F6-94DFD28379C1}.Release|x86.Build.0 = Release|x86
		{E3367B88-5D0C-495A-8273-331656D4B5AA}.Debug|Any CPU.ActiveCfg = Debug|Any CPU
		{E3367B88-5D0C-495A-8273-331656D4B5AA}.Debug|Any CPU.Build.0 = Debug|Any CPU
		{E3367B88-5D0C-495A-8273-331656D4B5AA}.Debug|x64.ActiveCfg = Debug|x64
		{E3367B88-5D0C-495A-8273-331656D4B5AA}.Debug|x64.Build.0 = Debug|x64
		{E3367B88-5D0C-495A-8273-331656D4B5AA}.Debug|x86.ActiveCfg = Debug|x86
		{E3367B88-5D0C-495A-8273-331656D4B5AA}.Debug|x86.Build.0 = Debug|x86
		{E3367B88-5D0C-495A-8273-331656D4B5AA}.docs|Any CPU.ActiveCfg = docs|Any CPU
		{E3367B88-5D0C-495A-8273-331656D4B5AA}.docs|Any CPU.Build.0 = docs|Any CPU
		{E3367B88-5D0C-495A-8273-331656D4B5AA}.docs|x64.ActiveCfg = docs|x64
		{E3367B88-5D0C-495A-8273-331656D4B5AA}.docs|x64.Build.0 = docs|x64
		{E3367B88-5D0C-495A-8273-331656D4B5AA}.docs|x86.ActiveCfg = docs|x86
		{E3367B88-5D0C-495A-8273-331656D4B5AA}.docs|x86.Build.0 = docs|x86
		{E3367B88-5D0C-495A-8273-331656D4B5AA}.Publish|Any CPU.ActiveCfg = Publish|Any CPU
		{E3367B88-5D0C-495A-8273-331656D4B5AA}.Publish|Any CPU.Build.0 = Publish|Any CPU
		{E3367B88-5D0C-495A-8273-331656D4B5AA}.Publish|x64.ActiveCfg = Publish|x64
		{E3367B88-5D0C-495A-8273-331656D4B5AA}.Publish|x64.Build.0 = Publish|x64
		{E3367B88-5D0C-495A-8273-331656D4B5AA}.Publish|x86.ActiveCfg = Publish|x86
		{E3367B88-5D0C-495A-8273-331656D4B5AA}.Publish|x86.Build.0 = Publish|x86
		{E3367B88-5D0C-495A-8273-331656D4B5AA}.Release|Any CPU.ActiveCfg = Release|Any CPU
		{E3367B88-5D0C-495A-8273-331656D4B5AA}.Release|Any CPU.Build.0 = Release|Any CPU
		{E3367B88-5D0C-495A-8273-331656D4B5AA}.Release|x64.ActiveCfg = Release|x64
		{E3367B88-5D0C-495A-8273-331656D4B5AA}.Release|x64.Build.0 = Release|x64
		{E3367B88-5D0C-495A-8273-331656D4B5AA}.Release|x86.ActiveCfg = Release|x86
		{E3367B88-5D0C-495A-8273-331656D4B5AA}.Release|x86.Build.0 = Release|x86
		{14E0B048-3A0D-4FD6-AA79-9B815D6F1B30}.Debug|Any CPU.ActiveCfg = Debug|Any CPU
		{14E0B048-3A0D-4FD6-AA79-9B815D6F1B30}.Debug|Any CPU.Build.0 = Debug|Any CPU
		{14E0B048-3A0D-4FD6-AA79-9B815D6F1B30}.Debug|x64.ActiveCfg = Debug|x64
		{14E0B048-3A0D-4FD6-AA79-9B815D6F1B30}.Debug|x64.Build.0 = Debug|x64
		{14E0B048-3A0D-4FD6-AA79-9B815D6F1B30}.Debug|x86.ActiveCfg = Debug|x86
		{14E0B048-3A0D-4FD6-AA79-9B815D6F1B30}.Debug|x86.Build.0 = Debug|x86
		{14E0B048-3A0D-4FD6-AA79-9B815D6F1B30}.docs|Any CPU.ActiveCfg = docs|Any CPU
		{14E0B048-3A0D-4FD6-AA79-9B815D6F1B30}.docs|Any CPU.Build.0 = docs|Any CPU
		{14E0B048-3A0D-4FD6-AA79-9B815D6F1B30}.docs|x64.ActiveCfg = docs|x64
		{14E0B048-3A0D-4FD6-AA79-9B815D6F1B30}.docs|x64.Build.0 = docs|x64
		{14E0B048-3A0D-4FD6-AA79-9B815D6F1B30}.docs|x86.ActiveCfg = docs|x86
		{14E0B048-3A0D-4FD6-AA79-9B815D6F1B30}.docs|x86.Build.0 = docs|x86
		{14E0B048-3A0D-4FD6-AA79-9B815D6F1B30}.Publish|Any CPU.ActiveCfg = Publish|Any CPU
		{14E0B048-3A0D-4FD6-AA79-9B815D6F1B30}.Publish|Any CPU.Build.0 = Publish|Any CPU
		{14E0B048-3A0D-4FD6-AA79-9B815D6F1B30}.Publish|x64.ActiveCfg = Publish|x64
		{14E0B048-3A0D-4FD6-AA79-9B815D6F1B30}.Publish|x64.Build.0 = Publish|x64
		{14E0B048-3A0D-4FD6-AA79-9B815D6F1B30}.Publish|x86.ActiveCfg = Publish|x86
		{14E0B048-3A0D-4FD6-AA79-9B815D6F1B30}.Publish|x86.Build.0 = Publish|x86
		{14E0B048-3A0D-4FD6-AA79-9B815D6F1B30}.Release|Any CPU.ActiveCfg = Release|Any CPU
		{14E0B048-3A0D-4FD6-AA79-9B815D6F1B30}.Release|Any CPU.Build.0 = Release|Any CPU
		{14E0B048-3A0D-4FD6-AA79-9B815D6F1B30}.Release|x64.ActiveCfg = Release|x64
		{14E0B048-3A0D-4FD6-AA79-9B815D6F1B30}.Release|x64.Build.0 = Release|x64
		{14E0B048-3A0D-4FD6-AA79-9B815D6F1B30}.Release|x86.ActiveCfg = Release|x86
		{14E0B048-3A0D-4FD6-AA79-9B815D6F1B30}.Release|x86.Build.0 = Release|x86
		{17F8E821-0A01-4975-9CAA-AC95251226D5}.Debug|Any CPU.ActiveCfg = Debug|Any CPU
		{17F8E821-0A01-4975-9CAA-AC95251226D5}.Debug|Any CPU.Build.0 = Debug|Any CPU
		{17F8E821-0A01-4975-9CAA-AC95251226D5}.Debug|x64.ActiveCfg = Debug|x64
		{17F8E821-0A01-4975-9CAA-AC95251226D5}.Debug|x64.Build.0 = Debug|x64
		{17F8E821-0A01-4975-9CAA-AC95251226D5}.Debug|x86.ActiveCfg = Debug|x86
		{17F8E821-0A01-4975-9CAA-AC95251226D5}.Debug|x86.Build.0 = Debug|x86
		{17F8E821-0A01-4975-9CAA-AC95251226D5}.docs|Any CPU.ActiveCfg = docs|Any CPU
		{17F8E821-0A01-4975-9CAA-AC95251226D5}.docs|Any CPU.Build.0 = docs|Any CPU
		{17F8E821-0A01-4975-9CAA-AC95251226D5}.docs|x64.ActiveCfg = docs|x64
		{17F8E821-0A01-4975-9CAA-AC95251226D5}.docs|x64.Build.0 = docs|x64
		{17F8E821-0A01-4975-9CAA-AC95251226D5}.docs|x86.ActiveCfg = docs|x86
		{17F8E821-0A01-4975-9CAA-AC95251226D5}.docs|x86.Build.0 = docs|x86
		{17F8E821-0A01-4975-9CAA-AC95251226D5}.Publish|Any CPU.ActiveCfg = Publish|Any CPU
		{17F8E821-0A01-4975-9CAA-AC95251226D5}.Publish|Any CPU.Build.0 = Publish|Any CPU
		{17F8E821-0A01-4975-9CAA-AC95251226D5}.Publish|x64.ActiveCfg = Publish|x64
		{17F8E821-0A01-4975-9CAA-AC95251226D5}.Publish|x64.Build.0 = Publish|x64
		{17F8E821-0A01-4975-9CAA-AC95251226D5}.Publish|x86.ActiveCfg = Publish|x86
		{17F8E821-0A01-4975-9CAA-AC95251226D5}.Publish|x86.Build.0 = Publish|x86
		{17F8E821-0A01-4975-9CAA-AC95251226D5}.Release|Any CPU.ActiveCfg = Release|Any CPU
		{17F8E821-0A01-4975-9CAA-AC95251226D5}.Release|Any CPU.Build.0 = Release|Any CPU
		{17F8E821-0A01-4975-9CAA-AC95251226D5}.Release|x64.ActiveCfg = Release|x64
		{17F8E821-0A01-4975-9CAA-AC95251226D5}.Release|x64.Build.0 = Release|x64
		{17F8E821-0A01-4975-9CAA-AC95251226D5}.Release|x86.ActiveCfg = Release|x86
		{17F8E821-0A01-4975-9CAA-AC95251226D5}.Release|x86.Build.0 = Release|x86
		{B21B924A-D67F-4554-8946-A154563394B2}.Debug|Any CPU.ActiveCfg = Debug|Any CPU
		{B21B924A-D67F-4554-8946-A154563394B2}.Debug|Any CPU.Build.0 = Debug|Any CPU
		{B21B924A-D67F-4554-8946-A154563394B2}.Debug|x64.ActiveCfg = Debug|x64
		{B21B924A-D67F-4554-8946-A154563394B2}.Debug|x64.Build.0 = Debug|x64
		{B21B924A-D67F-4554-8946-A154563394B2}.Debug|x86.ActiveCfg = Debug|Any CPU
		{B21B924A-D67F-4554-8946-A154563394B2}.Debug|x86.Build.0 = Debug|Any CPU
		{B21B924A-D67F-4554-8946-A154563394B2}.docs|Any CPU.ActiveCfg = Debug|Any CPU
		{B21B924A-D67F-4554-8946-A154563394B2}.docs|Any CPU.Build.0 = Debug|Any CPU
		{B21B924A-D67F-4554-8946-A154563394B2}.docs|x64.ActiveCfg = Debug|Any CPU
		{B21B924A-D67F-4554-8946-A154563394B2}.docs|x64.Build.0 = Debug|Any CPU
		{B21B924A-D67F-4554-8946-A154563394B2}.docs|x86.ActiveCfg = Debug|Any CPU
		{B21B924A-D67F-4554-8946-A154563394B2}.docs|x86.Build.0 = Debug|Any CPU
		{B21B924A-D67F-4554-8946-A154563394B2}.Publish|Any CPU.ActiveCfg = Release|Any CPU
		{B21B924A-D67F-4554-8946-A154563394B2}.Publish|Any CPU.Build.0 = Release|Any CPU
		{B21B924A-D67F-4554-8946-A154563394B2}.Publish|x64.ActiveCfg = Release|Any CPU
		{B21B924A-D67F-4554-8946-A154563394B2}.Publish|x64.Build.0 = Release|Any CPU
		{B21B924A-D67F-4554-8946-A154563394B2}.Publish|x86.ActiveCfg = Release|Any CPU
		{B21B924A-D67F-4554-8946-A154563394B2}.Publish|x86.Build.0 = Release|Any CPU
		{B21B924A-D67F-4554-8946-A154563394B2}.Release|Any CPU.ActiveCfg = Release|Any CPU
		{B21B924A-D67F-4554-8946-A154563394B2}.Release|Any CPU.Build.0 = Release|Any CPU
		{B21B924A-D67F-4554-8946-A154563394B2}.Release|x64.ActiveCfg = Release|Any CPU
		{B21B924A-D67F-4554-8946-A154563394B2}.Release|x64.Build.0 = Release|Any CPU
		{B21B924A-D67F-4554-8946-A154563394B2}.Release|x86.ActiveCfg = Release|Any CPU
		{B21B924A-D67F-4554-8946-A154563394B2}.Release|x86.Build.0 = Release|Any CPU
		{4B877AB2-E15F-4AA9-B7D6-7C11B2213F10}.Debug|Any CPU.ActiveCfg = Debug|Any CPU
		{4B877AB2-E15F-4AA9-B7D6-7C11B2213F10}.Debug|Any CPU.Build.0 = Debug|Any CPU
		{4B877AB2-E15F-4AA9-B7D6-7C11B2213F10}.Debug|x64.ActiveCfg = Debug|x64
		{4B877AB2-E15F-4AA9-B7D6-7C11B2213F10}.Debug|x64.Build.0 = Debug|x64
		{4B877AB2-E15F-4AA9-B7D6-7C11B2213F10}.Debug|x86.ActiveCfg = Debug|x86
		{4B877AB2-E15F-4AA9-B7D6-7C11B2213F10}.Debug|x86.Build.0 = Debug|x86
		{4B877AB2-E15F-4AA9-B7D6-7C11B2213F10}.docs|Any CPU.ActiveCfg = docs|Any CPU
		{4B877AB2-E15F-4AA9-B7D6-7C11B2213F10}.docs|Any CPU.Build.0 = docs|Any CPU
		{4B877AB2-E15F-4AA9-B7D6-7C11B2213F10}.docs|x64.ActiveCfg = docs|x64
		{4B877AB2-E15F-4AA9-B7D6-7C11B2213F10}.docs|x64.Build.0 = docs|x64
		{4B877AB2-E15F-4AA9-B7D6-7C11B2213F10}.docs|x86.ActiveCfg = docs|x86
		{4B877AB2-E15F-4AA9-B7D6-7C11B2213F10}.docs|x86.Build.0 = docs|x86
		{4B877AB2-E15F-4AA9-B7D6-7C11B2213F10}.Publish|Any CPU.ActiveCfg = Publish|Any CPU
		{4B877AB2-E15F-4AA9-B7D6-7C11B2213F10}.Publish|Any CPU.Build.0 = Publish|Any CPU
		{4B877AB2-E15F-4AA9-B7D6-7C11B2213F10}.Publish|x64.ActiveCfg = Publish|x64
		{4B877AB2-E15F-4AA9-B7D6-7C11B2213F10}.Publish|x64.Build.0 = Publish|x64
		{4B877AB2-E15F-4AA9-B7D6-7C11B2213F10}.Publish|x86.ActiveCfg = Publish|x86
		{4B877AB2-E15F-4AA9-B7D6-7C11B2213F10}.Publish|x86.Build.0 = Publish|x86
		{4B877AB2-E15F-4AA9-B7D6-7C11B2213F10}.Release|Any CPU.ActiveCfg = Release|Any CPU
		{4B877AB2-E15F-4AA9-B7D6-7C11B2213F10}.Release|Any CPU.Build.0 = Release|Any CPU
		{4B877AB2-E15F-4AA9-B7D6-7C11B2213F10}.Release|x64.ActiveCfg = Release|x64
		{4B877AB2-E15F-4AA9-B7D6-7C11B2213F10}.Release|x64.Build.0 = Release|x64
		{4B877AB2-E15F-4AA9-B7D6-7C11B2213F10}.Release|x86.ActiveCfg = Release|x86
		{4B877AB2-E15F-4AA9-B7D6-7C11B2213F10}.Release|x86.Build.0 = Release|x86
		{7283C179-F852-4EAD-8D8F-B82EF2CBD7DB}.Debug|Any CPU.ActiveCfg = Debug|Any CPU
		{7283C179-F852-4EAD-8D8F-B82EF2CBD7DB}.Debug|Any CPU.Build.0 = Debug|Any CPU
		{7283C179-F852-4EAD-8D8F-B82EF2CBD7DB}.Debug|x64.ActiveCfg = Debug|x64
		{7283C179-F852-4EAD-8D8F-B82EF2CBD7DB}.Debug|x64.Build.0 = Debug|x64
		{7283C179-F852-4EAD-8D8F-B82EF2CBD7DB}.Debug|x86.ActiveCfg = Debug|x86
		{7283C179-F852-4EAD-8D8F-B82EF2CBD7DB}.Debug|x86.Build.0 = Debug|x86
		{7283C179-F852-4EAD-8D8F-B82EF2CBD7DB}.docs|Any CPU.ActiveCfg = docs|Any CPU
		{7283C179-F852-4EAD-8D8F-B82EF2CBD7DB}.docs|Any CPU.Build.0 = docs|Any CPU
		{7283C179-F852-4EAD-8D8F-B82EF2CBD7DB}.docs|x64.ActiveCfg = docs|x64
		{7283C179-F852-4EAD-8D8F-B82EF2CBD7DB}.docs|x64.Build.0 = docs|x64
		{7283C179-F852-4EAD-8D8F-B82EF2CBD7DB}.docs|x86.ActiveCfg = docs|x86
		{7283C179-F852-4EAD-8D8F-B82EF2CBD7DB}.docs|x86.Build.0 = docs|x86
		{7283C179-F852-4EAD-8D8F-B82EF2CBD7DB}.Publish|Any CPU.ActiveCfg = Publish|Any CPU
		{7283C179-F852-4EAD-8D8F-B82EF2CBD7DB}.Publish|Any CPU.Build.0 = Publish|Any CPU
		{7283C179-F852-4EAD-8D8F-B82EF2CBD7DB}.Publish|x64.ActiveCfg = Publish|x64
		{7283C179-F852-4EAD-8D8F-B82EF2CBD7DB}.Publish|x64.Build.0 = Publish|x64
		{7283C179-F852-4EAD-8D8F-B82EF2CBD7DB}.Publish|x86.ActiveCfg = Publish|x86
		{7283C179-F852-4EAD-8D8F-B82EF2CBD7DB}.Publish|x86.Build.0 = Publish|x86
		{7283C179-F852-4EAD-8D8F-B82EF2CBD7DB}.Release|Any CPU.ActiveCfg = Release|Any CPU
		{7283C179-F852-4EAD-8D8F-B82EF2CBD7DB}.Release|Any CPU.Build.0 = Release|Any CPU
		{7283C179-F852-4EAD-8D8F-B82EF2CBD7DB}.Release|x64.ActiveCfg = Release|x64
		{7283C179-F852-4EAD-8D8F-B82EF2CBD7DB}.Release|x64.Build.0 = Release|x64
		{7283C179-F852-4EAD-8D8F-B82EF2CBD7DB}.Release|x86.ActiveCfg = Release|x86
		{7283C179-F852-4EAD-8D8F-B82EF2CBD7DB}.Release|x86.Build.0 = Release|x86
		{2DD4BE80-DDC3-4767-94A7-10F1C3395716}.Debug|Any CPU.ActiveCfg = Debug|Any CPU
		{2DD4BE80-DDC3-4767-94A7-10F1C3395716}.Debug|Any CPU.Build.0 = Debug|Any CPU
		{2DD4BE80-DDC3-4767-94A7-10F1C3395716}.Debug|x64.ActiveCfg = Debug|x64
		{2DD4BE80-DDC3-4767-94A7-10F1C3395716}.Debug|x64.Build.0 = Debug|x64
		{2DD4BE80-DDC3-4767-94A7-10F1C3395716}.Debug|x86.ActiveCfg = Debug|x86
		{2DD4BE80-DDC3-4767-94A7-10F1C3395716}.Debug|x86.Build.0 = Debug|x86
		{2DD4BE80-DDC3-4767-94A7-10F1C3395716}.docs|Any CPU.ActiveCfg = docs|Any CPU
		{2DD4BE80-DDC3-4767-94A7-10F1C3395716}.docs|Any CPU.Build.0 = docs|Any CPU
		{2DD4BE80-DDC3-4767-94A7-10F1C3395716}.docs|x64.ActiveCfg = docs|x64
		{2DD4BE80-DDC3-4767-94A7-10F1C3395716}.docs|x64.Build.0 = docs|x64
		{2DD4BE80-DDC3-4767-94A7-10F1C3395716}.docs|x86.ActiveCfg = docs|x86
		{2DD4BE80-DDC3-4767-94A7-10F1C3395716}.docs|x86.Build.0 = docs|x86
		{2DD4BE80-DDC3-4767-94A7-10F1C3395716}.Publish|Any CPU.ActiveCfg = Publish|Any CPU
		{2DD4BE80-DDC3-4767-94A7-10F1C3395716}.Publish|Any CPU.Build.0 = Publish|Any CPU
		{2DD4BE80-DDC3-4767-94A7-10F1C3395716}.Publish|x64.ActiveCfg = Publish|x64
		{2DD4BE80-DDC3-4767-94A7-10F1C3395716}.Publish|x64.Build.0 = Publish|x64
		{2DD4BE80-DDC3-4767-94A7-10F1C3395716}.Publish|x86.ActiveCfg = Publish|x86
		{2DD4BE80-DDC3-4767-94A7-10F1C3395716}.Publish|x86.Build.0 = Publish|x86
		{2DD4BE80-DDC3-4767-94A7-10F1C3395716}.Release|Any CPU.ActiveCfg = Release|Any CPU
		{2DD4BE80-DDC3-4767-94A7-10F1C3395716}.Release|Any CPU.Build.0 = Release|Any CPU
		{2DD4BE80-DDC3-4767-94A7-10F1C3395716}.Release|x64.ActiveCfg = Release|x64
		{2DD4BE80-DDC3-4767-94A7-10F1C3395716}.Release|x64.Build.0 = Release|x64
		{2DD4BE80-DDC3-4767-94A7-10F1C3395716}.Release|x86.ActiveCfg = Release|x86
		{2DD4BE80-DDC3-4767-94A7-10F1C3395716}.Release|x86.Build.0 = Release|x86
		{85E71B4B-9276-4EC8-AADC-C849205F1EA8}.Debug|Any CPU.ActiveCfg = Debug|Any CPU
		{85E71B4B-9276-4EC8-AADC-C849205F1EA8}.Debug|Any CPU.Build.0 = Debug|Any CPU
		{85E71B4B-9276-4EC8-AADC-C849205F1EA8}.Debug|x64.ActiveCfg = Debug|x64
		{85E71B4B-9276-4EC8-AADC-C849205F1EA8}.Debug|x64.Build.0 = Debug|x64
		{85E71B4B-9276-4EC8-AADC-C849205F1EA8}.Debug|x86.ActiveCfg = Debug|x86
		{85E71B4B-9276-4EC8-AADC-C849205F1EA8}.Debug|x86.Build.0 = Debug|x86
		{85E71B4B-9276-4EC8-AADC-C849205F1EA8}.docs|Any CPU.ActiveCfg = docs|Any CPU
		{85E71B4B-9276-4EC8-AADC-C849205F1EA8}.docs|Any CPU.Build.0 = docs|Any CPU
		{85E71B4B-9276-4EC8-AADC-C849205F1EA8}.docs|x64.ActiveCfg = docs|x64
		{85E71B4B-9276-4EC8-AADC-C849205F1EA8}.docs|x64.Build.0 = docs|x64
		{85E71B4B-9276-4EC8-AADC-C849205F1EA8}.docs|x86.ActiveCfg = docs|x86
		{85E71B4B-9276-4EC8-AADC-C849205F1EA8}.docs|x86.Build.0 = docs|x86
		{85E71B4B-9276-4EC8-AADC-C849205F1EA8}.Publish|Any CPU.ActiveCfg = Publish|Any CPU
		{85E71B4B-9276-4EC8-AADC-C849205F1EA8}.Publish|Any CPU.Build.0 = Publish|Any CPU
		{85E71B4B-9276-4EC8-AADC-C849205F1EA8}.Publish|x64.ActiveCfg = Publish|x64
		{85E71B4B-9276-4EC8-AADC-C849205F1EA8}.Publish|x64.Build.0 = Publish|x64
		{85E71B4B-9276-4EC8-AADC-C849205F1EA8}.Publish|x86.ActiveCfg = Publish|x86
		{85E71B4B-9276-4EC8-AADC-C849205F1EA8}.Publish|x86.Build.0 = Publish|x86
		{85E71B4B-9276-4EC8-AADC-C849205F1EA8}.Release|Any CPU.ActiveCfg = Release|Any CPU
		{85E71B4B-9276-4EC8-AADC-C849205F1EA8}.Release|Any CPU.Build.0 = Release|Any CPU
		{85E71B4B-9276-4EC8-AADC-C849205F1EA8}.Release|x64.ActiveCfg = Release|x64
		{85E71B4B-9276-4EC8-AADC-C849205F1EA8}.Release|x64.Build.0 = Release|x64
		{85E71B4B-9276-4EC8-AADC-C849205F1EA8}.Release|x86.ActiveCfg = Release|x86
		{85E71B4B-9276-4EC8-AADC-C849205F1EA8}.Release|x86.Build.0 = Release|x86
	EndGlobalSection
	GlobalSection(SolutionProperties) = preSolution
		HideSolutionNode = FALSE
	EndGlobalSection
	GlobalSection(NestedProjects) = preSolution
		{FECCE1FD-E1D4-49E3-A668-60BB5E7AED99} = {C16C3D8D-46F9-4F7B-ADCA-80815FF5873E}
		{21C35138-455B-4833-9756-B2629F972A22} = {19ADDF1A-0B76-4850-A9DC-74A84F8F78C5}
		{AB6E71B0-1BE2-4418-AB4B-91D5554CF5A1} = {19ADDF1A-0B76-4850-A9DC-74A84F8F78C5}
		{485965CD-DA31-4517-86F6-94DFD28379C1} = {19ADDF1A-0B76-4850-A9DC-74A84F8F78C5}
		{E3367B88-5D0C-495A-8273-331656D4B5AA} = {C16C3D8D-46F9-4F7B-ADCA-80815FF5873E}
		{14E0B048-3A0D-4FD6-AA79-9B815D6F1B30} = {C16C3D8D-46F9-4F7B-ADCA-80815FF5873E}
		{17F8E821-0A01-4975-9CAA-AC95251226D5} = {C16C3D8D-46F9-4F7B-ADCA-80815FF5873E}
		{B21B924A-D67F-4554-8946-A154563394B2} = {C16C3D8D-46F9-4F7B-ADCA-80815FF5873E}
		{4B877AB2-E15F-4AA9-B7D6-7C11B2213F10} = {C16C3D8D-46F9-4F7B-ADCA-80815FF5873E}
		{7283C179-F852-4EAD-8D8F-B82EF2CBD7DB} = {C16C3D8D-46F9-4F7B-ADCA-80815FF5873E}
		{2DD4BE80-DDC3-4767-94A7-10F1C3395716} = {C16C3D8D-46F9-4F7B-ADCA-80815FF5873E}
		{85E71B4B-9276-4EC8-AADC-C849205F1EA8} = {C16C3D8D-46F9-4F7B-ADCA-80815FF5873E}
	EndGlobalSection
EndGlobal
